// !$*UTF8*$!
{
	archiveVersion = 1;
	classes = {
	};
	objectVersion = 51;
	objects = {

/* Begin PBXBuildFile section */
		32A86D482505D1D8001B0D95 /* AppDelegate.m in Sources */ = {isa = PBXBuildFile; fileRef = 32A86D472505D1D8001B0D95 /* AppDelegate.m */; };
		32A86D4B2505D1D8001B0D95 /* SceneDelegate.m in Sources */ = {isa = PBXBuildFile; fileRef = 32A86D4A2505D1D8001B0D95 /* SceneDelegate.m */; };
		32A86D4E2505D1D8001B0D95 /* ViewController.m in Sources */ = {isa = PBXBuildFile; fileRef = 32A86D4D2505D1D8001B0D95 /* ViewController.m */; };
		32A86D512505D1D8001B0D95 /* Main.storyboard in Resources */ = {isa = PBXBuildFile; fileRef = 32A86D4F2505D1D8001B0D95 /* Main.storyboard */; };
		32A86D532505D1DA001B0D95 /* Assets.xcassets in Resources */ = {isa = PBXBuildFile; fileRef = 32A86D522505D1DA001B0D95 /* Assets.xcassets */; };
		32A86D562505D1DA001B0D95 /* LaunchScreen.storyboard in Resources */ = {isa = PBXBuildFile; fileRef = 32A86D542505D1DA001B0D95 /* LaunchScreen.storyboard */; };
		32A86D592505D1DA001B0D95 /* main.m in Sources */ = {isa = PBXBuildFile; fileRef = 32A86D582505D1DA001B0D95 /* main.m */; };
		32A86E2925062501001B0D95 /* DemoListViewController.m in Sources */ = {isa = PBXBuildFile; fileRef = 32A86DC02505E183001B0D95 /* DemoListViewController.m */; };
		32A86E2A25062501001B0D95 /* DemoCompositeListViewController.m in Sources */ = {isa = PBXBuildFile; fileRef = 32A86DC22505E183001B0D95 /* DemoCompositeListViewController.m */; };
		32A86E2B25062501001B0D95 /* DemoContentCCell.m in Sources */ = {isa = PBXBuildFile; fileRef = 32A86DC42505E183001B0D95 /* DemoContentCCell.m */; };
		32A86E2C25062501001B0D95 /* DemoVideoModule.m in Sources */ = {isa = PBXBuildFile; fileRef = 32A86DC72505E183001B0D95 /* DemoVideoModule.m */; };
		32A86E2D25062501001B0D95 /* DemoVideoComponent.m in Sources */ = {isa = PBXBuildFile; fileRef = 32A86DC92505E183001B0D95 /* DemoVideoComponent.m */; };
		32A86E2E25062501001B0D95 /* DemoVideoCCell.m in Sources */ = {isa = PBXBuildFile; fileRef = 32A86DCB2505E183001B0D95 /* DemoVideoCCell.m */; };
		32A86E2F25062501001B0D95 /* DemoSearchModule.m in Sources */ = {isa = PBXBuildFile; fileRef = 32A86DCE2505E183001B0D95 /* DemoSearchModule.m */; };
		32A86E3025062501001B0D95 /* DemoSearchComponent.m in Sources */ = {isa = PBXBuildFile; fileRef = 32A86DD02505E183001B0D95 /* DemoSearchComponent.m */; };
		32A86E3125062501001B0D95 /* DemoSearchCCell.m in Sources */ = {isa = PBXBuildFile; fileRef = 32A86DD22505E183001B0D95 /* DemoSearchCCell.m */; };
		32A86E3225062501001B0D95 /* DemoLivingModule.m in Sources */ = {isa = PBXBuildFile; fileRef = 32A86DD52505E183001B0D95 /* DemoLivingModule.m */; };
		32A86E3325062501001B0D95 /* DemoShoppingModule.m in Sources */ = {isa = PBXBuildFile; fileRef = 32A86DD82505E183001B0D95 /* DemoShoppingModule.m */; };
		32A86E3425062501001B0D95 /* DemoShoppingComponent.m in Sources */ = {isa = PBXBuildFile; fileRef = 32A86DDA2505E183001B0D95 /* DemoShoppingComponent.m */; };
		32A86E3525062501001B0D95 /* DemoHuabanModule.m in Sources */ = {isa = PBXBuildFile; fileRef = 32A86DDD2505E183001B0D95 /* DemoHuabanModule.m */; };
		32A86E3625062501001B0D95 /* DemoMusicModule.m in Sources */ = {isa = PBXBuildFile; fileRef = 32A86DE02505E183001B0D95 /* DemoMusicModule.m */; };
		32A86E3725062501001B0D95 /* DemoMusicComponent.m in Sources */ = {isa = PBXBuildFile; fileRef = 32A86DE22505E183001B0D95 /* DemoMusicComponent.m */; };
		32A86E3825062501001B0D95 /* DemoMusicCCell.m in Sources */ = {isa = PBXBuildFile; fileRef = 32A86DE42505E183001B0D95 /* DemoMusicCCell.m */; };
		32A86E3925062501001B0D95 /* DemoMineModule.m in Sources */ = {isa = PBXBuildFile; fileRef = 32A86DE72505E183001B0D95 /* DemoMineModule.m */; };
		32A86E3A25062501001B0D95 /* DemoMineComponent.m in Sources */ = {isa = PBXBuildFile; fileRef = 32A86DE92505E183001B0D95 /* DemoMineComponent.m */; };
		32A86E3B25062501001B0D95 /* DemoMineCCell.m in Sources */ = {isa = PBXBuildFile; fileRef = 32A86DEB2505E183001B0D95 /* DemoMineCCell.m */; };
		32A86E3C25062501001B0D95 /* DemoResumeModule.m in Sources */ = {isa = PBXBuildFile; fileRef = 32A86DEE2505E183001B0D95 /* DemoResumeModule.m */; };
		32A86E3D25062501001B0D95 /* EaseRefreshProxy.m in Sources */ = {isa = PBXBuildFile; fileRef = 32A86DB02505E181001B0D95 /* EaseRefreshProxy.m */; };
		32A86E3E25062501001B0D95 /* EaseAlertController.m in Sources */ = {isa = PBXBuildFile; fileRef = 32A86DB22505E181001B0D95 /* EaseAlertController.m */; };
		32A86E3F25062501001B0D95 /* NSObject+EaseRuntime.m in Sources */ = {isa = PBXBuildFile; fileRef = 32A86DB42505E181001B0D95 /* NSObject+EaseRuntime.m */; };
		32A86E4025062501001B0D95 /* UIColor+Common.m in Sources */ = {isa = PBXBuildFile; fileRef = 32A86DB62505E181001B0D95 /* UIColor+Common.m */; };
		32A86E4125062501001B0D95 /* UIImage+Common.m in Sources */ = {isa = PBXBuildFile; fileRef = 32A86DB82505E181001B0D95 /* UIImage+Common.m */; };
		32A86E4225062501001B0D95 /* NSArray+Sugar.m in Sources */ = {isa = PBXBuildFile; fileRef = 32A86DBA2505E181001B0D95 /* NSArray+Sugar.m */; };
		32A86E4325062501001B0D95 /* NSString+Common.m in Sources */ = {isa = PBXBuildFile; fileRef = 32A86DBC2505E181001B0D95 /* NSString+Common.m */; };
		32A86E4425062501001B0D95 /* TAAbstractDotView.m in Sources */ = {isa = PBXBuildFile; fileRef = 32A86DA02505E179001B0D95 /* TAAbstractDotView.m */; };
		32A86E4525062501001B0D95 /* TAAnimatedDotView.m in Sources */ = {isa = PBXBuildFile; fileRef = 32A86DA22505E179001B0D95 /* TAAnimatedDotView.m */; };
		32A86E4625062501001B0D95 /* TADotView.m in Sources */ = {isa = PBXBuildFile; fileRef = 32A86DA42505E179001B0D95 /* TADotView.m */; };
		32A86E4725062501001B0D95 /* TAPageControl.m in Sources */ = {isa = PBXBuildFile; fileRef = 32A86DA62505E179001B0D95 /* TAPageControl.m */; };
		32A86E4825062501001B0D95 /* SDCollectionViewCell.m in Sources */ = {isa = PBXBuildFile; fileRef = 32A86DA92505E179001B0D95 /* SDCollectionViewCell.m */; };
		32A86E4925062501001B0D95 /* SDCycleScrollView.m in Sources */ = {isa = PBXBuildFile; fileRef = 32A86DAB2505E179001B0D95 /* SDCycleScrollView.m */; };
		32A86E4A25062501001B0D95 /* UIView+SDExtension.m in Sources */ = {isa = PBXBuildFile; fileRef = 32A86DAD2505E179001B0D95 /* UIView+SDExtension.m */; };
		32A86E4C2506267C001B0D95 /* huaban.json in Resources */ = {isa = PBXBuildFile; fileRef = 32A86E272506216D001B0D95 /* huaban.json */; };
		32A86E4D2506267F001B0D95 /* music.json in Resources */ = {isa = PBXBuildFile; fileRef = 32A86E282506216E001B0D95 /* music.json */; };
		32A86E8D25062813001B0D95 /* QLLiveModuler.framework in Embed Frameworks */ = {isa = PBXBuildFile; fileRef = 32A86D662505D34D001B0D95 /* QLLiveModuler.framework */; settings = {ATTRIBUTES = (CodeSignOnCopy, RemoveHeadersOnCopy, ); }; };
		918F725ACF12C3015F24F2CF /* Pods_Example_OC.framework in Frameworks */ = {isa = PBXBuildFile; fileRef = 5809175FB118121975F7F617 /* Pods_Example_OC.framework */; };
/* End PBXBuildFile section */

/* Begin PBXCopyFilesBuildPhase section */
		32A86D692505D34D001B0D95 /* Embed Frameworks */ = {
			isa = PBXCopyFilesBuildPhase;
			buildActionMask = 2147483647;
			dstPath = "";
			dstSubfolderSpec = 10;
			files = (
				32A86E8D25062813001B0D95 /* QLLiveModuler.framework in Embed Frameworks */,
			);
			name = "Embed Frameworks";
			runOnlyForDeploymentPostprocessing = 0;
		};
/* End PBXCopyFilesBuildPhase section */

/* Begin PBXFileReference section */
		32A86D432505D1D8001B0D95 /* Example-OC.app */ = {isa = PBXFileReference; explicitFileType = wrapper.application; includeInIndex = 0; path = "Example-OC.app"; sourceTree = BUILT_PRODUCTS_DIR; };
		32A86D462505D1D8001B0D95 /* AppDelegate.h */ = {isa = PBXFileReference; lastKnownFileType = sourcecode.c.h; path = AppDelegate.h; sourceTree = "<group>"; };
		32A86D472505D1D8001B0D95 /* AppDelegate.m */ = {isa = PBXFileReference; lastKnownFileType = sourcecode.c.objc; path = AppDelegate.m; sourceTree = "<group>"; };
		32A86D492505D1D8001B0D95 /* SceneDelegate.h */ = {isa = PBXFileReference; lastKnownFileType = sourcecode.c.h; path = SceneDelegate.h; sourceTree = "<group>"; };
		32A86D4A2505D1D8001B0D95 /* SceneDelegate.m */ = {isa = PBXFileReference; lastKnownFileType = sourcecode.c.objc; path = SceneDelegate.m; sourceTree = "<group>"; };
		32A86D4C2505D1D8001B0D95 /* ViewController.h */ = {isa = PBXFileReference; lastKnownFileType = sourcecode.c.h; path = ViewController.h; sourceTree = "<group>"; };
		32A86D4D2505D1D8001B0D95 /* ViewController.m */ = {isa = PBXFileReference; lastKnownFileType = sourcecode.c.objc; path = ViewController.m; sourceTree = "<group>"; };
		32A86D502505D1D8001B0D95 /* Base */ = {isa = PBXFileReference; lastKnownFileType = file.storyboard; name = Base; path = Base.lproj/Main.storyboard; sourceTree = "<group>"; };
		32A86D522505D1DA001B0D95 /* Assets.xcassets */ = {isa = PBXFileReference; lastKnownFileType = folder.assetcatalog; path = Assets.xcassets; sourceTree = "<group>"; };
		32A86D552505D1DA001B0D95 /* Base */ = {isa = PBXFileReference; lastKnownFileType = file.storyboard; name = Base; path = Base.lproj/LaunchScreen.storyboard; sourceTree = "<group>"; };
		32A86D572505D1DA001B0D95 /* Info.plist */ = {isa = PBXFileReference; lastKnownFileType = text.plist.xml; path = Info.plist; sourceTree = "<group>"; };
		32A86D582505D1DA001B0D95 /* main.m */ = {isa = PBXFileReference; lastKnownFileType = sourcecode.c.objc; path = main.m; sourceTree = "<group>"; };
		32A86D662505D34D001B0D95 /* QLLiveModuler.framework */ = {isa = PBXFileReference; explicitFileType = wrapper.framework; path = QLLiveModuler.framework; sourceTree = BUILT_PRODUCTS_DIR; };
		32A86D9F2505E179001B0D95 /* TAAbstractDotView.h */ = {isa = PBXFileReference; fileEncoding = 4; lastKnownFileType = sourcecode.c.h; path = TAAbstractDotView.h; sourceTree = "<group>"; };
		32A86DA02505E179001B0D95 /* TAAbstractDotView.m */ = {isa = PBXFileReference; fileEncoding = 4; lastKnownFileType = sourcecode.c.objc; path = TAAbstractDotView.m; sourceTree = "<group>"; };
		32A86DA12505E179001B0D95 /* TAAnimatedDotView.h */ = {isa = PBXFileReference; fileEncoding = 4; lastKnownFileType = sourcecode.c.h; path = TAAnimatedDotView.h; sourceTree = "<group>"; };
		32A86DA22505E179001B0D95 /* TAAnimatedDotView.m */ = {isa = PBXFileReference; fileEncoding = 4; lastKnownFileType = sourcecode.c.objc; path = TAAnimatedDotView.m; sourceTree = "<group>"; };
		32A86DA32505E179001B0D95 /* TADotView.h */ = {isa = PBXFileReference; fileEncoding = 4; lastKnownFileType = sourcecode.c.h; path = TADotView.h; sourceTree = "<group>"; };
		32A86DA42505E179001B0D95 /* TADotView.m */ = {isa = PBXFileReference; fileEncoding = 4; lastKnownFileType = sourcecode.c.objc; path = TADotView.m; sourceTree = "<group>"; };
		32A86DA52505E179001B0D95 /* TAPageControl.h */ = {isa = PBXFileReference; fileEncoding = 4; lastKnownFileType = sourcecode.c.h; path = TAPageControl.h; sourceTree = "<group>"; };
		32A86DA62505E179001B0D95 /* TAPageControl.m */ = {isa = PBXFileReference; fileEncoding = 4; lastKnownFileType = sourcecode.c.objc; path = TAPageControl.m; sourceTree = "<group>"; };
		32A86DA82505E179001B0D95 /* SDCollectionViewCell.h */ = {isa = PBXFileReference; fileEncoding = 4; lastKnownFileType = sourcecode.c.h; path = SDCollectionViewCell.h; sourceTree = "<group>"; };
		32A86DA92505E179001B0D95 /* SDCollectionViewCell.m */ = {isa = PBXFileReference; fileEncoding = 4; lastKnownFileType = sourcecode.c.objc; path = SDCollectionViewCell.m; sourceTree = "<group>"; };
		32A86DAA2505E179001B0D95 /* SDCycleScrollView.h */ = {isa = PBXFileReference; fileEncoding = 4; lastKnownFileType = sourcecode.c.h; path = SDCycleScrollView.h; sourceTree = "<group>"; };
		32A86DAB2505E179001B0D95 /* SDCycleScrollView.m */ = {isa = PBXFileReference; fileEncoding = 4; lastKnownFileType = sourcecode.c.objc; path = SDCycleScrollView.m; sourceTree = "<group>"; };
		32A86DAC2505E179001B0D95 /* UIView+SDExtension.h */ = {isa = PBXFileReference; fileEncoding = 4; lastKnownFileType = sourcecode.c.h; path = "UIView+SDExtension.h"; sourceTree = "<group>"; };
		32A86DAD2505E179001B0D95 /* UIView+SDExtension.m */ = {isa = PBXFileReference; fileEncoding = 4; lastKnownFileType = sourcecode.c.objc; path = "UIView+SDExtension.m"; sourceTree = "<group>"; };
		32A86DAF2505E181001B0D95 /* EaseRefreshProxy.h */ = {isa = PBXFileReference; fileEncoding = 4; lastKnownFileType = sourcecode.c.h; path = EaseRefreshProxy.h; sourceTree = "<group>"; };
		32A86DB02505E181001B0D95 /* EaseRefreshProxy.m */ = {isa = PBXFileReference; fileEncoding = 4; lastKnownFileType = sourcecode.c.objc; path = EaseRefreshProxy.m; sourceTree = "<group>"; };
		32A86DB12505E181001B0D95 /* EaseAlertController.h */ = {isa = PBXFileReference; fileEncoding = 4; lastKnownFileType = sourcecode.c.h; path = EaseAlertController.h; sourceTree = "<group>"; };
		32A86DB22505E181001B0D95 /* EaseAlertController.m */ = {isa = PBXFileReference; fileEncoding = 4; lastKnownFileType = sourcecode.c.objc; path = EaseAlertController.m; sourceTree = "<group>"; };
		32A86DB32505E181001B0D95 /* NSObject+EaseRuntime.h */ = {isa = PBXFileReference; fileEncoding = 4; lastKnownFileType = sourcecode.c.h; path = "NSObject+EaseRuntime.h"; sourceTree = "<group>"; };
		32A86DB42505E181001B0D95 /* NSObject+EaseRuntime.m */ = {isa = PBXFileReference; fileEncoding = 4; lastKnownFileType = sourcecode.c.objc; path = "NSObject+EaseRuntime.m"; sourceTree = "<group>"; };
		32A86DB52505E181001B0D95 /* UIColor+Common.h */ = {isa = PBXFileReference; fileEncoding = 4; lastKnownFileType = sourcecode.c.h; path = "UIColor+Common.h"; sourceTree = "<group>"; };
		32A86DB62505E181001B0D95 /* UIColor+Common.m */ = {isa = PBXFileReference; fileEncoding = 4; lastKnownFileType = sourcecode.c.objc; path = "UIColor+Common.m"; sourceTree = "<group>"; };
		32A86DB72505E181001B0D95 /* UIImage+Common.h */ = {isa = PBXFileReference; lastKnownFileType = sourcecode.c.h; path = "UIImage+Common.h"; sourceTree = "<group>"; };
		32A86DB82505E181001B0D95 /* UIImage+Common.m */ = {isa = PBXFileReference; lastKnownFileType = sourcecode.c.objc; path = "UIImage+Common.m"; sourceTree = "<group>"; };
		32A86DB92505E181001B0D95 /* NSArray+Sugar.h */ = {isa = PBXFileReference; fileEncoding = 4; lastKnownFileType = sourcecode.c.h; path = "NSArray+Sugar.h"; sourceTree = "<group>"; };
		32A86DBA2505E181001B0D95 /* NSArray+Sugar.m */ = {isa = PBXFileReference; fileEncoding = 4; lastKnownFileType = sourcecode.c.objc; path = "NSArray+Sugar.m"; sourceTree = "<group>"; };
		32A86DBB2505E181001B0D95 /* NSString+Common.h */ = {isa = PBXFileReference; lastKnownFileType = sourcecode.c.h; path = "NSString+Common.h"; sourceTree = "<group>"; };
		32A86DBC2505E181001B0D95 /* NSString+Common.m */ = {isa = PBXFileReference; lastKnownFileType = sourcecode.c.objc; path = "NSString+Common.m"; sourceTree = "<group>"; };
		32A86DBF2505E183001B0D95 /* DemoListViewController.h */ = {isa = PBXFileReference; lastKnownFileType = sourcecode.c.h; path = DemoListViewController.h; sourceTree = "<group>"; };
		32A86DC02505E183001B0D95 /* DemoListViewController.m */ = {isa = PBXFileReference; lastKnownFileType = sourcecode.c.objc; path = DemoListViewController.m; sourceTree = "<group>"; };
		32A86DC12505E183001B0D95 /* DemoCompositeListViewController.h */ = {isa = PBXFileReference; lastKnownFileType = sourcecode.c.h; path = DemoCompositeListViewController.h; sourceTree = "<group>"; };
		32A86DC22505E183001B0D95 /* DemoCompositeListViewController.m */ = {isa = PBXFileReference; lastKnownFileType = sourcecode.c.objc; path = DemoCompositeListViewController.m; sourceTree = "<group>"; };
		32A86DC32505E183001B0D95 /* DemoContentCCell.h */ = {isa = PBXFileReference; lastKnownFileType = sourcecode.c.h; path = DemoContentCCell.h; sourceTree = "<group>"; };
		32A86DC42505E183001B0D95 /* DemoContentCCell.m */ = {isa = PBXFileReference; lastKnownFileType = sourcecode.c.objc; path = DemoContentCCell.m; sourceTree = "<group>"; };
		32A86DC62505E183001B0D95 /* DemoVideoModule.h */ = {isa = PBXFileReference; lastKnownFileType = sourcecode.c.h; path = DemoVideoModule.h; sourceTree = "<group>"; };
		32A86DC72505E183001B0D95 /* DemoVideoModule.m */ = {isa = PBXFileReference; lastKnownFileType = sourcecode.c.objc; path = DemoVideoModule.m; sourceTree = "<group>"; };
		32A86DC82505E183001B0D95 /* DemoVideoComponent.h */ = {isa = PBXFileReference; lastKnownFileType = sourcecode.c.h; path = DemoVideoComponent.h; sourceTree = "<group>"; };
		32A86DC92505E183001B0D95 /* DemoVideoComponent.m */ = {isa = PBXFileReference; lastKnownFileType = sourcecode.c.objc; path = DemoVideoComponent.m; sourceTree = "<group>"; };
		32A86DCA2505E183001B0D95 /* DemoVideoCCell.h */ = {isa = PBXFileReference; lastKnownFileType = sourcecode.c.h; path = DemoVideoCCell.h; sourceTree = "<group>"; };
		32A86DCB2505E183001B0D95 /* DemoVideoCCell.m */ = {isa = PBXFileReference; lastKnownFileType = sourcecode.c.objc; path = DemoVideoCCell.m; sourceTree = "<group>"; };
		32A86DCD2505E183001B0D95 /* DemoSearchModule.h */ = {isa = PBXFileReference; lastKnownFileType = sourcecode.c.h; path = DemoSearchModule.h; sourceTree = "<group>"; };
		32A86DCE2505E183001B0D95 /* DemoSearchModule.m */ = {isa = PBXFileReference; lastKnownFileType = sourcecode.c.objc; path = DemoSearchModule.m; sourceTree = "<group>"; };
		32A86DCF2505E183001B0D95 /* DemoSearchComponent.h */ = {isa = PBXFileReference; lastKnownFileType = sourcecode.c.h; path = DemoSearchComponent.h; sourceTree = "<group>"; };
		32A86DD02505E183001B0D95 /* DemoSearchComponent.m */ = {isa = PBXFileReference; lastKnownFileType = sourcecode.c.objc; path = DemoSearchComponent.m; sourceTree = "<group>"; };
		32A86DD12505E183001B0D95 /* DemoSearchCCell.h */ = {isa = PBXFileReference; lastKnownFileType = sourcecode.c.h; path = DemoSearchCCell.h; sourceTree = "<group>"; };
		32A86DD22505E183001B0D95 /* DemoSearchCCell.m */ = {isa = PBXFileReference; lastKnownFileType = sourcecode.c.objc; path = DemoSearchCCell.m; sourceTree = "<group>"; };
		32A86DD42505E183001B0D95 /* DemoLivingModule.h */ = {isa = PBXFileReference; lastKnownFileType = sourcecode.c.h; path = DemoLivingModule.h; sourceTree = "<group>"; };
		32A86DD52505E183001B0D95 /* DemoLivingModule.m */ = {isa = PBXFileReference; lastKnownFileType = sourcecode.c.objc; path = DemoLivingModule.m; sourceTree = "<group>"; };
		32A86DD72505E183001B0D95 /* DemoShoppingModule.h */ = {isa = PBXFileReference; lastKnownFileType = sourcecode.c.h; path = DemoShoppingModule.h; sourceTree = "<group>"; };
		32A86DD82505E183001B0D95 /* DemoShoppingModule.m */ = {isa = PBXFileReference; lastKnownFileType = sourcecode.c.objc; path = DemoShoppingModule.m; sourceTree = "<group>"; };
		32A86DD92505E183001B0D95 /* DemoShoppingComponent.h */ = {isa = PBXFileReference; lastKnownFileType = sourcecode.c.h; path = DemoShoppingComponent.h; sourceTree = "<group>"; };
		32A86DDA2505E183001B0D95 /* DemoShoppingComponent.m */ = {isa = PBXFileReference; lastKnownFileType = sourcecode.c.objc; path = DemoShoppingComponent.m; sourceTree = "<group>"; };
		32A86DDC2505E183001B0D95 /* DemoHuabanModule.h */ = {isa = PBXFileReference; lastKnownFileType = sourcecode.c.h; path = DemoHuabanModule.h; sourceTree = "<group>"; };
		32A86DDD2505E183001B0D95 /* DemoHuabanModule.m */ = {isa = PBXFileReference; lastKnownFileType = sourcecode.c.objc; path = DemoHuabanModule.m; sourceTree = "<group>"; };
		32A86DDF2505E183001B0D95 /* DemoMusicModule.h */ = {isa = PBXFileReference; lastKnownFileType = sourcecode.c.h; path = DemoMusicModule.h; sourceTree = "<group>"; };
		32A86DE02505E183001B0D95 /* DemoMusicModule.m */ = {isa = PBXFileReference; lastKnownFileType = sourcecode.c.objc; path = DemoMusicModule.m; sourceTree = "<group>"; };
		32A86DE12505E183001B0D95 /* DemoMusicComponent.h */ = {isa = PBXFileReference; lastKnownFileType = sourcecode.c.h; path = DemoMusicComponent.h; sourceTree = "<group>"; };
		32A86DE22505E183001B0D95 /* DemoMusicComponent.m */ = {isa = PBXFileReference; lastKnownFileType = sourcecode.c.objc; path = DemoMusicComponent.m; sourceTree = "<group>"; };
		32A86DE32505E183001B0D95 /* DemoMusicCCell.h */ = {isa = PBXFileReference; lastKnownFileType = sourcecode.c.h; path = DemoMusicCCell.h; sourceTree = "<group>"; };
		32A86DE42505E183001B0D95 /* DemoMusicCCell.m */ = {isa = PBXFileReference; lastKnownFileType = sourcecode.c.objc; path = DemoMusicCCell.m; sourceTree = "<group>"; };
		32A86DE62505E183001B0D95 /* DemoMineModule.h */ = {isa = PBXFileReference; lastKnownFileType = sourcecode.c.h; path = DemoMineModule.h; sourceTree = "<group>"; };
		32A86DE72505E183001B0D95 /* DemoMineModule.m */ = {isa = PBXFileReference; lastKnownFileType = sourcecode.c.objc; path = DemoMineModule.m; sourceTree = "<group>"; };
		32A86DE82505E183001B0D95 /* DemoMineComponent.h */ = {isa = PBXFileReference; lastKnownFileType = sourcecode.c.h; path = DemoMineComponent.h; sourceTree = "<group>"; };
		32A86DE92505E183001B0D95 /* DemoMineComponent.m */ = {isa = PBXFileReference; lastKnownFileType = sourcecode.c.objc; path = DemoMineComponent.m; sourceTree = "<group>"; };
		32A86DEA2505E183001B0D95 /* DemoMineCCell.h */ = {isa = PBXFileReference; lastKnownFileType = sourcecode.c.h; path = DemoMineCCell.h; sourceTree = "<group>"; };
		32A86DEB2505E183001B0D95 /* DemoMineCCell.m */ = {isa = PBXFileReference; lastKnownFileType = sourcecode.c.objc; path = DemoMineCCell.m; sourceTree = "<group>"; };
		32A86DED2505E183001B0D95 /* DemoResumeModule.h */ = {isa = PBXFileReference; lastKnownFileType = sourcecode.c.h; path = DemoResumeModule.h; sourceTree = "<group>"; };
		32A86DEE2505E183001B0D95 /* DemoResumeModule.m */ = {isa = PBXFileReference; lastKnownFileType = sourcecode.c.objc; path = DemoResumeModule.m; sourceTree = "<group>"; };
		32A86E272506216D001B0D95 /* huaban.json */ = {isa = PBXFileReference; fileEncoding = 4; lastKnownFileType = text.json; path = huaban.json; sourceTree = "<group>"; };
		32A86E282506216E001B0D95 /* music.json */ = {isa = PBXFileReference; fileEncoding = 4; lastKnownFileType = text.json; path = music.json; sourceTree = "<group>"; };
		32A86E4B250625A5001B0D95 /* PrefixHeader.pch */ = {isa = PBXFileReference; lastKnownFileType = sourcecode.c.h; path = PrefixHeader.pch; sourceTree = "<group>"; };
		3D0373F9BFB4072965C046FA /* Pods-Example-OC.debug.xcconfig */ = {isa = PBXFileReference; includeInIndex = 1; lastKnownFileType = text.xcconfig; name = "Pods-Example-OC.debug.xcconfig"; path = "Target Support Files/Pods-Example-OC/Pods-Example-OC.debug.xcconfig"; sourceTree = "<group>"; };
		5809175FB118121975F7F617 /* Pods_Example_OC.framework */ = {isa = PBXFileReference; explicitFileType = wrapper.framework; includeInIndex = 0; path = Pods_Example_OC.framework; sourceTree = BUILT_PRODUCTS_DIR; };
		E5E213B87C5B5142C4EF3F46 /* Pods-Example-OC.release.xcconfig */ = {isa = PBXFileReference; includeInIndex = 1; lastKnownFileType = text.xcconfig; name = "Pods-Example-OC.release.xcconfig"; path = "Target Support Files/Pods-Example-OC/Pods-Example-OC.release.xcconfig"; sourceTree = "<group>"; };
/* End PBXFileReference section */

/* Begin PBXFrameworksBuildPhase section */
		32A86D402505D1D8001B0D95 /* Frameworks */ = {
			isa = PBXFrameworksBuildPhase;
			buildActionMask = 2147483647;
			files = (
				918F725ACF12C3015F24F2CF /* Pods_Example_OC.framework in Frameworks */,
			);
			runOnlyForDeploymentPostprocessing = 0;
		};
/* End PBXFrameworksBuildPhase section */

/* Begin PBXGroup section */
		32A86D3A2505D1D8001B0D95 = {
			isa = PBXGroup;
			children = (
				32A86D452505D1D8001B0D95 /* Example-OC */,
				32A86D442505D1D8001B0D95 /* Products */,
				32A86D652505D34D001B0D95 /* Frameworks */,
				AE68933FD34AAFB9EE46C5AE /* Pods */,
			);
			sourceTree = "<group>";
		};
		32A86D442505D1D8001B0D95 /* Products */ = {
			isa = PBXGroup;
			children = (
				32A86D432505D1D8001B0D95 /* Example-OC.app */,
			);
			name = Products;
			sourceTree = "<group>";
		};
		32A86D452505D1D8001B0D95 /* Example-OC */ = {
			isa = PBXGroup;
			children = (
				32A86D462505D1D8001B0D95 /* AppDelegate.h */,
				32A86D472505D1D8001B0D95 /* AppDelegate.m */,
				32A86D492505D1D8001B0D95 /* SceneDelegate.h */,
				32A86D4A2505D1D8001B0D95 /* SceneDelegate.m */,
				32A86D4C2505D1D8001B0D95 /* ViewController.h */,
				32A86D4D2505D1D8001B0D95 /* ViewController.m */,
				32A86DF02505E183001B0D95 /* Demo */,
				32A86DBE2505E181001B0D95 /* Ease */,
				32A86DAE2505E179001B0D95 /* SDCycleScrollView */,
				32A86D4F2505D1D8001B0D95 /* Main.storyboard */,
				32A86D522505D1DA001B0D95 /* Assets.xcassets */,
				32A86E272506216D001B0D95 /* huaban.json */,
				32A86E282506216E001B0D95 /* music.json */,
				32A86D542505D1DA001B0D95 /* LaunchScreen.storyboard */,
				32A86E4B250625A5001B0D95 /* PrefixHeader.pch */,
				32A86D572505D1DA001B0D95 /* Info.plist */,
				32A86D582505D1DA001B0D95 /* main.m */,
			);
			path = "Example-OC";
			sourceTree = "<group>";
		};
		32A86D652505D34D001B0D95 /* Frameworks */ = {
			isa = PBXGroup;
			children = (
				32A86D662505D34D001B0D95 /* QLLiveModuler.framework */,
				5809175FB118121975F7F617 /* Pods_Example_OC.framework */,
			);
			name = Frameworks;
			sourceTree = "<group>";
		};
		32A86DA72505E179001B0D95 /* PageControl */ = {
			isa = PBXGroup;
			children = (
				32A86D9F2505E179001B0D95 /* TAAbstractDotView.h */,
				32A86DA02505E179001B0D95 /* TAAbstractDotView.m */,
				32A86DA12505E179001B0D95 /* TAAnimatedDotView.h */,
				32A86DA22505E179001B0D95 /* TAAnimatedDotView.m */,
				32A86DA32505E179001B0D95 /* TADotView.h */,
				32A86DA42505E179001B0D95 /* TADotView.m */,
				32A86DA52505E179001B0D95 /* TAPageControl.h */,
				32A86DA62505E179001B0D95 /* TAPageControl.m */,
			);
			path = PageControl;
			sourceTree = "<group>";
		};
		32A86DAE2505E179001B0D95 /* SDCycleScrollView */ = {
			isa = PBXGroup;
			children = (
				32A86DA72505E179001B0D95 /* PageControl */,
				32A86DA82505E179001B0D95 /* SDCollectionViewCell.h */,
				32A86DA92505E179001B0D95 /* SDCollectionViewCell.m */,
				32A86DAA2505E179001B0D95 /* SDCycleScrollView.h */,
				32A86DAB2505E179001B0D95 /* SDCycleScrollView.m */,
				32A86DAC2505E179001B0D95 /* UIView+SDExtension.h */,
				32A86DAD2505E179001B0D95 /* UIView+SDExtension.m */,
			);
			path = SDCycleScrollView;
			sourceTree = "<group>";
		};
		32A86DBD2505E181001B0D95 /* Category */ = {
			isa = PBXGroup;
			children = (
				32A86DB32505E181001B0D95 /* NSObject+EaseRuntime.h */,
				32A86DB42505E181001B0D95 /* NSObject+EaseRuntime.m */,
				32A86DB52505E181001B0D95 /* UIColor+Common.h */,
				32A86DB62505E181001B0D95 /* UIColor+Common.m */,
				32A86DB72505E181001B0D95 /* UIImage+Common.h */,
				32A86DB82505E181001B0D95 /* UIImage+Common.m */,
				32A86DB92505E181001B0D95 /* NSArray+Sugar.h */,
				32A86DBA2505E181001B0D95 /* NSArray+Sugar.m */,
				32A86DBB2505E181001B0D95 /* NSString+Common.h */,
				32A86DBC2505E181001B0D95 /* NSString+Common.m */,
			);
			path = Category;
			sourceTree = "<group>";
		};
		32A86DBE2505E181001B0D95 /* Ease */ = {
			isa = PBXGroup;
			children = (
				32A86DAF2505E181001B0D95 /* EaseRefreshProxy.h */,
				32A86DB02505E181001B0D95 /* EaseRefreshProxy.m */,
				32A86DB12505E181001B0D95 /* EaseAlertController.h */,
				32A86DB22505E181001B0D95 /* EaseAlertController.m */,
				32A86DBD2505E181001B0D95 /* Category */,
			);
			path = Ease;
			sourceTree = "<group>";
		};
		32A86DC52505E183001B0D95 /* List */ = {
			isa = PBXGroup;
			children = (
				32A86DBF2505E183001B0D95 /* DemoListViewController.h */,
				32A86DC02505E183001B0D95 /* DemoListViewController.m */,
				32A86DC12505E183001B0D95 /* DemoCompositeListViewController.h */,
				32A86DC22505E183001B0D95 /* DemoCompositeListViewController.m */,
				32A86DC32505E183001B0D95 /* DemoContentCCell.h */,
				32A86DC42505E183001B0D95 /* DemoContentCCell.m */,
			);
			path = List;
			sourceTree = "<group>";
		};
		32A86DCC2505E183001B0D95 /* Video */ = {
			isa = PBXGroup;
			children = (
				32A86DC62505E183001B0D95 /* DemoVideoModule.h */,
				32A86DC72505E183001B0D95 /* DemoVideoModule.m */,
				32A86DC82505E183001B0D95 /* DemoVideoComponent.h */,
				32A86DC92505E183001B0D95 /* DemoVideoComponent.m */,
				32A86DCA2505E183001B0D95 /* DemoVideoCCell.h */,
				32A86DCB2505E183001B0D95 /* DemoVideoCCell.m */,
			);
			path = Video;
			sourceTree = "<group>";
		};
		32A86DD32505E183001B0D95 /* Search */ = {
			isa = PBXGroup;
			children = (
				32A86DCD2505E183001B0D95 /* DemoSearchModule.h */,
				32A86DCE2505E183001B0D95 /* DemoSearchModule.m */,
				32A86DCF2505E183001B0D95 /* DemoSearchComponent.h */,
				32A86DD02505E183001B0D95 /* DemoSearchComponent.m */,
				32A86DD12505E183001B0D95 /* DemoSearchCCell.h */,
				32A86DD22505E183001B0D95 /* DemoSearchCCell.m */,
			);
			path = Search;
			sourceTree = "<group>";
		};
		32A86DD62505E183001B0D95 /* Living */ = {
			isa = PBXGroup;
			children = (
				32A86DD42505E183001B0D95 /* DemoLivingModule.h */,
				32A86DD52505E183001B0D95 /* DemoLivingModule.m */,
			);
			path = Living;
			sourceTree = "<group>";
		};
		32A86DDB2505E183001B0D95 /* Shopping */ = {
			isa = PBXGroup;
			children = (
				32A86DD72505E183001B0D95 /* DemoShoppingModule.h */,
				32A86DD82505E183001B0D95 /* DemoShoppingModule.m */,
				32A86DD92505E183001B0D95 /* DemoShoppingComponent.h */,
				32A86DDA2505E183001B0D95 /* DemoShoppingComponent.m */,
			);
			path = Shopping;
			sourceTree = "<group>";
		};
		32A86DDE2505E183001B0D95 /* Huaban */ = {
			isa = PBXGroup;
			children = (
				32A86DDC2505E183001B0D95 /* DemoHuabanModule.h */,
				32A86DDD2505E183001B0D95 /* DemoHuabanModule.m */,
			);
			path = Huaban;
			sourceTree = "<group>";
		};
		32A86DE52505E183001B0D95 /* Music */ = {
			isa = PBXGroup;
			children = (
				32A86DDF2505E183001B0D95 /* DemoMusicModule.h */,
				32A86DE02505E183001B0D95 /* DemoMusicModule.m */,
				32A86DE12505E183001B0D95 /* DemoMusicComponent.h */,
				32A86DE22505E183001B0D95 /* DemoMusicComponent.m */,
				32A86DE32505E183001B0D95 /* DemoMusicCCell.h */,
				32A86DE42505E183001B0D95 /* DemoMusicCCell.m */,
			);
			path = Music;
			sourceTree = "<group>";
		};
		32A86DEC2505E183001B0D95 /* Mine */ = {
			isa = PBXGroup;
			children = (
				32A86DE62505E183001B0D95 /* DemoMineModule.h */,
				32A86DE72505E183001B0D95 /* DemoMineModule.m */,
				32A86DE82505E183001B0D95 /* DemoMineComponent.h */,
				32A86DE92505E183001B0D95 /* DemoMineComponent.m */,
				32A86DEA2505E183001B0D95 /* DemoMineCCell.h */,
				32A86DEB2505E183001B0D95 /* DemoMineCCell.m */,
			);
			path = Mine;
			sourceTree = "<group>";
		};
		32A86DEF2505E183001B0D95 /* Resume */ = {
			isa = PBXGroup;
			children = (
				32A86DED2505E183001B0D95 /* DemoResumeModule.h */,
				32A86DEE2505E183001B0D95 /* DemoResumeModule.m */,
			);
			path = Resume;
			sourceTree = "<group>";
		};
		32A86DF02505E183001B0D95 /* Demo */ = {
			isa = PBXGroup;
			children = (
				32A86DC52505E183001B0D95 /* List */,
				32A86DCC2505E183001B0D95 /* Video */,
				32A86DD32505E183001B0D95 /* Search */,
				32A86DD62505E183001B0D95 /* Living */,
				32A86DDB2505E183001B0D95 /* Shopping */,
				32A86DDE2505E183001B0D95 /* Huaban */,
				32A86DE52505E183001B0D95 /* Music */,
				32A86DEC2505E183001B0D95 /* Mine */,
				32A86DEF2505E183001B0D95 /* Resume */,
			);
			path = Demo;
			sourceTree = "<group>";
		};
		AE68933FD34AAFB9EE46C5AE /* Pods */ = {
			isa = PBXGroup;
			children = (
				3D0373F9BFB4072965C046FA /* Pods-Example-OC.debug.xcconfig */,
				E5E213B87C5B5142C4EF3F46 /* Pods-Example-OC.release.xcconfig */,
			);
			path = Pods;
			sourceTree = "<group>";
		};
/* End PBXGroup section */

/* Begin PBXNativeTarget section */
		32A86D422505D1D8001B0D95 /* Example-OC */ = {
			isa = PBXNativeTarget;
			buildConfigurationList = 32A86D5C2505D1DA001B0D95 /* Build configuration list for PBXNativeTarget "Example-OC" */;
			buildPhases = (
				EA7DB2FE310948F07ECC6B96 /* [CP] Check Pods Manifest.lock */,
				32A86D3F2505D1D8001B0D95 /* Sources */,
				32A86D402505D1D8001B0D95 /* Frameworks */,
				32A86D412505D1D8001B0D95 /* Resources */,
				32A86D692505D34D001B0D95 /* Embed Frameworks */,
				17F9DA3DE0E3E04C3B20F561 /* [CP] Embed Pods Frameworks */,
			);
			buildRules = (
			);
			dependencies = (
			);
			name = "Example-OC";
			productName = "Example-OC";
			productReference = 32A86D432505D1D8001B0D95 /* Example-OC.app */;
			productType = "com.apple.product-type.application";
		};
/* End PBXNativeTarget section */

/* Begin PBXProject section */
		32A86D3B2505D1D8001B0D95 /* Project object */ = {
			isa = PBXProject;
			attributes = {
				LastUpgradeCheck = 1150;
				ORGANIZATIONNAME = Rocky;
				TargetAttributes = {
					32A86D422505D1D8001B0D95 = {
						CreatedOnToolsVersion = 11.5;
					};
				};
			};
			buildConfigurationList = 32A86D3E2505D1D8001B0D95 /* Build configuration list for PBXProject "Example-OC" */;
			compatibilityVersion = "Xcode 9.3";
			developmentRegion = en;
			hasScannedForEncodings = 0;
			knownRegions = (
				en,
				Base,
			);
			mainGroup = 32A86D3A2505D1D8001B0D95;
			productRefGroup = 32A86D442505D1D8001B0D95 /* Products */;
			projectDirPath = "";
			projectRoot = "";
			targets = (
				32A86D422505D1D8001B0D95 /* Example-OC */,
			);
		};
/* End PBXProject section */

/* Begin PBXResourcesBuildPhase section */
		32A86D412505D1D8001B0D95 /* Resources */ = {
			isa = PBXResourcesBuildPhase;
			buildActionMask = 2147483647;
			files = (
				32A86D562505D1DA001B0D95 /* LaunchScreen.storyboard in Resources */,
				32A86D532505D1DA001B0D95 /* Assets.xcassets in Resources */,
				32A86E4C2506267C001B0D95 /* huaban.json in Resources */,
				32A86E4D2506267F001B0D95 /* music.json in Resources */,
				32A86D512505D1D8001B0D95 /* Main.storyboard in Resources */,
			);
			runOnlyForDeploymentPostprocessing = 0;
		};
/* End PBXResourcesBuildPhase section */

/* Begin PBXShellScriptBuildPhase section */
		17F9DA3DE0E3E04C3B20F561 /* [CP] Embed Pods Frameworks */ = {
			isa = PBXShellScriptBuildPhase;
			buildActionMask = 2147483647;
			files = (
			);
			inputFileListPaths = (
				"${PODS_ROOT}/Target Support Files/Pods-Example-OC/Pods-Example-OC-frameworks-${CONFIGURATION}-input-files.xcfilelist",
			);
			name = "[CP] Embed Pods Frameworks";
			outputFileListPaths = (
				"${PODS_ROOT}/Target Support Files/Pods-Example-OC/Pods-Example-OC-frameworks-${CONFIGURATION}-output-files.xcfilelist",
			);
			runOnlyForDeploymentPostprocessing = 0;
			shellPath = /bin/sh;
			shellScript = "\"${PODS_ROOT}/Target Support Files/Pods-Example-OC/Pods-Example-OC-frameworks.sh\"\n";
			showEnvVarsInLog = 0;
		};
		EA7DB2FE310948F07ECC6B96 /* [CP] Check Pods Manifest.lock */ = {
			isa = PBXShellScriptBuildPhase;
			buildActionMask = 2147483647;
			files = (
			);
			inputFileListPaths = (
			);
			inputPaths = (
				"${PODS_PODFILE_DIR_PATH}/Podfile.lock",
				"${PODS_ROOT}/Manifest.lock",
			);
			name = "[CP] Check Pods Manifest.lock";
			outputFileListPaths = (
			);
			outputPaths = (
				"$(DERIVED_FILE_DIR)/Pods-Example-OC-checkManifestLockResult.txt",
			);
			runOnlyForDeploymentPostprocessing = 0;
			shellPath = /bin/sh;
			shellScript = "diff \"${PODS_PODFILE_DIR_PATH}/Podfile.lock\" \"${PODS_ROOT}/Manifest.lock\" > /dev/null\nif [ $? != 0 ] ; then\n    # print error to STDERR\n    echo \"error: The sandbox is not in sync with the Podfile.lock. Run 'pod install' or update your CocoaPods installation.\" >&2\n    exit 1\nfi\n# This output is used by Xcode 'outputs' to avoid re-running this script phase.\necho \"SUCCESS\" > \"${SCRIPT_OUTPUT_FILE_0}\"\n";
			showEnvVarsInLog = 0;
		};
/* End PBXShellScriptBuildPhase section */

/* Begin PBXSourcesBuildPhase section */
		32A86D3F2505D1D8001B0D95 /* Sources */ = {
			isa = PBXSourcesBuildPhase;
			buildActionMask = 2147483647;
			files = (
				32A86E2925062501001B0D95 /* DemoListViewController.m in Sources */,
				32A86E2A25062501001B0D95 /* DemoCompositeListViewController.m in Sources */,
				32A86E2B25062501001B0D95 /* DemoContentCCell.m in Sources */,
				32A86E2C25062501001B0D95 /* DemoVideoModule.m in Sources */,
				32A86E2D25062501001B0D95 /* DemoVideoComponent.m in Sources */,
				32A86E2E25062501001B0D95 /* DemoVideoCCell.m in Sources */,
				32A86E2F25062501001B0D95 /* DemoSearchModule.m in Sources */,
				32A86E3025062501001B0D95 /* DemoSearchComponent.m in Sources */,
				32A86E3125062501001B0D95 /* DemoSearchCCell.m in Sources */,
				32A86E3225062501001B0D95 /* DemoLivingModule.m in Sources */,
				32A86E3325062501001B0D95 /* DemoShoppingModule.m in Sources */,
				32A86E3425062501001B0D95 /* DemoShoppingComponent.m in Sources */,
				32A86E3525062501001B0D95 /* DemoHuabanModule.m in Sources */,
				32A86E3625062501001B0D95 /* DemoMusicModule.m in Sources */,
				32A86E3725062501001B0D95 /* DemoMusicComponent.m in Sources */,
				32A86E3825062501001B0D95 /* DemoMusicCCell.m in Sources */,
				32A86E3925062501001B0D95 /* DemoMineModule.m in Sources */,
				32A86E3A25062501001B0D95 /* DemoMineComponent.m in Sources */,
				32A86E3B25062501001B0D95 /* DemoMineCCell.m in Sources */,
				32A86E3C25062501001B0D95 /* DemoResumeModule.m in Sources */,
				32A86E3D25062501001B0D95 /* EaseRefreshProxy.m in Sources */,
				32A86E3E25062501001B0D95 /* EaseAlertController.m in Sources */,
				32A86E3F25062501001B0D95 /* NSObject+EaseRuntime.m in Sources */,
				32A86E4025062501001B0D95 /* UIColor+Common.m in Sources */,
				32A86E4125062501001B0D95 /* UIImage+Common.m in Sources */,
				32A86E4225062501001B0D95 /* NSArray+Sugar.m in Sources */,
				32A86E4325062501001B0D95 /* NSString+Common.m in Sources */,
				32A86E4425062501001B0D95 /* TAAbstractDotView.m in Sources */,
				32A86E4525062501001B0D95 /* TAAnimatedDotView.m in Sources */,
				32A86E4625062501001B0D95 /* TADotView.m in Sources */,
				32A86E4725062501001B0D95 /* TAPageControl.m in Sources */,
				32A86E4825062501001B0D95 /* SDCollectionViewCell.m in Sources */,
				32A86E4925062501001B0D95 /* SDCycleScrollView.m in Sources */,
				32A86E4A25062501001B0D95 /* UIView+SDExtension.m in Sources */,
				32A86D4E2505D1D8001B0D95 /* ViewController.m in Sources */,
				32A86D482505D1D8001B0D95 /* AppDelegate.m in Sources */,
				32A86D592505D1DA001B0D95 /* main.m in Sources */,
				32A86D4B2505D1D8001B0D95 /* SceneDelegate.m in Sources */,
			);
			runOnlyForDeploymentPostprocessing = 0;
		};
/* End PBXSourcesBuildPhase section */

/* Begin PBXVariantGroup section */
		32A86D4F2505D1D8001B0D95 /* Main.storyboard */ = {
			isa = PBXVariantGroup;
			children = (
				32A86D502505D1D8001B0D95 /* Base */,
			);
			name = Main.storyboard;
			sourceTree = "<group>";
		};
		32A86D542505D1DA001B0D95 /* LaunchScreen.storyboard */ = {
			isa = PBXVariantGroup;
			children = (
				32A86D552505D1DA001B0D95 /* Base */,
			);
			name = LaunchScreen.storyboard;
			sourceTree = "<group>";
		};
/* End PBXVariantGroup section */

/* Begin XCBuildConfiguration section */
		32A86D5A2505D1DA001B0D95 /* Debug */ = {
			isa = XCBuildConfiguration;
			buildSettings = {
				ALWAYS_SEARCH_USER_PATHS = NO;
				CLANG_ANALYZER_NONNULL = YES;
				CLANG_ANALYZER_NUMBER_OBJECT_CONVERSION = YES_AGGRESSIVE;
				CLANG_CXX_LANGUAGE_STANDARD = "gnu++14";
				CLANG_CXX_LIBRARY = "libc++";
				CLANG_ENABLE_MODULES = YES;
				CLANG_ENABLE_OBJC_ARC = YES;
				CLANG_ENABLE_OBJC_WEAK = YES;
				CLANG_WARN_BLOCK_CAPTURE_AUTORELEASING = YES;
				CLANG_WARN_BOOL_CONVERSION = YES;
				CLANG_WARN_COMMA = YES;
				CLANG_WARN_CONSTANT_CONVERSION = YES;
				CLANG_WARN_DEPRECATED_OBJC_IMPLEMENTATIONS = YES;
				CLANG_WARN_DIRECT_OBJC_ISA_USAGE = YES_ERROR;
				CLANG_WARN_DOCUMENTATION_COMMENTS = YES;
				CLANG_WARN_EMPTY_BODY = YES;
				CLANG_WARN_ENUM_CONVERSION = YES;
				CLANG_WARN_INFINITE_RECURSION = YES;
				CLANG_WARN_INT_CONVERSION = YES;
				CLANG_WARN_NON_LITERAL_NULL_CONVERSION = YES;
				CLANG_WARN_OBJC_IMPLICIT_RETAIN_SELF = YES;
				CLANG_WARN_OBJC_LITERAL_CONVERSION = YES;
				CLANG_WARN_OBJC_ROOT_CLASS = YES_ERROR;
				CLANG_WARN_RANGE_LOOP_ANALYSIS = YES;
				CLANG_WARN_STRICT_PROTOTYPES = YES;
				CLANG_WARN_SUSPICIOUS_MOVE = YES;
				CLANG_WARN_UNGUARDED_AVAILABILITY = YES_AGGRESSIVE;
				CLANG_WARN_UNREACHABLE_CODE = YES;
				CLANG_WARN__DUPLICATE_METHOD_MATCH = YES;
				COPY_PHASE_STRIP = NO;
				DEBUG_INFORMATION_FORMAT = dwarf;
				ENABLE_STRICT_OBJC_MSGSEND = YES;
				ENABLE_TESTABILITY = YES;
				GCC_C_LANGUAGE_STANDARD = gnu11;
				GCC_DYNAMIC_NO_PIC = NO;
				GCC_NO_COMMON_BLOCKS = YES;
				GCC_OPTIMIZATION_LEVEL = 0;
				GCC_PREPROCESSOR_DEFINITIONS = (
					"DEBUG=1",
					"$(inherited)",
				);
				GCC_WARN_64_TO_32_BIT_CONVERSION = YES;
				GCC_WARN_ABOUT_RETURN_TYPE = YES_ERROR;
				GCC_WARN_UNDECLARED_SELECTOR = YES;
				GCC_WARN_UNINITIALIZED_AUTOS = YES_AGGRESSIVE;
				GCC_WARN_UNUSED_FUNCTION = YES;
				GCC_WARN_UNUSED_VARIABLE = YES;
				IPHONEOS_DEPLOYMENT_TARGET = 13.5;
				MTL_ENABLE_DEBUG_INFO = INCLUDE_SOURCE;
				MTL_FAST_MATH = YES;
				ONLY_ACTIVE_ARCH = YES;
				SDKROOT = iphoneos;
			};
			name = Debug;
		};
		32A86D5B2505D1DA001B0D95 /* Release */ = {
			isa = XCBuildConfiguration;
			buildSettings = {
				ALWAYS_SEARCH_USER_PATHS = NO;
				CLANG_ANALYZER_NONNULL = YES;
				CLANG_ANALYZER_NUMBER_OBJECT_CONVERSION = YES_AGGRESSIVE;
				CLANG_CXX_LANGUAGE_STANDARD = "gnu++14";
				CLANG_CXX_LIBRARY = "libc++";
				CLANG_ENABLE_MODULES = YES;
				CLANG_ENABLE_OBJC_ARC = YES;
				CLANG_ENABLE_OBJC_WEAK = YES;
				CLANG_WARN_BLOCK_CAPTURE_AUTORELEASING = YES;
				CLANG_WARN_BOOL_CONVERSION = YES;
				CLANG_WARN_COMMA = YES;
				CLANG_WARN_CONSTANT_CONVERSION = YES;
				CLANG_WARN_DEPRECATED_OBJC_IMPLEMENTATIONS = YES;
				CLANG_WARN_DIRECT_OBJC_ISA_USAGE = YES_ERROR;
				CLANG_WARN_DOCUMENTATION_COMMENTS = YES;
				CLANG_WARN_EMPTY_BODY = YES;
				CLANG_WARN_ENUM_CONVERSION = YES;
				CLANG_WARN_INFINITE_RECURSION = YES;
				CLANG_WARN_INT_CONVERSION = YES;
				CLANG_WARN_NON_LITERAL_NULL_CONVERSION = YES;
				CLANG_WARN_OBJC_IMPLICIT_RETAIN_SELF = YES;
				CLANG_WARN_OBJC_LITERAL_CONVERSION = YES;
				CLANG_WARN_OBJC_ROOT_CLASS = YES_ERROR;
				CLANG_WARN_RANGE_LOOP_ANALYSIS = YES;
				CLANG_WARN_STRICT_PROTOTYPES = YES;
				CLANG_WARN_SUSPICIOUS_MOVE = YES;
				CLANG_WARN_UNGUARDED_AVAILABILITY = YES_AGGRESSIVE;
				CLANG_WARN_UNREACHABLE_CODE = YES;
				CLANG_WARN__DUPLICATE_METHOD_MATCH = YES;
				COPY_PHASE_STRIP = NO;
				DEBUG_INFORMATION_FORMAT = "dwarf-with-dsym";
				ENABLE_NS_ASSERTIONS = NO;
				ENABLE_STRICT_OBJC_MSGSEND = YES;
				GCC_C_LANGUAGE_STANDARD = gnu11;
				GCC_NO_COMMON_BLOCKS = YES;
				GCC_WARN_64_TO_32_BIT_CONVERSION = YES;
				GCC_WARN_ABOUT_RETURN_TYPE = YES_ERROR;
				GCC_WARN_UNDECLARED_SELECTOR = YES;
				GCC_WARN_UNINITIALIZED_AUTOS = YES_AGGRESSIVE;
				GCC_WARN_UNUSED_FUNCTION = YES;
				GCC_WARN_UNUSED_VARIABLE = YES;
				IPHONEOS_DEPLOYMENT_TARGET = 13.5;
				MTL_ENABLE_DEBUG_INFO = NO;
				MTL_FAST_MATH = YES;
				SDKROOT = iphoneos;
				VALIDATE_PRODUCT = YES;
			};
			name = Release;
		};
		32A86D5D2505D1DA001B0D95 /* Debug */ = {
			isa = XCBuildConfiguration;
			baseConfigurationReference = 3D0373F9BFB4072965C046FA /* Pods-Example-OC.debug.xcconfig */;
			buildSettings = {
				ASSETCATALOG_COMPILER_APPICON_NAME = AppIcon;
				CODE_SIGN_STYLE = Automatic;
				DEVELOPMENT_TEAM = PF3BSY7RH3;
				ENABLE_BITCODE = NO;
				GCC_PREFIX_HEADER = "$(SRCROOT)/Example-OC/PrefixHeader.pch";
				INFOPLIST_FILE = "Example-OC/Info.plist";
				IPHONEOS_DEPLOYMENT_TARGET = 13.0;
				LD_RUNPATH_SEARCH_PATHS = (
					"$(inherited)",
					"@executable_path/Frameworks",
				);
				ONLY_ACTIVE_ARCH = NO;
				PRODUCT_BUNDLE_IDENTIFIER = "com.rocky.Example-OC";
				PRODUCT_NAME = "$(TARGET_NAME)";
				TARGETED_DEVICE_FAMILY = "1,2";
			};
			name = Debug;
		};
		32A86D5E2505D1DA001B0D95 /* Release */ = {
			isa = XCBuildConfiguration;
			baseConfigurationReference = E5E213B87C5B5142C4EF3F46 /* Pods-Example-OC.release.xcconfig */;
			buildSettings = {
				ASSETCATALOG_COMPILER_APPICON_NAME = AppIcon;
				CODE_SIGN_STYLE = Automatic;
				DEVELOPMENT_TEAM = PF3BSY7RH3;
				ENABLE_BITCODE = NO;
				GCC_PREFIX_HEADER = "$(SRCROOT)/Example-OC/PrefixHeader.pch";
				INFOPLIST_FILE = "Example-OC/Info.plist";
				IPHONEOS_DEPLOYMENT_TARGET = 13.0;
				LD_RUNPATH_SEARCH_PATHS = (
					"$(inherited)",
					"@executable_path/Frameworks",
				);
				ONLY_ACTIVE_ARCH = NO;
				PRODUCT_BUNDLE_IDENTIFIER = "com.rocky.Example-OC";
				PRODUCT_NAME = "$(TARGET_NAME)";
				TARGETED_DEVICE_FAMILY = "1,2";
			};
			name = Release;
		};
/* End XCBuildConfiguration section */

/* Begin XCConfigurationList section */
		32A86D3E2505D1D8001B0D95 /* Build configuration list for PBXProject "Example-OC" */ = {
			isa = XCConfigurationList;
			buildConfigurations = (
				32A86D5A2505D1DA001B0D95 /* Debug */,
				32A86D5B2505D1DA001B0D95 /* Release */,
			);
			defaultConfigurationIsVisible = 0;
			defaultConfigurationName = Release;
		};
		32A86D5C2505D1DA001B0D95 /* Build configuration list for PBXNativeTarget "Example-OC" */ = {
			isa = XCConfigurationList;
			buildConfigurations = (
				32A86D5D2505D1DA001B0D95 /* Debug */,
				32A86D5E2505D1DA001B0D95 /* Release */,
			);
			defaultConfigurationIsVisible = 0;
			defaultConfigurationName = Release;
		};
/* End XCConfigurationList section */
	};
	rootObject = 32A86D3B2505D1D8001B0D95 /* Project object */;
}
