// !$*UTF8*$!
{
	archiveVersion = 1;
	classes = {
	};
	objectVersion = 50;
	objects = {

/* Begin PBXBuildFile section */
		32A86D222505D0E0001B0D95 /* QLLiveModuler.framework in Frameworks */ = {isa = PBXBuildFile; fileRef = 32A86D1B2505D0E0001B0D95 /* QLLiveModuler.framework */; };
		32A86D242505D0E0001B0D95 /* QLLiveModuler.framework in Embed Frameworks */ = {isa = PBXBuildFile; fileRef = 32A86D1B2505D0E0001B0D95 /* QLLiveModuler.framework */; settings = {ATTRIBUTES = (CodeSignOnCopy, RemoveHeadersOnCopy, ); }; };
		32A86EDE250629D6001B0D95 /* QLLiveModuleDataSource.m in Sources */ = {isa = PBXBuildFile; fileRef = 32A86EB1250629D6001B0D95 /* QLLiveModuleDataSource.m */; };
		32A86EDF250629D6001B0D95 /* QLLiveModuleDataSource.m in Sources */ = {isa = PBXBuildFile; fileRef = 32A86EB1250629D6001B0D95 /* QLLiveModuleDataSource.m */; };
		32A86EE0250629D6001B0D95 /* QLLiveModuleDataSourceAble.h in Headers */ = {isa = PBXBuildFile; fileRef = 32A86EB2250629D6001B0D95 /* QLLiveModuleDataSourceAble.h */; settings = {ATTRIBUTES = (Public, ); }; };
		32A86EE1250629D6001B0D95 /* QLLiveModuleDataSource.h in Headers */ = {isa = PBXBuildFile; fileRef = 32A86EB3250629D6001B0D95 /* QLLiveModuleDataSource.h */; settings = {ATTRIBUTES = (Public, ); }; };
		32A86EE2250629D6001B0D95 /* QLLiveBaseLayout.h in Headers */ = {isa = PBXBuildFile; fileRef = 32A86EB5250629D6001B0D95 /* QLLiveBaseLayout.h */; settings = {ATTRIBUTES = (Public, ); }; };
		32A86EE3250629D6001B0D95 /* QLLiveFlexLayout.h in Headers */ = {isa = PBXBuildFile; fileRef = 32A86EB7250629D6001B0D95 /* QLLiveFlexLayout.h */; settings = {ATTRIBUTES = (Public, ); }; };
		32A86EE4250629D6001B0D95 /* QLLiveWaterfallLayout.m in Sources */ = {isa = PBXBuildFile; fileRef = 32A86EB8250629D6001B0D95 /* QLLiveWaterfallLayout.m */; };
		32A86EE5250629D6001B0D95 /* QLLiveWaterfallLayout.m in Sources */ = {isa = PBXBuildFile; fileRef = 32A86EB8250629D6001B0D95 /* QLLiveWaterfallLayout.m */; };
		32A86EE6250629D6001B0D95 /* QLLiveGridLayout.m in Sources */ = {isa = PBXBuildFile; fileRef = 32A86EB9250629D6001B0D95 /* QLLiveGridLayout.m */; };
		32A86EE7250629D6001B0D95 /* QLLiveGridLayout.m in Sources */ = {isa = PBXBuildFile; fileRef = 32A86EB9250629D6001B0D95 /* QLLiveGridLayout.m */; };
		32A86EE8250629D6001B0D95 /* QLLiveListLayout.m in Sources */ = {isa = PBXBuildFile; fileRef = 32A86EBA250629D6001B0D95 /* QLLiveListLayout.m */; };
		32A86EE9250629D6001B0D95 /* QLLiveListLayout.m in Sources */ = {isa = PBXBuildFile; fileRef = 32A86EBA250629D6001B0D95 /* QLLiveListLayout.m */; };
		32A86EEA250629D6001B0D95 /* QLLiveFlexLayout.m in Sources */ = {isa = PBXBuildFile; fileRef = 32A86EBB250629D6001B0D95 /* QLLiveFlexLayout.m */; };
		32A86EEB250629D6001B0D95 /* QLLiveFlexLayout.m in Sources */ = {isa = PBXBuildFile; fileRef = 32A86EBB250629D6001B0D95 /* QLLiveFlexLayout.m */; };
		32A86EEC250629D7001B0D95 /* QLLiveWaterfallLayout.h in Headers */ = {isa = PBXBuildFile; fileRef = 32A86EBC250629D6001B0D95 /* QLLiveWaterfallLayout.h */; settings = {ATTRIBUTES = (Public, ); }; };
		32A86EED250629D7001B0D95 /* QLLiveListLayout.h in Headers */ = {isa = PBXBuildFile; fileRef = 32A86EBD250629D6001B0D95 /* QLLiveListLayout.h */; settings = {ATTRIBUTES = (Public, ); }; };
		32A86EEE250629D7001B0D95 /* QLLiveGridLayout.h in Headers */ = {isa = PBXBuildFile; fileRef = 32A86EBE250629D6001B0D95 /* QLLiveGridLayout.h */; settings = {ATTRIBUTES = (Public, ); }; };
		32A86EEF250629D7001B0D95 /* QLLiveBaseLayout.m in Sources */ = {isa = PBXBuildFile; fileRef = 32A86EBF250629D6001B0D95 /* QLLiveBaseLayout.m */; };
		32A86EF0250629D7001B0D95 /* QLLiveBaseLayout.m in Sources */ = {isa = PBXBuildFile; fileRef = 32A86EBF250629D6001B0D95 /* QLLiveBaseLayout.m */; };
		32A86EF1250629D7001B0D95 /* QLLiveModule.h in Headers */ = {isa = PBXBuildFile; fileRef = 32A86EC1250629D6001B0D95 /* QLLiveModule.h */; settings = {ATTRIBUTES = (Public, ); }; };
		32A86EF2250629D7001B0D95 /* QLLiveModule.m in Sources */ = {isa = PBXBuildFile; fileRef = 32A86EC2250629D6001B0D95 /* QLLiveModule.m */; };
		32A86EF3250629D7001B0D95 /* QLLiveModule.m in Sources */ = {isa = PBXBuildFile; fileRef = 32A86EC2250629D6001B0D95 /* QLLiveModule.m */; };
		32A86EF4250629D7001B0D95 /* QLLiveComponentDecorateContents.m in Sources */ = {isa = PBXBuildFile; fileRef = 32A86EC4250629D6001B0D95 /* QLLiveComponentDecorateContents.m */; };
		32A86EF5250629D7001B0D95 /* QLLiveComponentDecorateContents.m in Sources */ = {isa = PBXBuildFile; fileRef = 32A86EC4250629D6001B0D95 /* QLLiveComponentDecorateContents.m */; };
		32A86EF6250629D7001B0D95 /* QLLiveComponent.h in Headers */ = {isa = PBXBuildFile; fileRef = 32A86EC5250629D6001B0D95 /* QLLiveComponent.h */; settings = {ATTRIBUTES = (Public, ); }; };
		32A86EF7250629D7001B0D95 /* QLLiveComponentDecorateContents.h in Headers */ = {isa = PBXBuildFile; fileRef = 32A86EC6250629D6001B0D95 /* QLLiveComponentDecorateContents.h */; settings = {ATTRIBUTES = (Public, ); }; };
		32A86EF8250629D7001B0D95 /* QLLiveComponent.m in Sources */ = {isa = PBXBuildFile; fileRef = 32A86EC7250629D6001B0D95 /* QLLiveComponent.m */; };
		32A86EF9250629D7001B0D95 /* QLLiveComponent.m in Sources */ = {isa = PBXBuildFile; fileRef = 32A86EC7250629D6001B0D95 /* QLLiveComponent.m */; };
		32A86EFA250629D7001B0D95 /* QLLiveModuleFlowLayout.m in Sources */ = {isa = PBXBuildFile; fileRef = 32A86ECA250629D6001B0D95 /* QLLiveModuleFlowLayout.m */; };
		32A86EFB250629D7001B0D95 /* QLLiveModuleFlowLayout.m in Sources */ = {isa = PBXBuildFile; fileRef = 32A86ECA250629D6001B0D95 /* QLLiveModuleFlowLayout.m */; };
		32A86EFC250629D7001B0D95 /* QLLiveDecorateSectionLayoutAttributes.h in Headers */ = {isa = PBXBuildFile; fileRef = 32A86ECB250629D6001B0D95 /* QLLiveDecorateSectionLayoutAttributes.h */; };
		32A86EFD250629D7001B0D95 /* QLLiveModuleFlowLayout.h in Headers */ = {isa = PBXBuildFile; fileRef = 32A86ECC250629D6001B0D95 /* QLLiveModuleFlowLayout.h */; settings = {ATTRIBUTES = (Public, ); }; };
		32A86EFE250629D7001B0D95 /* QLLiveDecorateSectionLayoutAttributes.m in Sources */ = {isa = PBXBuildFile; fileRef = 32A86ECD250629D6001B0D95 /* QLLiveDecorateSectionLayoutAttributes.m */; };
		32A86EFF250629D7001B0D95 /* QLLiveDecorateSectionLayoutAttributes.m in Sources */ = {isa = PBXBuildFile; fileRef = 32A86ECD250629D6001B0D95 /* QLLiveDecorateSectionLayoutAttributes.m */; };
		32A86F00250629D7001B0D95 /* QLLiveModuleAdapterProxy.m in Sources */ = {isa = PBXBuildFile; fileRef = 32A86ECF250629D6001B0D95 /* QLLiveModuleAdapterProxy.m */; };
		32A86F01250629D7001B0D95 /* QLLiveModuleAdapterProxy.m in Sources */ = {isa = PBXBuildFile; fileRef = 32A86ECF250629D6001B0D95 /* QLLiveModuleAdapterProxy.m */; };
		32A86F02250629D7001B0D95 /* QLLiveModuleAdapterProxy.h in Headers */ = {isa = PBXBuildFile; fileRef = 32A86ED0250629D6001B0D95 /* QLLiveModuleAdapterProxy.h */; };
		32A86F03250629D7001B0D95 /* QLOrthogonalScrollerEmbeddedScrollView.h in Headers */ = {isa = PBXBuildFile; fileRef = 32A86ED2250629D6001B0D95 /* QLOrthogonalScrollerEmbeddedScrollView.h */; };
		32A86F04250629D7001B0D95 /* QLOrthogonalScrollerEmbeddedScrollView.m in Sources */ = {isa = PBXBuildFile; fileRef = 32A86ED3250629D6001B0D95 /* QLOrthogonalScrollerEmbeddedScrollView.m */; };
		32A86F05250629D7001B0D95 /* QLOrthogonalScrollerEmbeddedScrollView.m in Sources */ = {isa = PBXBuildFile; fileRef = 32A86ED3250629D6001B0D95 /* QLOrthogonalScrollerEmbeddedScrollView.m */; };
		32A86F06250629D7001B0D95 /* QLLiveBaseLayout_Private.h in Headers */ = {isa = PBXBuildFile; fileRef = 32A86ED5250629D6001B0D95 /* QLLiveBaseLayout_Private.h */; settings = {ATTRIBUTES = (Private, ); }; };
		32A86F07250629D7001B0D95 /* QLLiveComponent_Private.h in Headers */ = {isa = PBXBuildFile; fileRef = 32A86ED6250629D6001B0D95 /* QLLiveComponent_Private.h */; settings = {ATTRIBUTES = (Private, ); }; };
		32A86F08250629D7001B0D95 /* QLLiveModuleDataSource_Private.h in Headers */ = {isa = PBXBuildFile; fileRef = 32A86ED7250629D6001B0D95 /* QLLiveModuleDataSource_Private.h */; settings = {ATTRIBUTES = (Private, ); }; };
		32A86F09250629D7001B0D95 /* QLLiveModelEnvironment.h in Headers */ = {isa = PBXBuildFile; fileRef = 32A86ED9250629D6001B0D95 /* QLLiveModelEnvironment.h */; };
		32A86F0A250629D7001B0D95 /* QLLiveModelEnvironment_Protocol.h in Headers */ = {isa = PBXBuildFile; fileRef = 32A86EDA250629D6001B0D95 /* QLLiveModelEnvironment_Protocol.h */; };
		32A86F0B250629D7001B0D95 /* QLLiveModelEnvironment.m in Sources */ = {isa = PBXBuildFile; fileRef = 32A86EDB250629D6001B0D95 /* QLLiveModelEnvironment.m */; };
		32A86F0C250629D7001B0D95 /* QLLiveModelEnvironment.m in Sources */ = {isa = PBXBuildFile; fileRef = 32A86EDB250629D6001B0D95 /* QLLiveModelEnvironment.m */; };
		32A86F0D250629D7001B0D95 /* QLLiveModuler.h in Headers */ = {isa = PBXBuildFile; fileRef = 32A86EDC250629D6001B0D95 /* QLLiveModuler.h */; settings = {ATTRIBUTES = (Public, ); }; };
		32DB563E24DFA63900AD669F /* AppDelegate.m in Sources */ = {isa = PBXBuildFile; fileRef = 32DB563D24DFA63900AD669F /* AppDelegate.m */; };
		32DB564424DFA63900AD669F /* ViewController.m in Sources */ = {isa = PBXBuildFile; fileRef = 32DB564324DFA63900AD669F /* ViewController.m */; };
		32DB564924DFA63D00AD669F /* Assets.xcassets in Resources */ = {isa = PBXBuildFile; fileRef = 32DB564824DFA63D00AD669F /* Assets.xcassets */; };
		32DB564C24DFA63D00AD669F /* LaunchScreen.storyboard in Resources */ = {isa = PBXBuildFile; fileRef = 32DB564A24DFA63D00AD669F /* LaunchScreen.storyboard */; };
		32DB564F24DFA63D00AD669F /* main.m in Sources */ = {isa = PBXBuildFile; fileRef = 32DB564E24DFA63D00AD669F /* main.m */; };
/* End PBXBuildFile section */

/* Begin PBXContainerItemProxy section */
		32A86D202505D0E0001B0D95 /* PBXContainerItemProxy */ = {
			isa = PBXContainerItemProxy;
			containerPortal = 32DB563124DFA63900AD669F /* Project object */;
			proxyType = 1;
			remoteGlobalIDString = 32A86D1A2505D0E0001B0D95;
			remoteInfo = QLLiveModuler;
		};
		32A86F1425062DEC001B0D95 /* PBXContainerItemProxy */ = {
			isa = PBXContainerItemProxy;
			containerPortal = 32A86F1025062DEC001B0D95 /* Example-OC.xcodeproj */;
			proxyType = 2;
			remoteGlobalIDString = 32A86D432505D1D8001B0D95;
			remoteInfo = "Example-OC";
		};
		32A86F1E25062FD4001B0D95 /* PBXContainerItemProxy */ = {
			isa = PBXContainerItemProxy;
			containerPortal = 32A86F1925062FD3001B0D95 /* Example-swift.xcodeproj */;
			proxyType = 2;
			remoteGlobalIDString = 32A86D882505D808001B0D95;
			remoteInfo = "Example-swift";
		};
		32A86F2C250630D7001B0D95 /* PBXContainerItemProxy */ = {
			isa = PBXContainerItemProxy;
			containerPortal = 32A86F20250630D7001B0D95 /* Pods.xcodeproj */;
			proxyType = 2;
			remoteGlobalIDString = A4FA15D44DF6BAC7550EDEED10862AA3;
			remoteInfo = AFNetworking;
		};
		32A86F2E250630D7001B0D95 /* PBXContainerItemProxy */ = {
			isa = PBXContainerItemProxy;
			containerPortal = 32A86F20250630D7001B0D95 /* Pods.xcodeproj */;
			proxyType = 2;
			remoteGlobalIDString = C3A46B03C308EEEB11F2A62BA5D2E8BE;
			remoteInfo = JXCategoryView;
		};
		32A86F30250630D7001B0D95 /* PBXContainerItemProxy */ = {
			isa = PBXContainerItemProxy;
			containerPortal = 32A86F20250630D7001B0D95 /* Pods.xcodeproj */;
			proxyType = 2;
			remoteGlobalIDString = 2F4A1CCB21DB7EA5A2ACEB11E374FBCA;
			remoteInfo = JXPagingView;
		};
		32A86F32250630D7001B0D95 /* PBXContainerItemProxy */ = {
			isa = PBXContainerItemProxy;
			containerPortal = 32A86F20250630D7001B0D95 /* Pods.xcodeproj */;
			proxyType = 2;
			remoteGlobalIDString = 1FFED36A657123030ABB700256D73F15;
			remoteInfo = Masonry;
		};
		32A86F34250630D7001B0D95 /* PBXContainerItemProxy */ = {
			isa = PBXContainerItemProxy;
			containerPortal = 32A86F20250630D7001B0D95 /* Pods.xcodeproj */;
			proxyType = 2;
			remoteGlobalIDString = E49D6D248DD1CEE584E6776B9164A1B2;
			remoteInfo = MJRefresh;
		};
		32A86F36250630D7001B0D95 /* PBXContainerItemProxy */ = {
			isa = PBXContainerItemProxy;
			containerPortal = 32A86F20250630D7001B0D95 /* Pods.xcodeproj */;
			proxyType = 2;
			remoteGlobalIDString = 73AC1AE044E2E2C3223CB821C7905EA0;
			remoteInfo = "Pods-Example-OC";
		};
		32A86F38250630D7001B0D95 /* PBXContainerItemProxy */ = {
			isa = PBXContainerItemProxy;
			containerPortal = 32A86F20250630D7001B0D95 /* Pods.xcodeproj */;
			proxyType = 2;
			remoteGlobalIDString = B0B214D775196BA7CA8E17E53048A493;
			remoteInfo = SDWebImage;
		};
		32A86F3A250630D7001B0D95 /* PBXContainerItemProxy */ = {
			isa = PBXContainerItemProxy;
			containerPortal = 32A86F20250630D7001B0D95 /* Pods.xcodeproj */;
			proxyType = 2;
			remoteGlobalIDString = 601EEA66C9A6080A11C1ADE5E2A91AE1;
			remoteInfo = YTKNetwork;
		};
/* End PBXContainerItemProxy section */

/* Begin PBXCopyFilesBuildPhase section */
		32A86D232505D0E0001B0D95 /* Embed Frameworks */ = {
			isa = PBXCopyFilesBuildPhase;
			buildActionMask = 2147483647;
			dstPath = "";
			dstSubfolderSpec = 10;
			files = (
				32A86D242505D0E0001B0D95 /* QLLiveModuler.framework in Embed Frameworks */,
			);
			name = "Embed Frameworks";
			runOnlyForDeploymentPostprocessing = 0;
		};
/* End PBXCopyFilesBuildPhase section */

/* Begin PBXFileReference section */
		32A86D1B2505D0E0001B0D95 /* QLLiveModuler.framework */ = {isa = PBXFileReference; explicitFileType = wrapper.framework; includeInIndex = 0; path = QLLiveModuler.framework; sourceTree = BUILT_PRODUCTS_DIR; };
		32A86EB1250629D6001B0D95 /* QLLiveModuleDataSource.m */ = {isa = PBXFileReference; fileEncoding = 4; lastKnownFileType = sourcecode.c.objc; path = QLLiveModuleDataSource.m; sourceTree = "<group>"; };
		32A86EB2250629D6001B0D95 /* QLLiveModuleDataSourceAble.h */ = {isa = PBXFileReference; fileEncoding = 4; lastKnownFileType = sourcecode.c.h; path = QLLiveModuleDataSourceAble.h; sourceTree = "<group>"; };
		32A86EB3250629D6001B0D95 /* QLLiveModuleDataSource.h */ = {isa = PBXFileReference; fileEncoding = 4; lastKnownFileType = sourcecode.c.h; path = QLLiveModuleDataSource.h; sourceTree = "<group>"; };
		32A86EB5250629D6001B0D95 /* QLLiveBaseLayout.h */ = {isa = PBXFileReference; fileEncoding = 4; lastKnownFileType = sourcecode.c.h; path = QLLiveBaseLayout.h; sourceTree = "<group>"; };
		32A86EB7250629D6001B0D95 /* QLLiveFlexLayout.h */ = {isa = PBXFileReference; fileEncoding = 4; lastKnownFileType = sourcecode.c.h; path = QLLiveFlexLayout.h; sourceTree = "<group>"; };
		32A86EB8250629D6001B0D95 /* QLLiveWaterfallLayout.m */ = {isa = PBXFileReference; fileEncoding = 4; lastKnownFileType = sourcecode.c.objc; path = QLLiveWaterfallLayout.m; sourceTree = "<group>"; };
		32A86EB9250629D6001B0D95 /* QLLiveGridLayout.m */ = {isa = PBXFileReference; fileEncoding = 4; lastKnownFileType = sourcecode.c.objc; path = QLLiveGridLayout.m; sourceTree = "<group>"; };
		32A86EBA250629D6001B0D95 /* QLLiveListLayout.m */ = {isa = PBXFileReference; fileEncoding = 4; lastKnownFileType = sourcecode.c.objc; path = QLLiveListLayout.m; sourceTree = "<group>"; };
		32A86EBB250629D6001B0D95 /* QLLiveFlexLayout.m */ = {isa = PBXFileReference; fileEncoding = 4; lastKnownFileType = sourcecode.c.objc; path = QLLiveFlexLayout.m; sourceTree = "<group>"; };
		32A86EBC250629D6001B0D95 /* QLLiveWaterfallLayout.h */ = {isa = PBXFileReference; fileEncoding = 4; lastKnownFileType = sourcecode.c.h; path = QLLiveWaterfallLayout.h; sourceTree = "<group>"; };
		32A86EBD250629D6001B0D95 /* QLLiveListLayout.h */ = {isa = PBXFileReference; fileEncoding = 4; lastKnownFileType = sourcecode.c.h; path = QLLiveListLayout.h; sourceTree = "<group>"; };
		32A86EBE250629D6001B0D95 /* QLLiveGridLayout.h */ = {isa = PBXFileReference; fileEncoding = 4; lastKnownFileType = sourcecode.c.h; path = QLLiveGridLayout.h; sourceTree = "<group>"; };
		32A86EBF250629D6001B0D95 /* QLLiveBaseLayout.m */ = {isa = PBXFileReference; fileEncoding = 4; lastKnownFileType = sourcecode.c.objc; path = QLLiveBaseLayout.m; sourceTree = "<group>"; };
		32A86EC1250629D6001B0D95 /* QLLiveModule.h */ = {isa = PBXFileReference; fileEncoding = 4; lastKnownFileType = sourcecode.c.h; path = QLLiveModule.h; sourceTree = "<group>"; };
		32A86EC2250629D6001B0D95 /* QLLiveModule.m */ = {isa = PBXFileReference; fileEncoding = 4; lastKnownFileType = sourcecode.c.objc; path = QLLiveModule.m; sourceTree = "<group>"; };
		32A86EC4250629D6001B0D95 /* QLLiveComponentDecorateContents.m */ = {isa = PBXFileReference; fileEncoding = 4; lastKnownFileType = sourcecode.c.objc; path = QLLiveComponentDecorateContents.m; sourceTree = "<group>"; };
		32A86EC5250629D6001B0D95 /* QLLiveComponent.h */ = {isa = PBXFileReference; fileEncoding = 4; lastKnownFileType = sourcecode.c.h; path = QLLiveComponent.h; sourceTree = "<group>"; };
		32A86EC6250629D6001B0D95 /* QLLiveComponentDecorateContents.h */ = {isa = PBXFileReference; fileEncoding = 4; lastKnownFileType = sourcecode.c.h; path = QLLiveComponentDecorateContents.h; sourceTree = "<group>"; };
		32A86EC7250629D6001B0D95 /* QLLiveComponent.m */ = {isa = PBXFileReference; fileEncoding = 4; lastKnownFileType = sourcecode.c.objc; path = QLLiveComponent.m; sourceTree = "<group>"; };
		32A86ECA250629D6001B0D95 /* QLLiveModuleFlowLayout.m */ = {isa = PBXFileReference; fileEncoding = 4; lastKnownFileType = sourcecode.c.objc; path = QLLiveModuleFlowLayout.m; sourceTree = "<group>"; };
		32A86ECB250629D6001B0D95 /* QLLiveDecorateSectionLayoutAttributes.h */ = {isa = PBXFileReference; fileEncoding = 4; lastKnownFileType = sourcecode.c.h; path = QLLiveDecorateSectionLayoutAttributes.h; sourceTree = "<group>"; };
		32A86ECC250629D6001B0D95 /* QLLiveModuleFlowLayout.h */ = {isa = PBXFileReference; fileEncoding = 4; lastKnownFileType = sourcecode.c.h; path = QLLiveModuleFlowLayout.h; sourceTree = "<group>"; };
		32A86ECD250629D6001B0D95 /* QLLiveDecorateSectionLayoutAttributes.m */ = {isa = PBXFileReference; fileEncoding = 4; lastKnownFileType = sourcecode.c.objc; path = QLLiveDecorateSectionLayoutAttributes.m; sourceTree = "<group>"; };
		32A86ECF250629D6001B0D95 /* QLLiveModuleAdapterProxy.m */ = {isa = PBXFileReference; fileEncoding = 4; lastKnownFileType = sourcecode.c.objc; path = QLLiveModuleAdapterProxy.m; sourceTree = "<group>"; };
		32A86ED0250629D6001B0D95 /* QLLiveModuleAdapterProxy.h */ = {isa = PBXFileReference; fileEncoding = 4; lastKnownFileType = sourcecode.c.h; path = QLLiveModuleAdapterProxy.h; sourceTree = "<group>"; };
		32A86ED2250629D6001B0D95 /* QLOrthogonalScrollerEmbeddedScrollView.h */ = {isa = PBXFileReference; fileEncoding = 4; lastKnownFileType = sourcecode.c.h; path = QLOrthogonalScrollerEmbeddedScrollView.h; sourceTree = "<group>"; };
		32A86ED3250629D6001B0D95 /* QLOrthogonalScrollerEmbeddedScrollView.m */ = {isa = PBXFileReference; fileEncoding = 4; lastKnownFileType = sourcecode.c.objc; path = QLOrthogonalScrollerEmbeddedScrollView.m; sourceTree = "<group>"; };
		32A86ED5250629D6001B0D95 /* QLLiveBaseLayout_Private.h */ = {isa = PBXFileReference; fileEncoding = 4; lastKnownFileType = sourcecode.c.h; path = QLLiveBaseLayout_Private.h; sourceTree = "<group>"; };
		32A86ED6250629D6001B0D95 /* QLLiveComponent_Private.h */ = {isa = PBXFileReference; fileEncoding = 4; lastKnownFileType = sourcecode.c.h; path = QLLiveComponent_Private.h; sourceTree = "<group>"; };
		32A86ED7250629D6001B0D95 /* QLLiveModuleDataSource_Private.h */ = {isa = PBXFileReference; fileEncoding = 4; lastKnownFileType = sourcecode.c.h; path = QLLiveModuleDataSource_Private.h; sourceTree = "<group>"; };
		32A86ED9250629D6001B0D95 /* QLLiveModelEnvironment.h */ = {isa = PBXFileReference; fileEncoding = 4; lastKnownFileType = sourcecode.c.h; path = QLLiveModelEnvironment.h; sourceTree = "<group>"; };
		32A86EDA250629D6001B0D95 /* QLLiveModelEnvironment_Protocol.h */ = {isa = PBXFileReference; fileEncoding = 4; lastKnownFileType = sourcecode.c.h; path = QLLiveModelEnvironment_Protocol.h; sourceTree = "<group>"; };
		32A86EDB250629D6001B0D95 /* QLLiveModelEnvironment.m */ = {isa = PBXFileReference; fileEncoding = 4; lastKnownFileType = sourcecode.c.objc; path = QLLiveModelEnvironment.m; sourceTree = "<group>"; };
		32A86EDC250629D6001B0D95 /* QLLiveModuler.h */ = {isa = PBXFileReference; fileEncoding = 4; lastKnownFileType = sourcecode.c.h; path = QLLiveModuler.h; sourceTree = "<group>"; };
		32A86F1025062DEC001B0D95 /* Example-OC.xcodeproj */ = {isa = PBXFileReference; lastKnownFileType = "wrapper.pb-project"; name = "Example-OC.xcodeproj"; path = "Example-OC/Example-OC.xcodeproj"; sourceTree = "<group>"; };
		32A86F1925062FD3001B0D95 /* Example-swift.xcodeproj */ = {isa = PBXFileReference; lastKnownFileType = "wrapper.pb-project"; name = "Example-swift.xcodeproj"; path = "Example-swift/Example-swift.xcodeproj"; sourceTree = "<group>"; };
		32A86F20250630D7001B0D95 /* Pods.xcodeproj */ = {isa = PBXFileReference; lastKnownFileType = "wrapper.pb-project"; name = Pods.xcodeproj; path = "Example-OC/Pods/Pods.xcodeproj"; sourceTree = "<group>"; };
		32DB563924DFA63900AD669F /* QILievModule.app */ = {isa = PBXFileReference; explicitFileType = wrapper.application; includeInIndex = 0; path = QILievModule.app; sourceTree = BUILT_PRODUCTS_DIR; };
		32DB563C24DFA63900AD669F /* AppDelegate.h */ = {isa = PBXFileReference; lastKnownFileType = sourcecode.c.h; path = AppDelegate.h; sourceTree = "<group>"; };
		32DB563D24DFA63900AD669F /* AppDelegate.m */ = {isa = PBXFileReference; lastKnownFileType = sourcecode.c.objc; path = AppDelegate.m; sourceTree = "<group>"; };
		32DB564224DFA63900AD669F /* ViewController.h */ = {isa = PBXFileReference; lastKnownFileType = sourcecode.c.h; path = ViewController.h; sourceTree = "<group>"; };
		32DB564324DFA63900AD669F /* ViewController.m */ = {isa = PBXFileReference; lastKnownFileType = sourcecode.c.objc; path = ViewController.m; sourceTree = "<group>"; };
		32DB564824DFA63D00AD669F /* Assets.xcassets */ = {isa = PBXFileReference; lastKnownFileType = folder.assetcatalog; path = Assets.xcassets; sourceTree = "<group>"; };
		32DB564B24DFA63D00AD669F /* Base */ = {isa = PBXFileReference; lastKnownFileType = file.storyboard; name = Base; path = Base.lproj/LaunchScreen.storyboard; sourceTree = "<group>"; };
		32DB564E24DFA63D00AD669F /* main.m */ = {isa = PBXFileReference; lastKnownFileType = sourcecode.c.objc; path = main.m; sourceTree = "<group>"; };
		32DB567A24DFAD9E00AD669F /* PrefixHeader.pch */ = {isa = PBXFileReference; lastKnownFileType = sourcecode.c.h; name = PrefixHeader.pch; path = "../Example-OC/Example-OC/PrefixHeader.pch"; sourceTree = "<group>"; };
		925B7A0C52CAD1C3858066C5 /* Pods_QILievModule.framework */ = {isa = PBXFileReference; explicitFileType = wrapper.framework; includeInIndex = 0; path = Pods_QILievModule.framework; sourceTree = BUILT_PRODUCTS_DIR; };
/* End PBXFileReference section */

/* Begin PBXFrameworksBuildPhase section */
		32A86D182505D0E0001B0D95 /* Frameworks */ = {
			isa = PBXFrameworksBuildPhase;
			buildActionMask = 2147483647;
			files = (
			);
			runOnlyForDeploymentPostprocessing = 0;
		};
		32DB563624DFA63900AD669F /* Frameworks */ = {
			isa = PBXFrameworksBuildPhase;
			buildActionMask = 2147483647;
			files = (
				32A86D222505D0E0001B0D95 /* QLLiveModuler.framework in Frameworks */,
			);
			runOnlyForDeploymentPostprocessing = 0;
		};
/* End PBXFrameworksBuildPhase section */

/* Begin PBXGroup section */
		32A86EAE250629D6001B0D95 /* QLLiveModuler */ = {
			isa = PBXGroup;
			children = (
				32A86EAF250629D6001B0D95 /* Public */,
				32A86EC8250629D6001B0D95 /* Private */,
				32A86EDC250629D6001B0D95 /* QLLiveModuler.h */,
			);
			path = QLLiveModuler;
			sourceTree = SOURCE_ROOT;
		};
		32A86EAF250629D6001B0D95 /* Public */ = {
			isa = PBXGroup;
			children = (
				32A86EC0250629D6001B0D95 /* Module */,
				32A86EC3250629D6001B0D95 /* Component */,
				32A86EB0250629D6001B0D95 /* Datasource */,
				32A86EB4250629D6001B0D95 /* Layout */,
			);
			path = Public;
			sourceTree = "<group>";
		};
		32A86EB0250629D6001B0D95 /* Datasource */ = {
			isa = PBXGroup;
			children = (
				32A86EB3250629D6001B0D95 /* QLLiveModuleDataSource.h */,
				32A86EB1250629D6001B0D95 /* QLLiveModuleDataSource.m */,
				32A86EB2250629D6001B0D95 /* QLLiveModuleDataSourceAble.h */,
			);
			path = Datasource;
			sourceTree = "<group>";
		};
		32A86EB4250629D6001B0D95 /* Layout */ = {
			isa = PBXGroup;
			children = (
				32A86EB5250629D6001B0D95 /* QLLiveBaseLayout.h */,
				32A86EBF250629D6001B0D95 /* QLLiveBaseLayout.m */,
				32A86EB6250629D6001B0D95 /* Layouts */,
			);
			path = Layout;
			sourceTree = "<group>";
		};
		32A86EB6250629D6001B0D95 /* Layouts */ = {
			isa = PBXGroup;
			children = (
				32A86EB7250629D6001B0D95 /* QLLiveFlexLayout.h */,
				32A86EBB250629D6001B0D95 /* QLLiveFlexLayout.m */,
				32A86EBE250629D6001B0D95 /* QLLiveGridLayout.h */,
				32A86EB9250629D6001B0D95 /* QLLiveGridLayout.m */,
				32A86EBD250629D6001B0D95 /* QLLiveListLayout.h */,
				32A86EBA250629D6001B0D95 /* QLLiveListLayout.m */,
				32A86EBC250629D6001B0D95 /* QLLiveWaterfallLayout.h */,
				32A86EB8250629D6001B0D95 /* QLLiveWaterfallLayout.m */,
			);
			path = Layouts;
			sourceTree = "<group>";
		};
		32A86EC0250629D6001B0D95 /* Module */ = {
			isa = PBXGroup;
			children = (
				32A86EC1250629D6001B0D95 /* QLLiveModule.h */,
				32A86EC2250629D6001B0D95 /* QLLiveModule.m */,
			);
			path = Module;
			sourceTree = "<group>";
		};
		32A86EC3250629D6001B0D95 /* Component */ = {
			isa = PBXGroup;
			children = (
				32A86EC4250629D6001B0D95 /* QLLiveComponentDecorateContents.m */,
				32A86EC5250629D6001B0D95 /* QLLiveComponent.h */,
				32A86EC6250629D6001B0D95 /* QLLiveComponentDecorateContents.h */,
				32A86EC7250629D6001B0D95 /* QLLiveComponent.m */,
			);
			path = Component;
			sourceTree = "<group>";
		};
		32A86EC8250629D6001B0D95 /* Private */ = {
			isa = PBXGroup;
			children = (
				32A86EC9250629D6001B0D95 /* QLLiveModuleFlowLayoutWrapper */,
				32A86ECE250629D6001B0D95 /* QLLiveModuleAdapterProxy */,
				32A86ED1250629D6001B0D95 /* OrthogonalScroll */,
				32A86ED4250629D6001B0D95 /* Private */,
				32A86ED8250629D6001B0D95 /* Environment */,
			);
			path = Private;
			sourceTree = "<group>";
		};
		32A86EC9250629D6001B0D95 /* QLLiveModuleFlowLayoutWrapper */ = {
			isa = PBXGroup;
			children = (
				32A86ECA250629D6001B0D95 /* QLLiveModuleFlowLayout.m */,
				32A86ECB250629D6001B0D95 /* QLLiveDecorateSectionLayoutAttributes.h */,
				32A86ECC250629D6001B0D95 /* QLLiveModuleFlowLayout.h */,
				32A86ECD250629D6001B0D95 /* QLLiveDecorateSectionLayoutAttributes.m */,
			);
			path = QLLiveModuleFlowLayoutWrapper;
			sourceTree = "<group>";
		};
		32A86ECE250629D6001B0D95 /* QLLiveModuleAdapterProxy */ = {
			isa = PBXGroup;
			children = (
				32A86ECF250629D6001B0D95 /* QLLiveModuleAdapterProxy.m */,
				32A86ED0250629D6001B0D95 /* QLLiveModuleAdapterProxy.h */,
			);
			path = QLLiveModuleAdapterProxy;
			sourceTree = "<group>";
		};
		32A86ED1250629D6001B0D95 /* OrthogonalScroll */ = {
			isa = PBXGroup;
			children = (
				32A86ED2250629D6001B0D95 /* QLOrthogonalScrollerEmbeddedScrollView.h */,
				32A86ED3250629D6001B0D95 /* QLOrthogonalScrollerEmbeddedScrollView.m */,
			);
			path = OrthogonalScroll;
			sourceTree = "<group>";
		};
		32A86ED4250629D6001B0D95 /* Private */ = {
			isa = PBXGroup;
			children = (
				32A86ED5250629D6001B0D95 /* QLLiveBaseLayout_Private.h */,
				32A86ED6250629D6001B0D95 /* QLLiveComponent_Private.h */,
				32A86ED7250629D6001B0D95 /* QLLiveModuleDataSource_Private.h */,
			);
			path = Private;
			sourceTree = "<group>";
		};
		32A86ED8250629D6001B0D95 /* Environment */ = {
			isa = PBXGroup;
			children = (
				32A86ED9250629D6001B0D95 /* QLLiveModelEnvironment.h */,
				32A86EDA250629D6001B0D95 /* QLLiveModelEnvironment_Protocol.h */,
				32A86EDB250629D6001B0D95 /* QLLiveModelEnvironment.m */,
			);
			path = Environment;
			sourceTree = "<group>";
		};
		32A86F1125062DEC001B0D95 /* Products */ = {
			isa = PBXGroup;
			children = (
				32A86F1525062DEC001B0D95 /* Example-OC.app */,
			);
			name = Products;
			sourceTree = "<group>";
		};
		32A86F1A25062FD3001B0D95 /* Products */ = {
			isa = PBXGroup;
			children = (
				32A86F1F25062FD4001B0D95 /* Example-swift.app */,
			);
			name = Products;
			sourceTree = "<group>";
		};
		32A86F21250630D7001B0D95 /* Products */ = {
			isa = PBXGroup;
			children = (
				32A86F2D250630D7001B0D95 /* AFNetworking.framework */,
				32A86F2F250630D7001B0D95 /* JXCategoryView.framework */,
				32A86F31250630D7001B0D95 /* JXPagingView.framework */,
				32A86F33250630D7001B0D95 /* Masonry.framework */,
				32A86F35250630D7001B0D95 /* MJRefresh.framework */,
				32A86F37250630D7001B0D95 /* Pods_Example_OC.framework */,
				32A86F39250630D7001B0D95 /* SDWebImage.framework */,
				32A86F3B250630D7001B0D95 /* YTKNetwork.framework */,
			);
			name = Products;
			sourceTree = "<group>";
		};
		32DB563024DFA63900AD669F = {
			isa = PBXGroup;
			children = (
				32A86F20250630D7001B0D95 /* Pods.xcodeproj */,
				32A86F1925062FD3001B0D95 /* Example-swift.xcodeproj */,
				32A86F1025062DEC001B0D95 /* Example-OC.xcodeproj */,
				32DB563B24DFA63900AD669F /* QILievModule */,
				32DB563A24DFA63900AD669F /* Products */,
				C8C3E5F001457B4DBB3EF2A3 /* Frameworks */,
			);
			sourceTree = "<group>";
		};
		32DB563A24DFA63900AD669F /* Products */ = {
			isa = PBXGroup;
			children = (
				32DB563924DFA63900AD669F /* QILievModule.app */,
				32A86D1B2505D0E0001B0D95 /* QLLiveModuler.framework */,
			);
			name = Products;
			sourceTree = "<group>";
		};
		32DB563B24DFA63900AD669F /* QILievModule */ = {
			isa = PBXGroup;
			children = (
				32DB563C24DFA63900AD669F /* AppDelegate.h */,
				32DB563D24DFA63900AD669F /* AppDelegate.m */,
				32DB564224DFA63900AD669F /* ViewController.h */,
				32DB564324DFA63900AD669F /* ViewController.m */,
				32A86EAE250629D6001B0D95 /* QLLiveModuler */,
				32DB567A24DFAD9E00AD669F /* PrefixHeader.pch */,
				32DB564824DFA63D00AD669F /* Assets.xcassets */,
				32DB564A24DFA63D00AD669F /* LaunchScreen.storyboard */,
				32DB564E24DFA63D00AD669F /* main.m */,
			);
			path = QILievModule;
			sourceTree = "<group>";
		};
		C8C3E5F001457B4DBB3EF2A3 /* Frameworks */ = {
			isa = PBXGroup;
			children = (
				925B7A0C52CAD1C3858066C5 /* Pods_QILievModule.framework */,
			);
			name = Frameworks;
			sourceTree = "<group>";
		};
/* End PBXGroup section */

/* Begin PBXHeadersBuildPhase section */
		32A86D162505D0E0001B0D95 /* Headers */ = {
			isa = PBXHeadersBuildPhase;
			buildActionMask = 2147483647;
			files = (
				32A86EE1250629D6001B0D95 /* QLLiveModuleDataSource.h in Headers */,
				32A86EEE250629D7001B0D95 /* QLLiveGridLayout.h in Headers */,
				32A86EE2250629D6001B0D95 /* QLLiveBaseLayout.h in Headers */,
				32A86EFD250629D7001B0D95 /* QLLiveModuleFlowLayout.h in Headers */,
				32A86F0D250629D7001B0D95 /* QLLiveModuler.h in Headers */,
				32A86EEC250629D7001B0D95 /* QLLiveWaterfallLayout.h in Headers */,
				32A86EF6250629D7001B0D95 /* QLLiveComponent.h in Headers */,
				32A86EE3250629D6001B0D95 /* QLLiveFlexLayout.h in Headers */,
				32A86EE0250629D6001B0D95 /* QLLiveModuleDataSourceAble.h in Headers */,
				32A86EED250629D7001B0D95 /* QLLiveListLayout.h in Headers */,
				32A86EF7250629D7001B0D95 /* QLLiveComponentDecorateContents.h in Headers */,
				32A86EF1250629D7001B0D95 /* QLLiveModule.h in Headers */,
				32A86F08250629D7001B0D95 /* QLLiveModuleDataSource_Private.h in Headers */,
				32A86F06250629D7001B0D95 /* QLLiveBaseLayout_Private.h in Headers */,
				32A86F07250629D7001B0D95 /* QLLiveComponent_Private.h in Headers */,
				32A86F02250629D7001B0D95 /* QLLiveModuleAdapterProxy.h in Headers */,
				32A86F09250629D7001B0D95 /* QLLiveModelEnvironment.h in Headers */,
				32A86EFC250629D7001B0D95 /* QLLiveDecorateSectionLayoutAttributes.h in Headers */,
				32A86F0A250629D7001B0D95 /* QLLiveModelEnvironment_Protocol.h in Headers */,
				32A86F03250629D7001B0D95 /* QLOrthogonalScrollerEmbeddedScrollView.h in Headers */,
			);
			runOnlyForDeploymentPostprocessing = 0;
		};
/* End PBXHeadersBuildPhase section */

/* Begin PBXNativeTarget section */
		32A86D1A2505D0E0001B0D95 /* QLLiveModuler */ = {
			isa = PBXNativeTarget;
			buildConfigurationList = 32A86D272505D0E0001B0D95 /* Build configuration list for PBXNativeTarget "QLLiveModuler" */;
			buildPhases = (
				32A86D162505D0E0001B0D95 /* Headers */,
				32A86D172505D0E0001B0D95 /* Sources */,
				32A86D182505D0E0001B0D95 /* Frameworks */,
				32A86D192505D0E0001B0D95 /* Resources */,
			);
			buildRules = (
			);
			dependencies = (
			);
			name = QLLiveModuler;
			productName = QLLiveModuler;
			productReference = 32A86D1B2505D0E0001B0D95 /* QLLiveModuler.framework */;
			productType = "com.apple.product-type.framework";
		};
		32DB563824DFA63900AD669F /* QILievModule */ = {
			isa = PBXNativeTarget;
			buildConfigurationList = 32DB565224DFA63D00AD669F /* Build configuration list for PBXNativeTarget "QILievModule" */;
			buildPhases = (
				32DB563524DFA63900AD669F /* Sources */,
				32DB563624DFA63900AD669F /* Frameworks */,
				32DB563724DFA63900AD669F /* Resources */,
				32A86D232505D0E0001B0D95 /* Embed Frameworks */,
			);
			buildRules = (
			);
			dependencies = (
				32A86D212505D0E0001B0D95 /* PBXTargetDependency */,
			);
			name = QILievModule;
			productName = QILievModule;
			productReference = 32DB563924DFA63900AD669F /* QILievModule.app */;
			productType = "com.apple.product-type.application";
		};
/* End PBXNativeTarget section */

/* Begin PBXProject section */
		32DB563124DFA63900AD669F /* Project object */ = {
			isa = PBXProject;
			attributes = {
				LastUpgradeCheck = 1150;
				ORGANIZATIONNAME = Rocky;
				TargetAttributes = {
					32A86D1A2505D0E0001B0D95 = {
						CreatedOnToolsVersion = 11.5;
					};
					32DB563824DFA63900AD669F = {
						CreatedOnToolsVersion = 11.5;
					};
				};
			};
			buildConfigurationList = 32DB563424DFA63900AD669F /* Build configuration list for PBXProject "QILievModule" */;
			compatibilityVersion = "Xcode 9.3";
			developmentRegion = en;
			hasScannedForEncodings = 0;
			knownRegions = (
				en,
				Base,
			);
			mainGroup = 32DB563024DFA63900AD669F;
			productRefGroup = 32DB563A24DFA63900AD669F /* Products */;
			projectDirPath = "";
			projectReferences = (
				{
					ProductGroup = 32A86F1125062DEC001B0D95 /* Products */;
					ProjectRef = 32A86F1025062DEC001B0D95 /* Example-OC.xcodeproj */;
				},
				{
					ProductGroup = 32A86F1A25062FD3001B0D95 /* Products */;
					ProjectRef = 32A86F1925062FD3001B0D95 /* Example-swift.xcodeproj */;
				},
				{
					ProductGroup = 32A86F21250630D7001B0D95 /* Products */;
					ProjectRef = 32A86F20250630D7001B0D95 /* Pods.xcodeproj */;
				},
			);
			projectRoot = "";
			targets = (
				32DB563824DFA63900AD669F /* QILievModule */,
				32A86D1A2505D0E0001B0D95 /* QLLiveModuler */,
			);
		};
/* End PBXProject section */

/* Begin PBXReferenceProxy section */
		32A86F1525062DEC001B0D95 /* Example-OC.app */ = {
			isa = PBXReferenceProxy;
			fileType = wrapper.application;
			path = "Example-OC.app";
			remoteRef = 32A86F1425062DEC001B0D95 /* PBXContainerItemProxy */;
			sourceTree = BUILT_PRODUCTS_DIR;
		};
		32A86F1F25062FD4001B0D95 /* Example-swift.app */ = {
			isa = PBXReferenceProxy;
			fileType = wrapper.application;
			path = "Example-swift.app";
			remoteRef = 32A86F1E25062FD4001B0D95 /* PBXContainerItemProxy */;
			sourceTree = BUILT_PRODUCTS_DIR;
		};
		32A86F2D250630D7001B0D95 /* AFNetworking.framework */ = {
			isa = PBXReferenceProxy;
			fileType = wrapper.framework;
			path = AFNetworking.framework;
			remoteRef = 32A86F2C250630D7001B0D95 /* PBXContainerItemProxy */;
			sourceTree = BUILT_PRODUCTS_DIR;
		};
		32A86F2F250630D7001B0D95 /* JXCategoryView.framework */ = {
			isa = PBXReferenceProxy;
			fileType = wrapper.framework;
			path = JXCategoryView.framework;
			remoteRef = 32A86F2E250630D7001B0D95 /* PBXContainerItemProxy */;
			sourceTree = BUILT_PRODUCTS_DIR;
		};
		32A86F31250630D7001B0D95 /* JXPagingView.framework */ = {
			isa = PBXReferenceProxy;
			fileType = wrapper.framework;
			path = JXPagingView.framework;
			remoteRef = 32A86F30250630D7001B0D95 /* PBXContainerItemProxy */;
			sourceTree = BUILT_PRODUCTS_DIR;
		};
		32A86F33250630D7001B0D95 /* Masonry.framework */ = {
			isa = PBXReferenceProxy;
			fileType = wrapper.framework;
			path = Masonry.framework;
			remoteRef = 32A86F32250630D7001B0D95 /* PBXContainerItemProxy */;
			sourceTree = BUILT_PRODUCTS_DIR;
		};
		32A86F35250630D7001B0D95 /* MJRefresh.framework */ = {
			isa = PBXReferenceProxy;
			fileType = wrapper.framework;
			path = MJRefresh.framework;
			remoteRef = 32A86F34250630D7001B0D95 /* PBXContainerItemProxy */;
			sourceTree = BUILT_PRODUCTS_DIR;
		};
		32A86F37250630D7001B0D95 /* Pods_Example_OC.framework */ = {
			isa = PBXReferenceProxy;
			fileType = wrapper.framework;
			path = Pods_Example_OC.framework;
			remoteRef = 32A86F36250630D7001B0D95 /* PBXContainerItemProxy */;
			sourceTree = BUILT_PRODUCTS_DIR;
		};
		32A86F39250630D7001B0D95 /* SDWebImage.framework */ = {
			isa = PBXReferenceProxy;
			fileType = wrapper.framework;
			path = SDWebImage.framework;
			remoteRef = 32A86F38250630D7001B0D95 /* PBXContainerItemProxy */;
			sourceTree = BUILT_PRODUCTS_DIR;
		};
		32A86F3B250630D7001B0D95 /* YTKNetwork.framework */ = {
			isa = PBXReferenceProxy;
			fileType = wrapper.framework;
			path = YTKNetwork.framework;
			remoteRef = 32A86F3A250630D7001B0D95 /* PBXContainerItemProxy */;
			sourceTree = BUILT_PRODUCTS_DIR;
		};
/* End PBXReferenceProxy section */

/* Begin PBXResourcesBuildPhase section */
		32A86D192505D0E0001B0D95 /* Resources */ = {
			isa = PBXResourcesBuildPhase;
			buildActionMask = 2147483647;
			files = (
			);
			runOnlyForDeploymentPostprocessing = 0;
		};
		32DB563724DFA63900AD669F /* Resources */ = {
			isa = PBXResourcesBuildPhase;
			buildActionMask = 2147483647;
			files = (
				32DB564C24DFA63D00AD669F /* LaunchScreen.storyboard in Resources */,
				32DB564924DFA63D00AD669F /* Assets.xcassets in Resources */,
			);
			runOnlyForDeploymentPostprocessing = 0;
		};
/* End PBXResourcesBuildPhase section */

/* Begin PBXSourcesBuildPhase section */
		32A86D172505D0E0001B0D95 /* Sources */ = {
			isa = PBXSourcesBuildPhase;
			buildActionMask = 2147483647;
			files = (
				32A86EEB250629D6001B0D95 /* QLLiveFlexLayout.m in Sources */,
				32A86EF9250629D7001B0D95 /* QLLiveComponent.m in Sources */,
				32A86F01250629D7001B0D95 /* QLLiveModuleAdapterProxy.m in Sources */,
				32A86EF5250629D7001B0D95 /* QLLiveComponentDecorateContents.m in Sources */,
				32A86EDF250629D6001B0D95 /* QLLiveModuleDataSource.m in Sources */,
				32A86EE9250629D6001B0D95 /* QLLiveListLayout.m in Sources */,
				32A86F05250629D7001B0D95 /* QLOrthogonalScrollerEmbeddedScrollView.m in Sources */,
				32A86EF3250629D7001B0D95 /* QLLiveModule.m in Sources */,
				32A86F0C250629D7001B0D95 /* QLLiveModelEnvironment.m in Sources */,
				32A86EF0250629D7001B0D95 /* QLLiveBaseLayout.m in Sources */,
				32A86EFF250629D7001B0D95 /* QLLiveDecorateSectionLayoutAttributes.m in Sources */,
				32A86EE7250629D6001B0D95 /* QLLiveGridLayout.m in Sources */,
				32A86EFB250629D7001B0D95 /* QLLiveModuleFlowLayout.m in Sources */,
				32A86EE5250629D6001B0D95 /* QLLiveWaterfallLayout.m in Sources */,
			);
			runOnlyForDeploymentPostprocessing = 0;
		};
		32DB563524DFA63900AD669F /* Sources */ = {
			isa = PBXSourcesBuildPhase;
			buildActionMask = 2147483647;
			files = (
				32A86EEF250629D7001B0D95 /* QLLiveBaseLayout.m in Sources */,
				32A86EE8250629D6001B0D95 /* QLLiveListLayout.m in Sources */,
				32A86EE4250629D6001B0D95 /* QLLiveWaterfallLayout.m in Sources */,
				32A86F0B250629D7001B0D95 /* QLLiveModelEnvironment.m in Sources */,
				32A86F00250629D7001B0D95 /* QLLiveModuleAdapterProxy.m in Sources */,
				32DB564424DFA63900AD669F /* ViewController.m in Sources */,
				32A86EF2250629D7001B0D95 /* QLLiveModule.m in Sources */,
				32A86F04250629D7001B0D95 /* QLOrthogonalScrollerEmbeddedScrollView.m in Sources */,
				32DB563E24DFA63900AD669F /* AppDelegate.m in Sources */,
				32A86EF8250629D7001B0D95 /* QLLiveComponent.m in Sources */,
				32A86EEA250629D6001B0D95 /* QLLiveFlexLayout.m in Sources */,
				32DB564F24DFA63D00AD669F /* main.m in Sources */,
				32A86EFE250629D7001B0D95 /* QLLiveDecorateSectionLayoutAttributes.m in Sources */,
				32A86EDE250629D6001B0D95 /* QLLiveModuleDataSource.m in Sources */,
				32A86EFA250629D7001B0D95 /* QLLiveModuleFlowLayout.m in Sources */,
				32A86EF4250629D7001B0D95 /* QLLiveComponentDecorateContents.m in Sources */,
				32A86EE6250629D6001B0D95 /* QLLiveGridLayout.m in Sources */,
			);
			runOnlyForDeploymentPostprocessing = 0;
		};
/* End PBXSourcesBuildPhase section */

/* Begin PBXTargetDependency section */
		32A86D212505D0E0001B0D95 /* PBXTargetDependency */ = {
			isa = PBXTargetDependency;
			target = 32A86D1A2505D0E0001B0D95 /* QLLiveModuler */;
			targetProxy = 32A86D202505D0E0001B0D95 /* PBXContainerItemProxy */;
		};
/* End PBXTargetDependency section */

/* Begin PBXVariantGroup section */
		32DB564A24DFA63D00AD669F /* LaunchScreen.storyboard */ = {
			isa = PBXVariantGroup;
			children = (
				32DB564B24DFA63D00AD669F /* Base */,
			);
			name = LaunchScreen.storyboard;
			sourceTree = "<group>";
		};
/* End PBXVariantGroup section */

/* Begin XCBuildConfiguration section */
		32A86D252505D0E0001B0D95 /* Debug */ = {
			isa = XCBuildConfiguration;
			buildSettings = {
				CODE_SIGN_STYLE = Automatic;
				CURRENT_PROJECT_VERSION = 1;
				DEFINES_MODULE = YES;
				DEVELOPMENT_TEAM = PF3BSY7RH3;
				DYLIB_COMPATIBILITY_VERSION = 1;
				DYLIB_CURRENT_VERSION = 1;
				DYLIB_INSTALL_NAME_BASE = "@rpath";
				ENABLE_BITCODE = NO;
				INFOPLIST_FILE = QLLiveModuler/Info.plist;
				INSTALL_PATH = "$(LOCAL_LIBRARY_DIR)/Frameworks";
				IPHONEOS_DEPLOYMENT_TARGET = 11.0;
				LD_RUNPATH_SEARCH_PATHS = (
					"$(inherited)",
					"@executable_path/Frameworks",
					"@loader_path/Frameworks",
				);
				PRODUCT_BUNDLE_IDENTIFIER = com.rocky.QLLiveModuler;
				PRODUCT_NAME = "$(TARGET_NAME:c99extidentifier)";
				SKIP_INSTALL = YES;
				TARGETED_DEVICE_FAMILY = "1,2";
				VERSIONING_SYSTEM = "apple-generic";
				VERSION_INFO_PREFIX = "";
			};
			name = Debug;
		};
		32A86D262505D0E0001B0D95 /* Release */ = {
			isa = XCBuildConfiguration;
			buildSettings = {
				CODE_SIGN_STYLE = Automatic;
				CURRENT_PROJECT_VERSION = 1;
				DEFINES_MODULE = YES;
				DEVELOPMENT_TEAM = PF3BSY7RH3;
				DYLIB_COMPATIBILITY_VERSION = 1;
				DYLIB_CURRENT_VERSION = 1;
				DYLIB_INSTALL_NAME_BASE = "@rpath";
				ENABLE_BITCODE = NO;
				INFOPLIST_FILE = QLLiveModuler/Info.plist;
				INSTALL_PATH = "$(LOCAL_LIBRARY_DIR)/Frameworks";
				IPHONEOS_DEPLOYMENT_TARGET = 11.0;
				LD_RUNPATH_SEARCH_PATHS = (
					"$(inherited)",
					"@executable_path/Frameworks",
					"@loader_path/Frameworks",
				);
				PRODUCT_BUNDLE_IDENTIFIER = com.rocky.QLLiveModuler;
				PRODUCT_NAME = "$(TARGET_NAME:c99extidentifier)";
				SKIP_INSTALL = YES;
				TARGETED_DEVICE_FAMILY = "1,2";
				VERSIONING_SYSTEM = "apple-generic";
				VERSION_INFO_PREFIX = "";
			};
			name = Release;
		};
		32DB565024DFA63D00AD669F /* Debug */ = {
			isa = XCBuildConfiguration;
			buildSettings = {
				ALWAYS_SEARCH_USER_PATHS = NO;
				CLANG_ANALYZER_NONNULL = YES;
				CLANG_ANALYZER_NUMBER_OBJECT_CONVERSION = YES_AGGRESSIVE;
				CLANG_CXX_LANGUAGE_STANDARD = "gnu++14";
				CLANG_CXX_LIBRARY = "libc++";
				CLANG_ENABLE_MODULES = YES;
				CLANG_ENABLE_OBJC_ARC = YES;
				CLANG_ENABLE_OBJC_WEAK = YES;
				CLANG_WARN_BLOCK_CAPTURE_AUTORELEASING = YES;
				CLANG_WARN_BOOL_CONVERSION = YES;
				CLANG_WARN_COMMA = YES;
				CLANG_WARN_CONSTANT_CONVERSION = YES;
				CLANG_WARN_DEPRECATED_OBJC_IMPLEMENTATIONS = YES;
				CLANG_WARN_DIRECT_OBJC_ISA_USAGE = YES_ERROR;
				CLANG_WARN_DOCUMENTATION_COMMENTS = YES;
				CLANG_WARN_EMPTY_BODY = YES;
				CLANG_WARN_ENUM_CONVERSION = YES;
				CLANG_WARN_INFINITE_RECURSION = YES;
				CLANG_WARN_INT_CONVERSION = YES;
				CLANG_WARN_NON_LITERAL_NULL_CONVERSION = YES;
				CLANG_WARN_OBJC_IMPLICIT_RETAIN_SELF = YES;
				CLANG_WARN_OBJC_LITERAL_CONVERSION = YES;
				CLANG_WARN_OBJC_ROOT_CLASS = YES_ERROR;
				CLANG_WARN_RANGE_LOOP_ANALYSIS = YES;
				CLANG_WARN_STRICT_PROTOTYPES = YES;
				CLANG_WARN_SUSPICIOUS_MOVE = YES;
				CLANG_WARN_UNGUARDED_AVAILABILITY = YES_AGGRESSIVE;
				CLANG_WARN_UNREACHABLE_CODE = YES;
				CLANG_WARN__DUPLICATE_METHOD_MATCH = YES;
				COPY_PHASE_STRIP = NO;
				DEBUG_INFORMATION_FORMAT = dwarf;
				ENABLE_STRICT_OBJC_MSGSEND = YES;
				ENABLE_TESTABILITY = YES;
				GCC_C_LANGUAGE_STANDARD = gnu11;
				GCC_DYNAMIC_NO_PIC = NO;
				GCC_NO_COMMON_BLOCKS = YES;
				GCC_OPTIMIZATION_LEVEL = 0;
				GCC_PREPROCESSOR_DEFINITIONS = (
					"DEBUG=1",
					"$(inherited)",
				);
				GCC_WARN_64_TO_32_BIT_CONVERSION = YES;
				GCC_WARN_ABOUT_RETURN_TYPE = YES_ERROR;
				GCC_WARN_UNDECLARED_SELECTOR = YES;
				GCC_WARN_UNINITIALIZED_AUTOS = YES_AGGRESSIVE;
				GCC_WARN_UNUSED_FUNCTION = YES;
				GCC_WARN_UNUSED_VARIABLE = YES;
				IPHONEOS_DEPLOYMENT_TARGET = 13.5;
				MTL_ENABLE_DEBUG_INFO = INCLUDE_SOURCE;
				MTL_FAST_MATH = YES;
				ONLY_ACTIVE_ARCH = YES;
				SDKROOT = iphoneos;
			};
			name = Debug;
		};
		32DB565124DFA63D00AD669F /* Release */ = {
			isa = XCBuildConfiguration;
			buildSettings = {
				ALWAYS_SEARCH_USER_PATHS = NO;
				CLANG_ANALYZER_NONNULL = YES;
				CLANG_ANALYZER_NUMBER_OBJECT_CONVERSION = YES_AGGRESSIVE;
				CLANG_CXX_LANGUAGE_STANDARD = "gnu++14";
				CLANG_CXX_LIBRARY = "libc++";
				CLANG_ENABLE_MODULES = YES;
				CLANG_ENABLE_OBJC_ARC = YES;
				CLANG_ENABLE_OBJC_WEAK = YES;
				CLANG_WARN_BLOCK_CAPTURE_AUTORELEASING = YES;
				CLANG_WARN_BOOL_CONVERSION = YES;
				CLANG_WARN_COMMA = YES;
				CLANG_WARN_CONSTANT_CONVERSION = YES;
				CLANG_WARN_DEPRECATED_OBJC_IMPLEMENTATIONS = YES;
				CLANG_WARN_DIRECT_OBJC_ISA_USAGE = YES_ERROR;
				CLANG_WARN_DOCUMENTATION_COMMENTS = YES;
				CLANG_WARN_EMPTY_BODY = YES;
				CLANG_WARN_ENUM_CONVERSION = YES;
				CLANG_WARN_INFINITE_RECURSION = YES;
				CLANG_WARN_INT_CONVERSION = YES;
				CLANG_WARN_NON_LITERAL_NULL_CONVERSION = YES;
				CLANG_WARN_OBJC_IMPLICIT_RETAIN_SELF = YES;
				CLANG_WARN_OBJC_LITERAL_CONVERSION = YES;
				CLANG_WARN_OBJC_ROOT_CLASS = YES_ERROR;
				CLANG_WARN_RANGE_LOOP_ANALYSIS = YES;
				CLANG_WARN_STRICT_PROTOTYPES = YES;
				CLANG_WARN_SUSPICIOUS_MOVE = YES;
				CLANG_WARN_UNGUARDED_AVAILABILITY = YES_AGGRESSIVE;
				CLANG_WARN_UNREACHABLE_CODE = YES;
				CLANG_WARN__DUPLICATE_METHOD_MATCH = YES;
				COPY_PHASE_STRIP = NO;
				DEBUG_INFORMATION_FORMAT = "dwarf-with-dsym";
				ENABLE_NS_ASSERTIONS = NO;
				ENABLE_STRICT_OBJC_MSGSEND = YES;
				GCC_C_LANGUAGE_STANDARD = gnu11;
				GCC_NO_COMMON_BLOCKS = YES;
				GCC_WARN_64_TO_32_BIT_CONVERSION = YES;
				GCC_WARN_ABOUT_RETURN_TYPE = YES_ERROR;
				GCC_WARN_UNDECLARED_SELECTOR = YES;
				GCC_WARN_UNINITIALIZED_AUTOS = YES_AGGRESSIVE;
				GCC_WARN_UNUSED_FUNCTION = YES;
				GCC_WARN_UNUSED_VARIABLE = YES;
				IPHONEOS_DEPLOYMENT_TARGET = 13.5;
				MTL_ENABLE_DEBUG_INFO = NO;
				MTL_FAST_MATH = YES;
				SDKROOT = iphoneos;
				VALIDATE_PRODUCT = YES;
			};
			name = Release;
		};
		32DB565324DFA63D00AD669F /* Debug */ = {
			isa = XCBuildConfiguration;
			buildSettings = {
				ASSETCATALOG_COMPILER_APPICON_NAME = AppIcon;
				CODE_SIGN_STYLE = Automatic;
				DEVELOPMENT_TEAM = PF3BSY7RH3;
				GCC_PRECOMPILE_PREFIX_HEADER = YES;
				GCC_PREFIX_HEADER = "$(SRCROOT)/QILievModule/PrefixHeader.pch";
				INFOPLIST_FILE = QILievModule/Info.plist;
				IPHONEOS_DEPLOYMENT_TARGET = 11.0;
				LD_RUNPATH_SEARCH_PATHS = (
					"$(inherited)",
					"@executable_path/Frameworks",
				);
				PRODUCT_BUNDLE_IDENTIFIER = com.rocky.QILievModule;
				PRODUCT_NAME = "$(TARGET_NAME)";
				TARGETED_DEVICE_FAMILY = 1;
			};
			name = Debug;
		};
		32DB565424DFA63D00AD669F /* Release */ = {
			isa = XCBuildConfiguration;
			buildSettings = {
				ASSETCATALOG_COMPILER_APPICON_NAME = AppIcon;
				CODE_SIGN_STYLE = Automatic;
				DEVELOPMENT_TEAM = PF3BSY7RH3;
				GCC_PRECOMPILE_PREFIX_HEADER = YES;
				GCC_PREFIX_HEADER = "$(SRCROOT)/QILievModule/PrefixHeader.pch";
				INFOPLIST_FILE = QILievModule/Info.plist;
				IPHONEOS_DEPLOYMENT_TARGET = 11.0;
				LD_RUNPATH_SEARCH_PATHS = (
					"$(inherited)",
					"@executable_path/Frameworks",
				);
				PRODUCT_BUNDLE_IDENTIFIER = com.rocky.QILievModule;
				PRODUCT_NAME = "$(TARGET_NAME)";
				TARGETED_DEVICE_FAMILY = 1;
			};
			name = Release;
		};
/* End XCBuildConfiguration section */

/* Begin XCConfigurationList section */
		32A86D272505D0E0001B0D95 /* Build configuration list for PBXNativeTarget "QLLiveModuler" */ = {
			isa = XCConfigurationList;
			buildConfigurations = (
				32A86D252505D0E0001B0D95 /* Debug */,
				32A86D262505D0E0001B0D95 /* Release */,
			);
			defaultConfigurationIsVisible = 0;
			defaultConfigurationName = Release;
		};
		32DB563424DFA63900AD669F /* Build configuration list for PBXProject "QILievModule" */ = {
			isa = XCConfigurationList;
			buildConfigurations = (
				32DB565024DFA63D00AD669F /* Debug */,
				32DB565124DFA63D00AD669F /* Release */,
			);
			defaultConfigurationIsVisible = 0;
			defaultConfigurationName = Release;
		};
		32DB565224DFA63D00AD669F /* Build configuration list for PBXNativeTarget "QILievModule" */ = {
			isa = XCConfigurationList;
			buildConfigurations = (
				32DB565324DFA63D00AD669F /* Debug */,
				32DB565424DFA63D00AD669F /* Release */,
			);
			defaultConfigurationIsVisible = 0;
			defaultConfigurationName = Release;
		};
/* End XCConfigurationList section */
	};
	rootObject = 32DB563124DFA63900AD669F /* Project object */;
}
