// !$*UTF8*$!
{
	archiveVersion = 1;
	classes = {
	};
	objectVersion = 50;
	objects = {

/* Begin PBXBuildFile section */
		32DB563E24DFA63900AD669F /* AppDelegate.m in Sources */ = {isa = PBXBuildFile; fileRef = 32DB563D24DFA63900AD669F /* AppDelegate.m */; };
		32DB564124DFA63900AD669F /* SceneDelegate.m in Sources */ = {isa = PBXBuildFile; fileRef = 32DB564024DFA63900AD669F /* SceneDelegate.m */; };
		32DB564424DFA63900AD669F /* ViewController.m in Sources */ = {isa = PBXBuildFile; fileRef = 32DB564324DFA63900AD669F /* ViewController.m */; };
		32DB564724DFA63900AD669F /* Main.storyboard in Resources */ = {isa = PBXBuildFile; fileRef = 32DB564524DFA63900AD669F /* Main.storyboard */; };
		32DB564924DFA63D00AD669F /* Assets.xcassets in Resources */ = {isa = PBXBuildFile; fileRef = 32DB564824DFA63D00AD669F /* Assets.xcassets */; };
		32DB564C24DFA63D00AD669F /* LaunchScreen.storyboard in Resources */ = {isa = PBXBuildFile; fileRef = 32DB564A24DFA63D00AD669F /* LaunchScreen.storyboard */; };
		32DB564F24DFA63D00AD669F /* main.m in Sources */ = {isa = PBXBuildFile; fileRef = 32DB564E24DFA63D00AD669F /* main.m */; };
/* End PBXBuildFile section */

/* Begin PBXFileReference section */
		32DB563924DFA63900AD669F /* QILievModule.app */ = {isa = PBXFileReference; explicitFileType = wrapper.application; includeInIndex = 0; path = QILievModule.app; sourceTree = BUILT_PRODUCTS_DIR; };
		32DB563C24DFA63900AD669F /* AppDelegate.h */ = {isa = PBXFileReference; lastKnownFileType = sourcecode.c.h; path = AppDelegate.h; sourceTree = "<group>"; };
		32DB563D24DFA63900AD669F /* AppDelegate.m */ = {isa = PBXFileReference; lastKnownFileType = sourcecode.c.objc; path = AppDelegate.m; sourceTree = "<group>"; };
		32DB563F24DFA63900AD669F /* SceneDelegate.h */ = {isa = PBXFileReference; lastKnownFileType = sourcecode.c.h; path = SceneDelegate.h; sourceTree = "<group>"; };
		32DB564024DFA63900AD669F /* SceneDelegate.m */ = {isa = PBXFileReference; lastKnownFileType = sourcecode.c.objc; path = SceneDelegate.m; sourceTree = "<group>"; };
		32DB564224DFA63900AD669F /* ViewController.h */ = {isa = PBXFileReference; lastKnownFileType = sourcecode.c.h; path = ViewController.h; sourceTree = "<group>"; };
		32DB564324DFA63900AD669F /* ViewController.m */ = {isa = PBXFileReference; lastKnownFileType = sourcecode.c.objc; path = ViewController.m; sourceTree = "<group>"; };
		32DB564624DFA63900AD669F /* Base */ = {isa = PBXFileReference; lastKnownFileType = file.storyboard; name = Base; path = Base.lproj/Main.storyboard; sourceTree = "<group>"; };
		32DB564824DFA63D00AD669F /* Assets.xcassets */ = {isa = PBXFileReference; lastKnownFileType = folder.assetcatalog; path = Assets.xcassets; sourceTree = "<group>"; };
		32DB564B24DFA63D00AD669F /* Base */ = {isa = PBXFileReference; lastKnownFileType = file.storyboard; name = Base; path = Base.lproj/LaunchScreen.storyboard; sourceTree = "<group>"; };
		32DB564D24DFA63D00AD669F /* Info.plist */ = {isa = PBXFileReference; lastKnownFileType = text.plist.xml; path = Info.plist; sourceTree = "<group>"; };
		32DB564E24DFA63D00AD669F /* main.m */ = {isa = PBXFileReference; lastKnownFileType = sourcecode.c.objc; path = main.m; sourceTree = "<group>"; };
/* End PBXFileReference section */

/* Begin PBXFrameworksBuildPhase section */
		32DB563624DFA63900AD669F /* Frameworks */ = {
			isa = PBXFrameworksBuildPhase;
			buildActionMask = 2147483647;
			files = (
			);
			runOnlyForDeploymentPostprocessing = 0;
		};
/* End PBXFrameworksBuildPhase section */

/* Begin PBXGroup section */
		32DB563024DFA63900AD669F = {
			isa = PBXGroup;
			children = (
				32DB563B24DFA63900AD669F /* QILievModule */,
				32DB563A24DFA63900AD669F /* Products */,
			);
			sourceTree = "<group>";
		};
		32DB563A24DFA63900AD669F /* Products */ = {
			isa = PBXGroup;
			children = (
				32DB563924DFA63900AD669F /* QILievModule.app */,
			);
			name = Products;
			sourceTree = "<group>";
		};
		32DB563B24DFA63900AD669F /* QILievModule */ = {
			isa = PBXGroup;
			children = (
				32DB563C24DFA63900AD669F /* AppDelegate.h */,
				32DB563D24DFA63900AD669F /* AppDelegate.m */,
				32DB563F24DFA63900AD669F /* SceneDelegate.h */,
				32DB564024DFA63900AD669F /* SceneDelegate.m */,
				32DB564224DFA63900AD669F /* ViewController.h */,
				32DB564324DFA63900AD669F /* ViewController.m */,
				32DB564524DFA63900AD669F /* Main.storyboard */,
				32DB564824DFA63D00AD669F /* Assets.xcassets */,
				32DB564A24DFA63D00AD669F /* LaunchScreen.storyboard */,
				32DB564D24DFA63D00AD669F /* Info.plist */,
				32DB564E24DFA63D00AD669F /* main.m */,
			);
			path = QILievModule;
			sourceTree = "<group>";
		};
/* End PBXGroup section */

/* Begin PBXNativeTarget section */
		32DB563824DFA63900AD669F /* QILievModule */ = {
			isa = PBXNativeTarget;
			buildConfigurationList = 32DB565224DFA63D00AD669F /* Build configuration list for PBXNativeTarget "QILievModule" */;
			buildPhases = (
				32DB563524DFA63900AD669F /* Sources */,
				32DB563624DFA63900AD669F /* Frameworks */,
				32DB563724DFA63900AD669F /* Resources */,
			);
			buildRules = (
			);
			dependencies = (
			);
			name = QILievModule;
			productName = QILievModule;
			productReference = 32DB563924DFA63900AD669F /* QILievModule.app */;
			productType = "com.apple.product-type.application";
		};
/* End PBXNativeTarget section */

/* Begin PBXProject section */
		32DB563124DFA63900AD669F /* Project object */ = {
			isa = PBXProject;
			attributes = {
				LastUpgradeCheck = 1150;
				ORGANIZATIONNAME = Rocky;
				TargetAttributes = {
					32DB563824DFA63900AD669F = {
						CreatedOnToolsVersion = 11.5;
					};
				};
			};
			buildConfigurationList = 32DB563424DFA63900AD669F /* Build configuration list for PBXProject "QILievModule" */;
			compatibilityVersion = "Xcode 9.3";
			developmentRegion = en;
			hasScannedForEncodings = 0;
			knownRegions = (
				en,
				Base,
			);
			mainGroup = 32DB563024DFA63900AD669F;
			productRefGroup = 32DB563A24DFA63900AD669F /* Products */;
			projectDirPath = "";
			projectRoot = "";
			targets = (
				32DB563824DFA63900AD669F /* QILievModule */,
			);
		};
/* End PBXProject section */

/* Begin PBXResourcesBuildPhase section */
		32DB563724DFA63900AD669F /* Resources */ = {
			isa = PBXResourcesBuildPhase;
			buildActionMask = 2147483647;
			files = (
				32DB564C24DFA63D00AD669F /* LaunchScreen.storyboard in Resources */,
				32DB564924DFA63D00AD669F /* Assets.xcassets in Resources */,
				32DB564724DFA63900AD669F /* Main.storyboard in Resources */,
			);
			runOnlyForDeploymentPostprocessing = 0;
		};
/* End PBXResourcesBuildPhase section */

/* Begin PBXSourcesBuildPhase section */
		32DB563524DFA63900AD669F /* Sources */ = {
			isa = PBXSourcesBuildPhase;
			buildActionMask = 2147483647;
			files = (
				32DB564424DFA63900AD669F /* ViewController.m in Sources */,
				32DB563E24DFA63900AD669F /* AppDelegate.m in Sources */,
				32DB564F24DFA63D00AD669F /* main.m in Sources */,
				32DB564124DFA63900AD669F /* SceneDelegate.m in Sources */,
			);
			runOnlyForDeploymentPostprocessing = 0;
		};
/* End PBXSourcesBuildPhase section */

/* Begin PBXVariantGroup section */
		32DB564524DFA63900AD669F /* Main.storyboard */ = {
			isa = PBXVariantGroup;
			children = (
				32DB564624DFA63900AD669F /* Base */,
			);
			name = Main.storyboard;
			sourceTree = "<group>";
		};
		32DB564A24DFA63D00AD669F /* LaunchScreen.storyboard */ = {
			isa = PBXVariantGroup;
			children = (
				32DB564B24DFA63D00AD669F /* Base */,
			);
			name = LaunchScreen.storyboard;
			sourceTree = "<group>";
		};
/* End PBXVariantGroup section */

/* Begin XCBuildConfiguration section */
		32DB565024DFA63D00AD669F /* Debug */ = {
			isa = XCBuildConfiguration;
			buildSettings = {
				ALWAYS_SEARCH_USER_PATHS = NO;
				CLANG_ANALYZER_NONNULL = YES;
				CLANG_ANALYZER_NUMBER_OBJECT_CONVERSION = YES_AGGRESSIVE;
				CLANG_CXX_LANGUAGE_STANDARD = "gnu++14";
				CLANG_CXX_LIBRARY = "libc++";
				CLANG_ENABLE_MODULES = YES;
				CLANG_ENABLE_OBJC_ARC = YES;
				CLANG_ENABLE_OBJC_WEAK = YES;
				CLANG_WARN_BLOCK_CAPTURE_AUTORELEASING = YES;
				CLANG_WARN_BOOL_CONVERSION = YES;
				CLANG_WARN_COMMA = YES;
				CLANG_WARN_CONSTANT_CONVERSION = YES;
				CLANG_WARN_DEPRECATED_OBJC_IMPLEMENTATIONS = YES;
				CLANG_WARN_DIRECT_OBJC_ISA_USAGE = YES_ERROR;
				CLANG_WARN_DOCUMENTATION_COMMENTS = YES;
				CLANG_WARN_EMPTY_BODY = YES;
				CLANG_WARN_ENUM_CONVERSION = YES;
				CLANG_WARN_INFINITE_RECURSION = YES;
				CLANG_WARN_INT_CONVERSION = YES;
				CLANG_WARN_NON_LITERAL_NULL_CONVERSION = YES;
				CLANG_WARN_OBJC_IMPLICIT_RETAIN_SELF = YES;
				CLANG_WARN_OBJC_LITERAL_CONVERSION = YES;
				CLANG_WARN_OBJC_ROOT_CLASS = YES_ERROR;
				CLANG_WARN_RANGE_LOOP_ANALYSIS = YES;
				CLANG_WARN_STRICT_PROTOTYPES = YES;
				CLANG_WARN_SUSPICIOUS_MOVE = YES;
				CLANG_WARN_UNGUARDED_AVAILABILITY = YES_AGGRESSIVE;
				CLANG_WARN_UNREACHABLE_CODE = YES;
				CLANG_WARN__DUPLICATE_METHOD_MATCH = YES;
				COPY_PHASE_STRIP = NO;
				DEBUG_INFORMATION_FORMAT = dwarf;
				ENABLE_STRICT_OBJC_MSGSEND = YES;
				ENABLE_TESTABILITY = YES;
				GCC_C_LANGUAGE_STANDARD = gnu11;
				GCC_DYNAMIC_NO_PIC = NO;
				GCC_NO_COMMON_BLOCKS = YES;
				GCC_OPTIMIZATION_LEVEL = 0;
				GCC_PREPROCESSOR_DEFINITIONS = (
					"DEBUG=1",
					"$(inherited)",
				);
				GCC_WARN_64_TO_32_BIT_CONVERSION = YES;
				GCC_WARN_ABOUT_RETURN_TYPE = YES_ERROR;
				GCC_WARN_UNDECLARED_SELECTOR = YES;
				GCC_WARN_UNINITIALIZED_AUTOS = YES_AGGRESSIVE;
				GCC_WARN_UNUSED_FUNCTION = YES;
				GCC_WARN_UNUSED_VARIABLE = YES;
				IPHONEOS_DEPLOYMENT_TARGET = 13.5;
				MTL_ENABLE_DEBUG_INFO = INCLUDE_SOURCE;
				MTL_FAST_MATH = YES;
				ONLY_ACTIVE_ARCH = YES;
				SDKROOT = iphoneos;
			};
			name = Debug;
		};
		32DB565124DFA63D00AD669F /* Release */ = {
			isa = XCBuildConfiguration;
			buildSettings = {
				ALWAYS_SEARCH_USER_PATHS = NO;
				CLANG_ANALYZER_NONNULL = YES;
				CLANG_ANALYZER_NUMBER_OBJECT_CONVERSION = YES_AGGRESSIVE;
				CLANG_CXX_LANGUAGE_STANDARD = "gnu++14";
				CLANG_CXX_LIBRARY = "libc++";
				CLANG_ENABLE_MODULES = YES;
				CLANG_ENABLE_OBJC_ARC = YES;
				CLANG_ENABLE_OBJC_WEAK = YES;
				CLANG_WARN_BLOCK_CAPTURE_AUTORELEASING = YES;
				CLANG_WARN_BOOL_CONVERSION = YES;
				CLANG_WARN_COMMA = YES;
				CLANG_WARN_CONSTANT_CONVERSION = YES;
				CLANG_WARN_DEPRECATED_OBJC_IMPLEMENTATIONS = YES;
				CLANG_WARN_DIRECT_OBJC_ISA_USAGE = YES_ERROR;
				CLANG_WARN_DOCUMENTATION_COMMENTS = YES;
				CLANG_WARN_EMPTY_BODY = YES;
				CLANG_WARN_ENUM_CONVERSION = YES;
				CLANG_WARN_INFINITE_RECURSION = YES;
				CLANG_WARN_INT_CONVERSION = YES;
				CLANG_WARN_NON_LITERAL_NULL_CONVERSION = YES;
				CLANG_WARN_OBJC_IMPLICIT_RETAIN_SELF = YES;
				CLANG_WARN_OBJC_LITERAL_CONVERSION = YES;
				CLANG_WARN_OBJC_ROOT_CLASS = YES_ERROR;
				CLANG_WARN_RANGE_LOOP_ANALYSIS = YES;
				CLANG_WARN_STRICT_PROTOTYPES = YES;
				CLANG_WARN_SUSPICIOUS_MOVE = YES;
				CLANG_WARN_UNGUARDED_AVAILABILITY = YES_AGGRESSIVE;
				CLANG_WARN_UNREACHABLE_CODE = YES;
				CLANG_WARN__DUPLICATE_METHOD_MATCH = YES;
				COPY_PHASE_STRIP = NO;
				DEBUG_INFORMATION_FORMAT = "dwarf-with-dsym";
				ENABLE_NS_ASSERTIONS = NO;
				ENABLE_STRICT_OBJC_MSGSEND = YES;
				GCC_C_LANGUAGE_STANDARD = gnu11;
				GCC_NO_COMMON_BLOCKS = YES;
				GCC_WARN_64_TO_32_BIT_CONVERSION = YES;
				GCC_WARN_ABOUT_RETURN_TYPE = YES_ERROR;
				GCC_WARN_UNDECLARED_SELECTOR = YES;
				GCC_WARN_UNINITIALIZED_AUTOS = YES_AGGRESSIVE;
				GCC_WARN_UNUSED_FUNCTION = YES;
				GCC_WARN_UNUSED_VARIABLE = YES;
				IPHONEOS_DEPLOYMENT_TARGET = 13.5;
				MTL_ENABLE_DEBUG_INFO = NO;
				MTL_FAST_MATH = YES;
				SDKROOT = iphoneos;
				VALIDATE_PRODUCT = YES;
			};
			name = Release;
		};
		32DB565324DFA63D00AD669F /* Debug */ = {
			isa = XCBuildConfiguration;
			buildSettings = {
				ASSETCATALOG_COMPILER_APPICON_NAME = AppIcon;
				CODE_SIGN_STYLE = Automatic;
				DEVELOPMENT_TEAM = PF3BSY7RH3;
				INFOPLIST_FILE = QILievModule/Info.plist;
				LD_RUNPATH_SEARCH_PATHS = (
					"$(inherited)",
					"@executable_path/Frameworks",
				);
				PRODUCT_BUNDLE_IDENTIFIER = com.rocky.QILievModule;
				PRODUCT_NAME = "$(TARGET_NAME)";
				TARGETED_DEVICE_FAMILY = "1,2";
			};
			name = Debug;
		};
		32DB565424DFA63D00AD669F /* Release */ = {
			isa = XCBuildConfiguration;
			buildSettings = {
				ASSETCATALOG_COMPILER_APPICON_NAME = AppIcon;
				CODE_SIGN_STYLE = Automatic;
				DEVELOPMENT_TEAM = PF3BSY7RH3;
				INFOPLIST_FILE = QILievModule/Info.plist;
				LD_RUNPATH_SEARCH_PATHS = (
					"$(inherited)",
					"@executable_path/Frameworks",
				);
				PRODUCT_BUNDLE_IDENTIFIER = com.rocky.QILievModule;
				PRODUCT_NAME = "$(TARGET_NAME)";
				TARGETED_DEVICE_FAMILY = "1,2";
			};
			name = Release;
		};
/* End XCBuildConfiguration section */

/* Begin XCConfigurationList section */
		32DB563424DFA63900AD669F /* Build configuration list for PBXProject "QILievModule" */ = {
			isa = XCConfigurationList;
			buildConfigurations = (
				32DB565024DFA63D00AD669F /* Debug */,
				32DB565124DFA63D00AD669F /* Release */,
			);
			defaultConfigurationIsVisible = 0;
			defaultConfigurationName = Release;
		};
		32DB565224DFA63D00AD669F /* Build configuration list for PBXNativeTarget "QILievModule" */ = {
			isa = XCConfigurationList;
			buildConfigurations = (
				32DB565324DFA63D00AD669F /* Debug */,
				32DB565424DFA63D00AD669F /* Release */,
			);
			defaultConfigurationIsVisible = 0;
			defaultConfigurationName = Release;
		};
/* End XCConfigurationList section */
	};
	rootObject = 32DB563124DFA63900AD669F /* Project object */;
}
