// !$*UTF8*$!
{
	archiveVersion = 1;
	classes = {
	};
	objectVersion = 51;
	objects = {

/* Begin PBXBuildFile section */
		085A806A856DB764E7A59007 /* Pods_QILievModule.framework in Frameworks */ = {isa = PBXBuildFile; fileRef = 925B7A0C52CAD1C3858066C5 /* Pods_QILievModule.framework */; };
		3210653024EE4D2900C8FCB1 /* UIImage+Common.m in Sources */ = {isa = PBXBuildFile; fileRef = 3210652F24EE4D2900C8FCB1 /* UIImage+Common.m */; };
		323220AA24F6560F00B1EDB3 /* DemoSearchCCell.m in Sources */ = {isa = PBXBuildFile; fileRef = 323220A924F6560F00B1EDB3 /* DemoSearchCCell.m */; };
		3248BB6C24ED252E00027973 /* QLLiveComponentDecorateContents.m in Sources */ = {isa = PBXBuildFile; fileRef = 3248BB6B24ED252E00027973 /* QLLiveComponentDecorateContents.m */; };
		324C362324F3DE7B0037DB8F /* DemoMineComponent.m in Sources */ = {isa = PBXBuildFile; fileRef = 324C362224F3DE7A0037DB8F /* DemoMineComponent.m */; };
		324C362624F3E5570037DB8F /* DemoMineCCell.m in Sources */ = {isa = PBXBuildFile; fileRef = 324C362524F3E5570037DB8F /* DemoMineCCell.m */; };
		32644D0D24EB6A81002078D2 /* DemoVideoComponent.m in Sources */ = {isa = PBXBuildFile; fileRef = 32644D0C24EB6A80002078D2 /* DemoVideoComponent.m */; };
		32644D1024EB6EEC002078D2 /* DemoVideoCCell.m in Sources */ = {isa = PBXBuildFile; fileRef = 32644D0F24EB6EEC002078D2 /* DemoVideoCCell.m */; };
		32644D1424EBC77A002078D2 /* QLLiveDecorateSectionLayoutAttributes.m in Sources */ = {isa = PBXBuildFile; fileRef = 32644D1324EBC77A002078D2 /* QLLiveDecorateSectionLayoutAttributes.m */; };
		32644D1724ECE9DC002078D2 /* DemoSearchComponent.m in Sources */ = {isa = PBXBuildFile; fileRef = 32644D1624ECE9DC002078D2 /* DemoSearchComponent.m */; };
		32644D1924ECEEF3002078D2 /* huaban.json in Resources */ = {isa = PBXBuildFile; fileRef = 32644D1824ECEEF3002078D2 /* huaban.json */; };
		32644D1D24ECEF47002078D2 /* DemoHuabanModule.m in Sources */ = {isa = PBXBuildFile; fileRef = 32644D1C24ECEF47002078D2 /* DemoHuabanModule.m */; };
		3290921524E3C7C1006D60AB /* QLLiveFlexLayout.m in Sources */ = {isa = PBXBuildFile; fileRef = 3290921424E3C7C0006D60AB /* QLLiveFlexLayout.m */; };
		3290921824E3C7E3006D60AB /* QLLiveWaterfallLayout.m in Sources */ = {isa = PBXBuildFile; fileRef = 3290921724E3C7E3006D60AB /* QLLiveWaterfallLayout.m */; };
		3290921B24E3C7F5006D60AB /* QLLiveListLayout.m in Sources */ = {isa = PBXBuildFile; fileRef = 3290921A24E3C7F5006D60AB /* QLLiveListLayout.m */; };
		3290921E24E3C805006D60AB /* QLLiveGridLayout.m in Sources */ = {isa = PBXBuildFile; fileRef = 3290921D24E3C805006D60AB /* QLLiveGridLayout.m */; };
		3290922524E3CD66006D60AB /* QLLiveBaseLayout.m in Sources */ = {isa = PBXBuildFile; fileRef = 3290922424E3CD66006D60AB /* QLLiveBaseLayout.m */; };
		32A86D1F2505D0E0001B0D95 /* QLLiveModuler.h in Headers */ = {isa = PBXBuildFile; fileRef = 32A86D1D2505D0E0001B0D95 /* QLLiveModuler.h */; settings = {ATTRIBUTES = (Public, ); }; };
		32A86D222505D0E0001B0D95 /* QLLiveModuler.framework in Frameworks */ = {isa = PBXBuildFile; fileRef = 32A86D1B2505D0E0001B0D95 /* QLLiveModuler.framework */; };
		32A86D242505D0E0001B0D95 /* QLLiveModuler.framework in Embed Frameworks */ = {isa = PBXBuildFile; fileRef = 32A86D1B2505D0E0001B0D95 /* QLLiveModuler.framework */; settings = {ATTRIBUTES = (CodeSignOnCopy, RemoveHeadersOnCopy, ); }; };
		32A86D282505D10C001B0D95 /* QLLiveModule.h in Headers */ = {isa = PBXBuildFile; fileRef = 32DB568D24E1495600AD669F /* QLLiveModule.h */; settings = {ATTRIBUTES = (Public, ); }; };
		32A86D292505D10C001B0D95 /* QLLiveModuleDataSourceAble.h in Headers */ = {isa = PBXBuildFile; fileRef = 32DB568724E1495600AD669F /* QLLiveModuleDataSourceAble.h */; settings = {ATTRIBUTES = (Public, ); }; };
		32A86D2A2505D10C001B0D95 /* QLLiveModuleDataSource.h in Headers */ = {isa = PBXBuildFile; fileRef = 32DB568824E1495600AD669F /* QLLiveModuleDataSource.h */; settings = {ATTRIBUTES = (Public, ); }; };
		32A86D2B2505D10C001B0D95 /* QLLiveComponent.h in Headers */ = {isa = PBXBuildFile; fileRef = 32DB569024E1495600AD669F /* QLLiveComponent.h */; settings = {ATTRIBUTES = (Public, ); }; };
		32A86D2C2505D10C001B0D95 /* QLLiveComponentDecorateContents.h in Headers */ = {isa = PBXBuildFile; fileRef = 3248BB6A24ED252E00027973 /* QLLiveComponentDecorateContents.h */; settings = {ATTRIBUTES = (Public, ); }; };
		32A86D2D2505D10C001B0D95 /* QLLiveBaseLayout.h in Headers */ = {isa = PBXBuildFile; fileRef = 3290922324E3CD66006D60AB /* QLLiveBaseLayout.h */; settings = {ATTRIBUTES = (Public, ); }; };
		32A86D2E2505D10C001B0D95 /* QLLiveListLayout.h in Headers */ = {isa = PBXBuildFile; fileRef = 3290921924E3C7F4006D60AB /* QLLiveListLayout.h */; settings = {ATTRIBUTES = (Public, ); }; };
		32A86D2F2505D10C001B0D95 /* QLLiveWaterfallLayout.h in Headers */ = {isa = PBXBuildFile; fileRef = 3290921624E3C7E3006D60AB /* QLLiveWaterfallLayout.h */; settings = {ATTRIBUTES = (Public, ); }; };
		32A86D302505D10C001B0D95 /* QLLiveFlexLayout.h in Headers */ = {isa = PBXBuildFile; fileRef = 3290921324E3C7C0006D60AB /* QLLiveFlexLayout.h */; settings = {ATTRIBUTES = (Public, ); }; };
		32A86D312505D10C001B0D95 /* QLLiveGridLayout.h in Headers */ = {isa = PBXBuildFile; fileRef = 3290921C24E3C805006D60AB /* QLLiveGridLayout.h */; settings = {ATTRIBUTES = (Public, ); }; };
		32A86D322505D10C001B0D95 /* QLLiveModuleFlowLayout.h in Headers */ = {isa = PBXBuildFile; fileRef = 32DB569624E1495600AD669F /* QLLiveModuleFlowLayout.h */; };
		32A86D332505D10C001B0D95 /* QLLiveDecorateSectionLayoutAttributes.h in Headers */ = {isa = PBXBuildFile; fileRef = 32644D1224EBC77A002078D2 /* QLLiveDecorateSectionLayoutAttributes.h */; };
		32A86D342505D10C001B0D95 /* QLLiveModuleAdapterProxy.h in Headers */ = {isa = PBXBuildFile; fileRef = 32DB569A24E1495600AD669F /* QLLiveModuleAdapterProxy.h */; };
		32A86D352505D10C001B0D95 /* QLLiveBaseLayout_Private.h in Headers */ = {isa = PBXBuildFile; fileRef = 32644D1124EB719F002078D2 /* QLLiveBaseLayout_Private.h */; };
		32A86D362505D10C001B0D95 /* QLLiveComponent_Private.h in Headers */ = {isa = PBXBuildFile; fileRef = 32DB56A024E1495600AD669F /* QLLiveComponent_Private.h */; };
		32A86D372505D10C001B0D95 /* QLLiveModuleDataSource_Private.h in Headers */ = {isa = PBXBuildFile; fileRef = 32DB56A124E1495600AD669F /* QLLiveModuleDataSource_Private.h */; };
		32A86D382505D10C001B0D95 /* QLLiveModelEnvironment.h in Headers */ = {isa = PBXBuildFile; fileRef = 32DB56A324E1495600AD669F /* QLLiveModelEnvironment.h */; };
		32A86D392505D10C001B0D95 /* QLLiveModelEnvironment_Protocol.h in Headers */ = {isa = PBXBuildFile; fileRef = 32DB56A424E1495600AD669F /* QLLiveModelEnvironment_Protocol.h */; };
		32A86D6F2505D420001B0D95 /* QLLiveModule.m in Sources */ = {isa = PBXBuildFile; fileRef = 32DB568E24E1495600AD669F /* QLLiveModule.m */; };
		32A86D702505D420001B0D95 /* QLLiveModuleDataSource.m in Sources */ = {isa = PBXBuildFile; fileRef = 32DB568624E1495600AD669F /* QLLiveModuleDataSource.m */; };
		32A86D712505D420001B0D95 /* QLLiveComponent.m in Sources */ = {isa = PBXBuildFile; fileRef = 32DB569124E1495600AD669F /* QLLiveComponent.m */; };
		32A86D722505D420001B0D95 /* QLLiveComponentDecorateContents.m in Sources */ = {isa = PBXBuildFile; fileRef = 3248BB6B24ED252E00027973 /* QLLiveComponentDecorateContents.m */; };
		32A86D732505D420001B0D95 /* QLLiveBaseLayout.m in Sources */ = {isa = PBXBuildFile; fileRef = 3290922424E3CD66006D60AB /* QLLiveBaseLayout.m */; };
		32A86D742505D420001B0D95 /* QLLiveListLayout.m in Sources */ = {isa = PBXBuildFile; fileRef = 3290921A24E3C7F5006D60AB /* QLLiveListLayout.m */; };
		32A86D752505D420001B0D95 /* QLLiveWaterfallLayout.m in Sources */ = {isa = PBXBuildFile; fileRef = 3290921724E3C7E3006D60AB /* QLLiveWaterfallLayout.m */; };
		32A86D762505D420001B0D95 /* QLLiveFlexLayout.m in Sources */ = {isa = PBXBuildFile; fileRef = 3290921424E3C7C0006D60AB /* QLLiveFlexLayout.m */; };
		32A86D772505D420001B0D95 /* QLLiveGridLayout.m in Sources */ = {isa = PBXBuildFile; fileRef = 3290921D24E3C805006D60AB /* QLLiveGridLayout.m */; };
		32A86D782505D420001B0D95 /* QLLiveModuleFlowLayout.m in Sources */ = {isa = PBXBuildFile; fileRef = 32DB569424E1495600AD669F /* QLLiveModuleFlowLayout.m */; };
		32A86D792505D420001B0D95 /* QLLiveDecorateSectionLayoutAttributes.m in Sources */ = {isa = PBXBuildFile; fileRef = 32644D1324EBC77A002078D2 /* QLLiveDecorateSectionLayoutAttributes.m */; };
		32A86D7A2505D420001B0D95 /* QLLiveModuleAdapterProxy.m in Sources */ = {isa = PBXBuildFile; fileRef = 32DB569924E1495600AD669F /* QLLiveModuleAdapterProxy.m */; };
		32A86D7B2505D420001B0D95 /* QLLiveModelEnvironment.m in Sources */ = {isa = PBXBuildFile; fileRef = 32DB56A524E1495600AD669F /* QLLiveModelEnvironment.m */; };
		32A86D7D2505D477001B0D95 /* UIImage+Common.m in Sources */ = {isa = PBXBuildFile; fileRef = 3210652F24EE4D2900C8FCB1 /* UIImage+Common.m */; };
		32A86D7E2505D56E001B0D95 /* QLOrthogonalScrollerEmbeddedScrollView.m in Sources */ = {isa = PBXBuildFile; fileRef = 32DB569D24E1495600AD669F /* QLOrthogonalScrollerEmbeddedScrollView.m */; };
		32DB563E24DFA63900AD669F /* AppDelegate.m in Sources */ = {isa = PBXBuildFile; fileRef = 32DB563D24DFA63900AD669F /* AppDelegate.m */; };
		32DB564424DFA63900AD669F /* ViewController.m in Sources */ = {isa = PBXBuildFile; fileRef = 32DB564324DFA63900AD669F /* ViewController.m */; };
		32DB564924DFA63D00AD669F /* Assets.xcassets in Resources */ = {isa = PBXBuildFile; fileRef = 32DB564824DFA63D00AD669F /* Assets.xcassets */; };
		32DB564C24DFA63D00AD669F /* LaunchScreen.storyboard in Resources */ = {isa = PBXBuildFile; fileRef = 32DB564A24DFA63D00AD669F /* LaunchScreen.storyboard */; };
		32DB564F24DFA63D00AD669F /* main.m in Sources */ = {isa = PBXBuildFile; fileRef = 32DB564E24DFA63D00AD669F /* main.m */; };
		32DB565724DFA78F00AD669F /* DemoListViewController.m in Sources */ = {isa = PBXBuildFile; fileRef = 32DB565624DFA78F00AD669F /* DemoListViewController.m */; };
		32DB565B24DFA7D200AD669F /* DemoCompositeListViewController.m in Sources */ = {isa = PBXBuildFile; fileRef = 32DB565A24DFA7D200AD669F /* DemoCompositeListViewController.m */; };
		32DB565F24DFA82800AD669F /* EaseRefreshProxy.m in Sources */ = {isa = PBXBuildFile; fileRef = 32DB565D24DFA82800AD669F /* EaseRefreshProxy.m */; };
		32DB566224DFA91B00AD669F /* EaseAlertController.m in Sources */ = {isa = PBXBuildFile; fileRef = 32DB566124DFA91B00AD669F /* EaseAlertController.m */; };
		32DB566524DFA95900AD669F /* NSArray+Sugar.m in Sources */ = {isa = PBXBuildFile; fileRef = 32DB566324DFA95900AD669F /* NSArray+Sugar.m */; };
		32DB566824DFA98300AD669F /* NSObject+EaseRuntime.m in Sources */ = {isa = PBXBuildFile; fileRef = 32DB566724DFA98300AD669F /* NSObject+EaseRuntime.m */; };
		32DB56A624E1495600AD669F /* QLLiveModuleDataSource.m in Sources */ = {isa = PBXBuildFile; fileRef = 32DB568624E1495600AD669F /* QLLiveModuleDataSource.m */; };
		32DB56A824E1495600AD669F /* QLLiveModule.m in Sources */ = {isa = PBXBuildFile; fileRef = 32DB568E24E1495600AD669F /* QLLiveModule.m */; };
		32DB56A924E1495600AD669F /* QLLiveComponent.m in Sources */ = {isa = PBXBuildFile; fileRef = 32DB569124E1495600AD669F /* QLLiveComponent.m */; };
		32DB56AA24E1495600AD669F /* QLLiveModuleFlowLayout.m in Sources */ = {isa = PBXBuildFile; fileRef = 32DB569424E1495600AD669F /* QLLiveModuleFlowLayout.m */; };
		32DB56AC24E1495600AD669F /* QLLiveModuleAdapterProxy.m in Sources */ = {isa = PBXBuildFile; fileRef = 32DB569924E1495600AD669F /* QLLiveModuleAdapterProxy.m */; };
		32DB56AD24E1495600AD669F /* QLOrthogonalScrollerEmbeddedScrollView.m in Sources */ = {isa = PBXBuildFile; fileRef = 32DB569D24E1495600AD669F /* QLOrthogonalScrollerEmbeddedScrollView.m */; };
		32DB56AE24E1495600AD669F /* QLLiveModelEnvironment.m in Sources */ = {isa = PBXBuildFile; fileRef = 32DB56A524E1495600AD669F /* QLLiveModelEnvironment.m */; };
		32DB56B824E15FFF00AD669F /* DemoVideoModule.m in Sources */ = {isa = PBXBuildFile; fileRef = 32DB56B724E15FFF00AD669F /* DemoVideoModule.m */; };
		32DB56BB24E1601200AD669F /* DemoSearchModule.m in Sources */ = {isa = PBXBuildFile; fileRef = 32DB56BA24E1601200AD669F /* DemoSearchModule.m */; };
		32DB56BF24E1603000AD669F /* DemoLivingModule.m in Sources */ = {isa = PBXBuildFile; fileRef = 32DB56BE24E1603000AD669F /* DemoLivingModule.m */; };
		32DB56C324E1604B00AD669F /* DemoShoppingModule.m in Sources */ = {isa = PBXBuildFile; fileRef = 32DB56C224E1604B00AD669F /* DemoShoppingModule.m */; };
		32DB56C724E1606500AD669F /* DemoMusicModule.m in Sources */ = {isa = PBXBuildFile; fileRef = 32DB56C624E1606500AD669F /* DemoMusicModule.m */; };
		32DB56CB24E166DF00AD669F /* DemoMineModule.m in Sources */ = {isa = PBXBuildFile; fileRef = 32DB56CA24E166DF00AD669F /* DemoMineModule.m */; };
		32DB56CF24E171B700AD669F /* UIColor+Common.m in Sources */ = {isa = PBXBuildFile; fileRef = 32DB56CE24E171B700AD669F /* UIColor+Common.m */; };
		32DB56D224E1727800AD669F /* NSString+Common.m in Sources */ = {isa = PBXBuildFile; fileRef = 32DB56D124E1727800AD669F /* NSString+Common.m */; };
		32DB56D524E1762500AD669F /* DemoContentCCell.m in Sources */ = {isa = PBXBuildFile; fileRef = 32DB56D424E1762500AD669F /* DemoContentCCell.m */; };
		32DB56D824E2417700AD669F /* DemoResumeModule.m in Sources */ = {isa = PBXBuildFile; fileRef = 32DB56D724E2417700AD669F /* DemoResumeModule.m */; };
		32EC35DE24F4DC9200D6D297 /* SDCycleScrollView.m in Sources */ = {isa = PBXBuildFile; fileRef = 32EC35D224F4DC9200D6D297 /* SDCycleScrollView.m */; };
		32EC35DF24F4DC9200D6D297 /* UIView+SDExtension.m in Sources */ = {isa = PBXBuildFile; fileRef = 32EC35D324F4DC9200D6D297 /* UIView+SDExtension.m */; };
		32EC35E024F4DC9200D6D297 /* SDCollectionViewCell.m in Sources */ = {isa = PBXBuildFile; fileRef = 32EC35D424F4DC9200D6D297 /* SDCollectionViewCell.m */; };
		32EC35E124F4DC9200D6D297 /* TADotView.m in Sources */ = {isa = PBXBuildFile; fileRef = 32EC35D724F4DC9200D6D297 /* TADotView.m */; };
		32EC35E224F4DC9200D6D297 /* TAPageControl.m in Sources */ = {isa = PBXBuildFile; fileRef = 32EC35D824F4DC9200D6D297 /* TAPageControl.m */; };
		32EC35E324F4DC9200D6D297 /* TAAnimatedDotView.m in Sources */ = {isa = PBXBuildFile; fileRef = 32EC35D924F4DC9200D6D297 /* TAAnimatedDotView.m */; };
		32EC35E424F4DC9200D6D297 /* TAAbstractDotView.m in Sources */ = {isa = PBXBuildFile; fileRef = 32EC35DA24F4DC9200D6D297 /* TAAbstractDotView.m */; };
		32EC35E724F4E2CD00D6D297 /* DemoShoppingComponent.m in Sources */ = {isa = PBXBuildFile; fileRef = 32EC35E624F4E2CD00D6D297 /* DemoShoppingComponent.m */; };
		32EC35E924F4F96200D6D297 /* music.json in Resources */ = {isa = PBXBuildFile; fileRef = 32EC35E824F4F96200D6D297 /* music.json */; };
		32EC35EC24F4FC8E00D6D297 /* DemoMusicComponent.m in Sources */ = {isa = PBXBuildFile; fileRef = 32EC35EB24F4FC8E00D6D297 /* DemoMusicComponent.m */; };
		32EC35EF24F4FCA400D6D297 /* DemoMusicCCell.m in Sources */ = {isa = PBXBuildFile; fileRef = 32EC35EE24F4FCA400D6D297 /* DemoMusicCCell.m */; };
/* End PBXBuildFile section */

/* Begin PBXContainerItemProxy section */
		32A86D202505D0E0001B0D95 /* PBXContainerItemProxy */ = {
			isa = PBXContainerItemProxy;
			containerPortal = 32DB563124DFA63900AD669F /* Project object */;
			proxyType = 1;
			remoteGlobalIDString = 32A86D1A2505D0E0001B0D95;
			remoteInfo = QLLiveModuler;
		};
/* End PBXContainerItemProxy section */

/* Begin PBXCopyFilesBuildPhase section */
		32A86D232505D0E0001B0D95 /* Embed Frameworks */ = {
			isa = PBXCopyFilesBuildPhase;
			buildActionMask = 2147483647;
			dstPath = "";
			dstSubfolderSpec = 10;
			files = (
				32A86D242505D0E0001B0D95 /* QLLiveModuler.framework in Embed Frameworks */,
			);
			name = "Embed Frameworks";
			runOnlyForDeploymentPostprocessing = 0;
		};
/* End PBXCopyFilesBuildPhase section */

/* Begin PBXFileReference section */
		1AA14438CEA24C750502FBCD /* Pods-QILievModule.release.xcconfig */ = {isa = PBXFileReference; includeInIndex = 1; lastKnownFileType = text.xcconfig; name = "Pods-QILievModule.release.xcconfig"; path = "Target Support Files/Pods-QILievModule/Pods-QILievModule.release.xcconfig"; sourceTree = "<group>"; };
		3210652E24EE4D2900C8FCB1 /* UIImage+Common.h */ = {isa = PBXFileReference; lastKnownFileType = sourcecode.c.h; path = "UIImage+Common.h"; sourceTree = "<group>"; };
		3210652F24EE4D2900C8FCB1 /* UIImage+Common.m */ = {isa = PBXFileReference; lastKnownFileType = sourcecode.c.objc; path = "UIImage+Common.m"; sourceTree = "<group>"; };
		323220A824F6560F00B1EDB3 /* DemoSearchCCell.h */ = {isa = PBXFileReference; lastKnownFileType = sourcecode.c.h; path = DemoSearchCCell.h; sourceTree = "<group>"; };
		323220A924F6560F00B1EDB3 /* DemoSearchCCell.m */ = {isa = PBXFileReference; lastKnownFileType = sourcecode.c.objc; path = DemoSearchCCell.m; sourceTree = "<group>"; };
		3248BB6A24ED252E00027973 /* QLLiveComponentDecorateContents.h */ = {isa = PBXFileReference; lastKnownFileType = sourcecode.c.h; path = QLLiveComponentDecorateContents.h; sourceTree = "<group>"; };
		3248BB6B24ED252E00027973 /* QLLiveComponentDecorateContents.m */ = {isa = PBXFileReference; lastKnownFileType = sourcecode.c.objc; path = QLLiveComponentDecorateContents.m; sourceTree = "<group>"; };
		324C362124F3DE7A0037DB8F /* DemoMineComponent.h */ = {isa = PBXFileReference; lastKnownFileType = sourcecode.c.h; path = DemoMineComponent.h; sourceTree = "<group>"; };
		324C362224F3DE7A0037DB8F /* DemoMineComponent.m */ = {isa = PBXFileReference; lastKnownFileType = sourcecode.c.objc; path = DemoMineComponent.m; sourceTree = "<group>"; };
		324C362424F3E5570037DB8F /* DemoMineCCell.h */ = {isa = PBXFileReference; lastKnownFileType = sourcecode.c.h; path = DemoMineCCell.h; sourceTree = "<group>"; };
		324C362524F3E5570037DB8F /* DemoMineCCell.m */ = {isa = PBXFileReference; lastKnownFileType = sourcecode.c.objc; path = DemoMineCCell.m; sourceTree = "<group>"; };
		32644D0B24EB6A80002078D2 /* DemoVideoComponent.h */ = {isa = PBXFileReference; lastKnownFileType = sourcecode.c.h; path = DemoVideoComponent.h; sourceTree = "<group>"; };
		32644D0C24EB6A80002078D2 /* DemoVideoComponent.m */ = {isa = PBXFileReference; lastKnownFileType = sourcecode.c.objc; path = DemoVideoComponent.m; sourceTree = "<group>"; };
		32644D0E24EB6EEC002078D2 /* DemoVideoCCell.h */ = {isa = PBXFileReference; lastKnownFileType = sourcecode.c.h; path = DemoVideoCCell.h; sourceTree = "<group>"; };
		32644D0F24EB6EEC002078D2 /* DemoVideoCCell.m */ = {isa = PBXFileReference; lastKnownFileType = sourcecode.c.objc; path = DemoVideoCCell.m; sourceTree = "<group>"; };
		32644D1124EB719F002078D2 /* QLLiveBaseLayout_Private.h */ = {isa = PBXFileReference; lastKnownFileType = sourcecode.c.h; path = QLLiveBaseLayout_Private.h; sourceTree = "<group>"; };
		32644D1224EBC77A002078D2 /* QLLiveDecorateSectionLayoutAttributes.h */ = {isa = PBXFileReference; lastKnownFileType = sourcecode.c.h; path = QLLiveDecorateSectionLayoutAttributes.h; sourceTree = "<group>"; };
		32644D1324EBC77A002078D2 /* QLLiveDecorateSectionLayoutAttributes.m */ = {isa = PBXFileReference; lastKnownFileType = sourcecode.c.objc; path = QLLiveDecorateSectionLayoutAttributes.m; sourceTree = "<group>"; };
		32644D1524ECE9DC002078D2 /* DemoSearchComponent.h */ = {isa = PBXFileReference; lastKnownFileType = sourcecode.c.h; path = DemoSearchComponent.h; sourceTree = "<group>"; };
		32644D1624ECE9DC002078D2 /* DemoSearchComponent.m */ = {isa = PBXFileReference; lastKnownFileType = sourcecode.c.objc; path = DemoSearchComponent.m; sourceTree = "<group>"; };
		32644D1824ECEEF3002078D2 /* huaban.json */ = {isa = PBXFileReference; fileEncoding = 4; lastKnownFileType = text.json; path = huaban.json; sourceTree = "<group>"; };
		32644D1B24ECEF47002078D2 /* DemoHuabanModule.h */ = {isa = PBXFileReference; lastKnownFileType = sourcecode.c.h; path = DemoHuabanModule.h; sourceTree = "<group>"; };
		32644D1C24ECEF47002078D2 /* DemoHuabanModule.m */ = {isa = PBXFileReference; lastKnownFileType = sourcecode.c.objc; path = DemoHuabanModule.m; sourceTree = "<group>"; };
		3290921324E3C7C0006D60AB /* QLLiveFlexLayout.h */ = {isa = PBXFileReference; lastKnownFileType = sourcecode.c.h; path = QLLiveFlexLayout.h; sourceTree = "<group>"; };
		3290921424E3C7C0006D60AB /* QLLiveFlexLayout.m */ = {isa = PBXFileReference; lastKnownFileType = sourcecode.c.objc; path = QLLiveFlexLayout.m; sourceTree = "<group>"; };
		3290921624E3C7E3006D60AB /* QLLiveWaterfallLayout.h */ = {isa = PBXFileReference; lastKnownFileType = sourcecode.c.h; path = QLLiveWaterfallLayout.h; sourceTree = "<group>"; };
		3290921724E3C7E3006D60AB /* QLLiveWaterfallLayout.m */ = {isa = PBXFileReference; lastKnownFileType = sourcecode.c.objc; path = QLLiveWaterfallLayout.m; sourceTree = "<group>"; };
		3290921924E3C7F4006D60AB /* QLLiveListLayout.h */ = {isa = PBXFileReference; lastKnownFileType = sourcecode.c.h; path = QLLiveListLayout.h; sourceTree = "<group>"; };
		3290921A24E3C7F5006D60AB /* QLLiveListLayout.m */ = {isa = PBXFileReference; lastKnownFileType = sourcecode.c.objc; path = QLLiveListLayout.m; sourceTree = "<group>"; };
		3290921C24E3C805006D60AB /* QLLiveGridLayout.h */ = {isa = PBXFileReference; lastKnownFileType = sourcecode.c.h; path = QLLiveGridLayout.h; sourceTree = "<group>"; };
		3290921D24E3C805006D60AB /* QLLiveGridLayout.m */ = {isa = PBXFileReference; lastKnownFileType = sourcecode.c.objc; path = QLLiveGridLayout.m; sourceTree = "<group>"; };
		3290922324E3CD66006D60AB /* QLLiveBaseLayout.h */ = {isa = PBXFileReference; lastKnownFileType = sourcecode.c.h; path = QLLiveBaseLayout.h; sourceTree = "<group>"; };
		3290922424E3CD66006D60AB /* QLLiveBaseLayout.m */ = {isa = PBXFileReference; lastKnownFileType = sourcecode.c.objc; path = QLLiveBaseLayout.m; sourceTree = "<group>"; };
		32A86D1B2505D0E0001B0D95 /* QLLiveModuler.framework */ = {isa = PBXFileReference; explicitFileType = wrapper.framework; includeInIndex = 0; path = QLLiveModuler.framework; sourceTree = BUILT_PRODUCTS_DIR; };
		32A86D1D2505D0E0001B0D95 /* QLLiveModuler.h */ = {isa = PBXFileReference; lastKnownFileType = sourcecode.c.h; path = QLLiveModuler.h; sourceTree = "<group>"; };
		32A86D1E2505D0E0001B0D95 /* Info.plist */ = {isa = PBXFileReference; lastKnownFileType = text.plist.xml; path = Info.plist; sourceTree = "<group>"; };
		32DB563924DFA63900AD669F /* QILievModule.app */ = {isa = PBXFileReference; explicitFileType = wrapper.application; includeInIndex = 0; path = QILievModule.app; sourceTree = BUILT_PRODUCTS_DIR; };
		32DB563C24DFA63900AD669F /* AppDelegate.h */ = {isa = PBXFileReference; lastKnownFileType = sourcecode.c.h; path = AppDelegate.h; sourceTree = "<group>"; };
		32DB563D24DFA63900AD669F /* AppDelegate.m */ = {isa = PBXFileReference; lastKnownFileType = sourcecode.c.objc; path = AppDelegate.m; sourceTree = "<group>"; };
		32DB564224DFA63900AD669F /* ViewController.h */ = {isa = PBXFileReference; lastKnownFileType = sourcecode.c.h; path = ViewController.h; sourceTree = "<group>"; };
		32DB564324DFA63900AD669F /* ViewController.m */ = {isa = PBXFileReference; lastKnownFileType = sourcecode.c.objc; path = ViewController.m; sourceTree = "<group>"; };
		32DB564824DFA63D00AD669F /* Assets.xcassets */ = {isa = PBXFileReference; lastKnownFileType = folder.assetcatalog; path = Assets.xcassets; sourceTree = "<group>"; };
		32DB564B24DFA63D00AD669F /* Base */ = {isa = PBXFileReference; lastKnownFileType = file.storyboard; name = Base; path = Base.lproj/LaunchScreen.storyboard; sourceTree = "<group>"; };
		32DB564D24DFA63D00AD669F /* Info.plist */ = {isa = PBXFileReference; lastKnownFileType = text.plist.xml; path = Info.plist; sourceTree = "<group>"; };
		32DB564E24DFA63D00AD669F /* main.m */ = {isa = PBXFileReference; lastKnownFileType = sourcecode.c.objc; path = main.m; sourceTree = "<group>"; };
		32DB565524DFA78F00AD669F /* DemoListViewController.h */ = {isa = PBXFileReference; lastKnownFileType = sourcecode.c.h; path = DemoListViewController.h; sourceTree = "<group>"; };
		32DB565624DFA78F00AD669F /* DemoListViewController.m */ = {isa = PBXFileReference; lastKnownFileType = sourcecode.c.objc; path = DemoListViewController.m; sourceTree = "<group>"; };
		32DB565924DFA7D200AD669F /* DemoCompositeListViewController.h */ = {isa = PBXFileReference; lastKnownFileType = sourcecode.c.h; path = DemoCompositeListViewController.h; sourceTree = "<group>"; };
		32DB565A24DFA7D200AD669F /* DemoCompositeListViewController.m */ = {isa = PBXFileReference; lastKnownFileType = sourcecode.c.objc; path = DemoCompositeListViewController.m; sourceTree = "<group>"; };
		32DB565D24DFA82800AD669F /* EaseRefreshProxy.m */ = {isa = PBXFileReference; fileEncoding = 4; lastKnownFileType = sourcecode.c.objc; path = EaseRefreshProxy.m; sourceTree = "<group>"; };
		32DB565E24DFA82800AD669F /* EaseRefreshProxy.h */ = {isa = PBXFileReference; fileEncoding = 4; lastKnownFileType = sourcecode.c.h; path = EaseRefreshProxy.h; sourceTree = "<group>"; };
		32DB566024DFA91B00AD669F /* EaseAlertController.h */ = {isa = PBXFileReference; fileEncoding = 4; lastKnownFileType = sourcecode.c.h; path = EaseAlertController.h; sourceTree = "<group>"; };
		32DB566124DFA91B00AD669F /* EaseAlertController.m */ = {isa = PBXFileReference; fileEncoding = 4; lastKnownFileType = sourcecode.c.objc; path = EaseAlertController.m; sourceTree = "<group>"; };
		32DB566324DFA95900AD669F /* NSArray+Sugar.m */ = {isa = PBXFileReference; fileEncoding = 4; lastKnownFileType = sourcecode.c.objc; path = "NSArray+Sugar.m"; sourceTree = "<group>"; };
		32DB566424DFA95900AD669F /* NSArray+Sugar.h */ = {isa = PBXFileReference; fileEncoding = 4; lastKnownFileType = sourcecode.c.h; path = "NSArray+Sugar.h"; sourceTree = "<group>"; };
		32DB566624DFA98300AD669F /* NSObject+EaseRuntime.h */ = {isa = PBXFileReference; fileEncoding = 4; lastKnownFileType = sourcecode.c.h; path = "NSObject+EaseRuntime.h"; sourceTree = "<group>"; };
		32DB566724DFA98300AD669F /* NSObject+EaseRuntime.m */ = {isa = PBXFileReference; fileEncoding = 4; lastKnownFileType = sourcecode.c.objc; path = "NSObject+EaseRuntime.m"; sourceTree = "<group>"; };
		32DB567A24DFAD9E00AD669F /* PrefixHeader.pch */ = {isa = PBXFileReference; lastKnownFileType = sourcecode.c.h; path = PrefixHeader.pch; sourceTree = "<group>"; };
		32DB568624E1495600AD669F /* QLLiveModuleDataSource.m */ = {isa = PBXFileReference; fileEncoding = 4; lastKnownFileType = sourcecode.c.objc; path = QLLiveModuleDataSource.m; sourceTree = "<group>"; };
		32DB568724E1495600AD669F /* QLLiveModuleDataSourceAble.h */ = {isa = PBXFileReference; fileEncoding = 4; lastKnownFileType = sourcecode.c.h; path = QLLiveModuleDataSourceAble.h; sourceTree = "<group>"; };
		32DB568824E1495600AD669F /* QLLiveModuleDataSource.h */ = {isa = PBXFileReference; fileEncoding = 4; lastKnownFileType = sourcecode.c.h; path = QLLiveModuleDataSource.h; sourceTree = "<group>"; };
		32DB568D24E1495600AD669F /* QLLiveModule.h */ = {isa = PBXFileReference; fileEncoding = 4; lastKnownFileType = sourcecode.c.h; path = QLLiveModule.h; sourceTree = "<group>"; };
		32DB568E24E1495600AD669F /* QLLiveModule.m */ = {isa = PBXFileReference; fileEncoding = 4; lastKnownFileType = sourcecode.c.objc; path = QLLiveModule.m; sourceTree = "<group>"; };
		32DB569024E1495600AD669F /* QLLiveComponent.h */ = {isa = PBXFileReference; fileEncoding = 4; lastKnownFileType = sourcecode.c.h; path = QLLiveComponent.h; sourceTree = "<group>"; };
		32DB569124E1495600AD669F /* QLLiveComponent.m */ = {isa = PBXFileReference; fileEncoding = 4; lastKnownFileType = sourcecode.c.objc; path = QLLiveComponent.m; sourceTree = "<group>"; };
		32DB569424E1495600AD669F /* QLLiveModuleFlowLayout.m */ = {isa = PBXFileReference; fileEncoding = 4; lastKnownFileType = sourcecode.c.objc; path = QLLiveModuleFlowLayout.m; sourceTree = "<group>"; };
		32DB569624E1495600AD669F /* QLLiveModuleFlowLayout.h */ = {isa = PBXFileReference; fileEncoding = 4; lastKnownFileType = sourcecode.c.h; path = QLLiveModuleFlowLayout.h; sourceTree = "<group>"; };
		32DB569924E1495600AD669F /* QLLiveModuleAdapterProxy.m */ = {isa = PBXFileReference; fileEncoding = 4; lastKnownFileType = sourcecode.c.objc; path = QLLiveModuleAdapterProxy.m; sourceTree = "<group>"; };
		32DB569A24E1495600AD669F /* QLLiveModuleAdapterProxy.h */ = {isa = PBXFileReference; fileEncoding = 4; lastKnownFileType = sourcecode.c.h; path = QLLiveModuleAdapterProxy.h; sourceTree = "<group>"; };
		32DB569C24E1495600AD669F /* QLOrthogonalScrollerEmbeddedScrollView.h */ = {isa = PBXFileReference; fileEncoding = 4; lastKnownFileType = sourcecode.c.h; path = QLOrthogonalScrollerEmbeddedScrollView.h; sourceTree = "<group>"; };
		32DB569D24E1495600AD669F /* QLOrthogonalScrollerEmbeddedScrollView.m */ = {isa = PBXFileReference; fileEncoding = 4; lastKnownFileType = sourcecode.c.objc; path = QLOrthogonalScrollerEmbeddedScrollView.m; sourceTree = "<group>"; };
		32DB56A024E1495600AD669F /* QLLiveComponent_Private.h */ = {isa = PBXFileReference; fileEncoding = 4; lastKnownFileType = sourcecode.c.h; path = QLLiveComponent_Private.h; sourceTree = "<group>"; };
		32DB56A124E1495600AD669F /* QLLiveModuleDataSource_Private.h */ = {isa = PBXFileReference; fileEncoding = 4; lastKnownFileType = sourcecode.c.h; path = QLLiveModuleDataSource_Private.h; sourceTree = "<group>"; };
		32DB56A324E1495600AD669F /* QLLiveModelEnvironment.h */ = {isa = PBXFileReference; fileEncoding = 4; lastKnownFileType = sourcecode.c.h; path = QLLiveModelEnvironment.h; sourceTree = "<group>"; };
		32DB56A424E1495600AD669F /* QLLiveModelEnvironment_Protocol.h */ = {isa = PBXFileReference; fileEncoding = 4; lastKnownFileType = sourcecode.c.h; path = QLLiveModelEnvironment_Protocol.h; sourceTree = "<group>"; };
		32DB56A524E1495600AD669F /* QLLiveModelEnvironment.m */ = {isa = PBXFileReference; fileEncoding = 4; lastKnownFileType = sourcecode.c.objc; path = QLLiveModelEnvironment.m; sourceTree = "<group>"; };
		32DB56B624E15FFF00AD669F /* DemoVideoModule.h */ = {isa = PBXFileReference; lastKnownFileType = sourcecode.c.h; path = DemoVideoModule.h; sourceTree = "<group>"; };
		32DB56B724E15FFF00AD669F /* DemoVideoModule.m */ = {isa = PBXFileReference; lastKnownFileType = sourcecode.c.objc; path = DemoVideoModule.m; sourceTree = "<group>"; };
		32DB56B924E1601200AD669F /* DemoSearchModule.h */ = {isa = PBXFileReference; lastKnownFileType = sourcecode.c.h; path = DemoSearchModule.h; sourceTree = "<group>"; };
		32DB56BA24E1601200AD669F /* DemoSearchModule.m */ = {isa = PBXFileReference; lastKnownFileType = sourcecode.c.objc; path = DemoSearchModule.m; sourceTree = "<group>"; };
		32DB56BD24E1603000AD669F /* DemoLivingModule.h */ = {isa = PBXFileReference; lastKnownFileType = sourcecode.c.h; path = DemoLivingModule.h; sourceTree = "<group>"; };
		32DB56BE24E1603000AD669F /* DemoLivingModule.m */ = {isa = PBXFileReference; lastKnownFileType = sourcecode.c.objc; path = DemoLivingModule.m; sourceTree = "<group>"; };
		32DB56C124E1604B00AD669F /* DemoShoppingModule.h */ = {isa = PBXFileReference; lastKnownFileType = sourcecode.c.h; path = DemoShoppingModule.h; sourceTree = "<group>"; };
		32DB56C224E1604B00AD669F /* DemoShoppingModule.m */ = {isa = PBXFileReference; lastKnownFileType = sourcecode.c.objc; path = DemoShoppingModule.m; sourceTree = "<group>"; };
		32DB56C524E1606500AD669F /* DemoMusicModule.h */ = {isa = PBXFileReference; lastKnownFileType = sourcecode.c.h; path = DemoMusicModule.h; sourceTree = "<group>"; };
		32DB56C624E1606500AD669F /* DemoMusicModule.m */ = {isa = PBXFileReference; lastKnownFileType = sourcecode.c.objc; path = DemoMusicModule.m; sourceTree = "<group>"; };
		32DB56C924E166DF00AD669F /* DemoMineModule.h */ = {isa = PBXFileReference; lastKnownFileType = sourcecode.c.h; path = DemoMineModule.h; sourceTree = "<group>"; };
		32DB56CA24E166DF00AD669F /* DemoMineModule.m */ = {isa = PBXFileReference; lastKnownFileType = sourcecode.c.objc; path = DemoMineModule.m; sourceTree = "<group>"; };
		32DB56CD24E171B700AD669F /* UIColor+Common.h */ = {isa = PBXFileReference; fileEncoding = 4; lastKnownFileType = sourcecode.c.h; path = "UIColor+Common.h"; sourceTree = "<group>"; };
		32DB56CE24E171B700AD669F /* UIColor+Common.m */ = {isa = PBXFileReference; fileEncoding = 4; lastKnownFileType = sourcecode.c.objc; path = "UIColor+Common.m"; sourceTree = "<group>"; };
		32DB56D024E1727800AD669F /* NSString+Common.h */ = {isa = PBXFileReference; lastKnownFileType = sourcecode.c.h; path = "NSString+Common.h"; sourceTree = "<group>"; };
		32DB56D124E1727800AD669F /* NSString+Common.m */ = {isa = PBXFileReference; lastKnownFileType = sourcecode.c.objc; path = "NSString+Common.m"; sourceTree = "<group>"; };
		32DB56D324E1762500AD669F /* DemoContentCCell.h */ = {isa = PBXFileReference; lastKnownFileType = sourcecode.c.h; path = DemoContentCCell.h; sourceTree = "<group>"; };
		32DB56D424E1762500AD669F /* DemoContentCCell.m */ = {isa = PBXFileReference; lastKnownFileType = sourcecode.c.objc; path = DemoContentCCell.m; sourceTree = "<group>"; };
		32DB56D624E2417700AD669F /* DemoResumeModule.h */ = {isa = PBXFileReference; lastKnownFileType = sourcecode.c.h; path = DemoResumeModule.h; sourceTree = "<group>"; };
		32DB56D724E2417700AD669F /* DemoResumeModule.m */ = {isa = PBXFileReference; lastKnownFileType = sourcecode.c.objc; path = DemoResumeModule.m; sourceTree = "<group>"; };
		32EC35CF24F4DC9200D6D297 /* UIView+SDExtension.h */ = {isa = PBXFileReference; fileEncoding = 4; lastKnownFileType = sourcecode.c.h; path = "UIView+SDExtension.h"; sourceTree = "<group>"; };
		32EC35D024F4DC9200D6D297 /* SDCycleScrollView.h */ = {isa = PBXFileReference; fileEncoding = 4; lastKnownFileType = sourcecode.c.h; path = SDCycleScrollView.h; sourceTree = "<group>"; };
		32EC35D124F4DC9200D6D297 /* SDCollectionViewCell.h */ = {isa = PBXFileReference; fileEncoding = 4; lastKnownFileType = sourcecode.c.h; path = SDCollectionViewCell.h; sourceTree = "<group>"; };
		32EC35D224F4DC9200D6D297 /* SDCycleScrollView.m */ = {isa = PBXFileReference; fileEncoding = 4; lastKnownFileType = sourcecode.c.objc; path = SDCycleScrollView.m; sourceTree = "<group>"; };
		32EC35D324F4DC9200D6D297 /* UIView+SDExtension.m */ = {isa = PBXFileReference; fileEncoding = 4; lastKnownFileType = sourcecode.c.objc; path = "UIView+SDExtension.m"; sourceTree = "<group>"; };
		32EC35D424F4DC9200D6D297 /* SDCollectionViewCell.m */ = {isa = PBXFileReference; fileEncoding = 4; lastKnownFileType = sourcecode.c.objc; path = SDCollectionViewCell.m; sourceTree = "<group>"; };
		32EC35D624F4DC9200D6D297 /* TAAbstractDotView.h */ = {isa = PBXFileReference; fileEncoding = 4; lastKnownFileType = sourcecode.c.h; path = TAAbstractDotView.h; sourceTree = "<group>"; };
		32EC35D724F4DC9200D6D297 /* TADotView.m */ = {isa = PBXFileReference; fileEncoding = 4; lastKnownFileType = sourcecode.c.objc; path = TADotView.m; sourceTree = "<group>"; };
		32EC35D824F4DC9200D6D297 /* TAPageControl.m */ = {isa = PBXFileReference; fileEncoding = 4; lastKnownFileType = sourcecode.c.objc; path = TAPageControl.m; sourceTree = "<group>"; };
		32EC35D924F4DC9200D6D297 /* TAAnimatedDotView.m */ = {isa = PBXFileReference; fileEncoding = 4; lastKnownFileType = sourcecode.c.objc; path = TAAnimatedDotView.m; sourceTree = "<group>"; };
		32EC35DA24F4DC9200D6D297 /* TAAbstractDotView.m */ = {isa = PBXFileReference; fileEncoding = 4; lastKnownFileType = sourcecode.c.objc; path = TAAbstractDotView.m; sourceTree = "<group>"; };
		32EC35DB24F4DC9200D6D297 /* TADotView.h */ = {isa = PBXFileReference; fileEncoding = 4; lastKnownFileType = sourcecode.c.h; path = TADotView.h; sourceTree = "<group>"; };
		32EC35DC24F4DC9200D6D297 /* TAAnimatedDotView.h */ = {isa = PBXFileReference; fileEncoding = 4; lastKnownFileType = sourcecode.c.h; path = TAAnimatedDotView.h; sourceTree = "<group>"; };
		32EC35DD24F4DC9200D6D297 /* TAPageControl.h */ = {isa = PBXFileReference; fileEncoding = 4; lastKnownFileType = sourcecode.c.h; path = TAPageControl.h; sourceTree = "<group>"; };
		32EC35E524F4E2CD00D6D297 /* DemoShoppingComponent.h */ = {isa = PBXFileReference; lastKnownFileType = sourcecode.c.h; path = DemoShoppingComponent.h; sourceTree = "<group>"; };
		32EC35E624F4E2CD00D6D297 /* DemoShoppingComponent.m */ = {isa = PBXFileReference; lastKnownFileType = sourcecode.c.objc; path = DemoShoppingComponent.m; sourceTree = "<group>"; };
		32EC35E824F4F96200D6D297 /* music.json */ = {isa = PBXFileReference; fileEncoding = 4; lastKnownFileType = text.json; path = music.json; sourceTree = "<group>"; };
		32EC35EA24F4FC8E00D6D297 /* DemoMusicComponent.h */ = {isa = PBXFileReference; lastKnownFileType = sourcecode.c.h; path = DemoMusicComponent.h; sourceTree = "<group>"; };
		32EC35EB24F4FC8E00D6D297 /* DemoMusicComponent.m */ = {isa = PBXFileReference; lastKnownFileType = sourcecode.c.objc; path = DemoMusicComponent.m; sourceTree = "<group>"; };
		32EC35ED24F4FCA400D6D297 /* DemoMusicCCell.h */ = {isa = PBXFileReference; lastKnownFileType = sourcecode.c.h; path = DemoMusicCCell.h; sourceTree = "<group>"; };
		32EC35EE24F4FCA400D6D297 /* DemoMusicCCell.m */ = {isa = PBXFileReference; lastKnownFileType = sourcecode.c.objc; path = DemoMusicCCell.m; sourceTree = "<group>"; };
		925B7A0C52CAD1C3858066C5 /* Pods_QILievModule.framework */ = {isa = PBXFileReference; explicitFileType = wrapper.framework; includeInIndex = 0; path = Pods_QILievModule.framework; sourceTree = BUILT_PRODUCTS_DIR; };
		F2D365873B42315CDB568B76 /* Pods-QILievModule.debug.xcconfig */ = {isa = PBXFileReference; includeInIndex = 1; lastKnownFileType = text.xcconfig; name = "Pods-QILievModule.debug.xcconfig"; path = "Target Support Files/Pods-QILievModule/Pods-QILievModule.debug.xcconfig"; sourceTree = "<group>"; };
/* End PBXFileReference section */

/* Begin PBXFrameworksBuildPhase section */
		32A86D182505D0E0001B0D95 /* Frameworks */ = {
			isa = PBXFrameworksBuildPhase;
			buildActionMask = 2147483647;
			files = (
			);
			runOnlyForDeploymentPostprocessing = 0;
		};
		32DB563624DFA63900AD669F /* Frameworks */ = {
			isa = PBXFrameworksBuildPhase;
			buildActionMask = 2147483647;
			files = (
				32A86D222505D0E0001B0D95 /* QLLiveModuler.framework in Frameworks */,
				085A806A856DB764E7A59007 /* Pods_QILievModule.framework in Frameworks */,
			);
			runOnlyForDeploymentPostprocessing = 0;
		};
/* End PBXFrameworksBuildPhase section */

/* Begin PBXGroup section */
		1D36536C1EC30093AE3D021C /* Pods */ = {
			isa = PBXGroup;
			children = (
				F2D365873B42315CDB568B76 /* Pods-QILievModule.debug.xcconfig */,
				1AA14438CEA24C750502FBCD /* Pods-QILievModule.release.xcconfig */,
			);
			path = Pods;
			sourceTree = "<group>";
		};
		32644D1A24ECEF1D002078D2 /* Huaban */ = {
			isa = PBXGroup;
			children = (
				32644D1B24ECEF47002078D2 /* DemoHuabanModule.h */,
				32644D1C24ECEF47002078D2 /* DemoHuabanModule.m */,
			);
			path = Huaban;
			sourceTree = "<group>";
		};
		3290922224E3CD0E006D60AB /* Layouts */ = {
			isa = PBXGroup;
			children = (
				3290921924E3C7F4006D60AB /* QLLiveListLayout.h */,
				3290921A24E3C7F5006D60AB /* QLLiveListLayout.m */,
				3290921624E3C7E3006D60AB /* QLLiveWaterfallLayout.h */,
				3290921724E3C7E3006D60AB /* QLLiveWaterfallLayout.m */,
				3290921324E3C7C0006D60AB /* QLLiveFlexLayout.h */,
				3290921424E3C7C0006D60AB /* QLLiveFlexLayout.m */,
				3290921C24E3C805006D60AB /* QLLiveGridLayout.h */,
				3290921D24E3C805006D60AB /* QLLiveGridLayout.m */,
			);
			path = Layouts;
			sourceTree = "<group>";
		};
		32A86D1C2505D0E0001B0D95 /* QLLiveModuler */ = {
			isa = PBXGroup;
			children = (
				32A86D1D2505D0E0001B0D95 /* QLLiveModuler.h */,
				32A86D1E2505D0E0001B0D95 /* Info.plist */,
				32DB568424E1495600AD669F /* Public */,
				32DB569224E1495600AD669F /* Privaate */,
			);
			path = QLLiveModuler;
			sourceTree = "<group>";
		};
		32DB563024DFA63900AD669F = {
			isa = PBXGroup;
			children = (
				32DB563B24DFA63900AD669F /* QILievModule */,
				32A86D1C2505D0E0001B0D95 /* QLLiveModuler */,
				32DB563A24DFA63900AD669F /* Products */,
				1D36536C1EC30093AE3D021C /* Pods */,
				C8C3E5F001457B4DBB3EF2A3 /* Frameworks */,
			);
			sourceTree = "<group>";
		};
		32DB563A24DFA63900AD669F /* Products */ = {
			isa = PBXGroup;
			children = (
				32DB563924DFA63900AD669F /* QILievModule.app */,
				32A86D1B2505D0E0001B0D95 /* QLLiveModuler.framework */,
			);
			name = Products;
			sourceTree = "<group>";
		};
		32DB563B24DFA63900AD669F /* QILievModule */ = {
			isa = PBXGroup;
			children = (
				32DB563C24DFA63900AD669F /* AppDelegate.h */,
				32DB563D24DFA63900AD669F /* AppDelegate.m */,
				32DB564224DFA63900AD669F /* ViewController.h */,
				32DB564324DFA63900AD669F /* ViewController.m */,
				32DB565824DFA79400AD669F /* Demo */,
				32DB565C24DFA7E800AD669F /* Ease */,
				32EC35CE24F4DC9200D6D297 /* SDCycleScrollView */,
				32644D1824ECEEF3002078D2 /* huaban.json */,
				32EC35E824F4F96200D6D297 /* music.json */,
				32DB564824DFA63D00AD669F /* Assets.xcassets */,
				32DB567A24DFAD9E00AD669F /* PrefixHeader.pch */,
				32DB564A24DFA63D00AD669F /* LaunchScreen.storyboard */,
				32DB564D24DFA63D00AD669F /* Info.plist */,
				32DB564E24DFA63D00AD669F /* main.m */,
			);
			path = QILievModule;
			sourceTree = "<group>";
		};
		32DB565824DFA79400AD669F /* Demo */ = {
			isa = PBXGroup;
			children = (
				32DB566A24DFA9E700AD669F /* List */,
				32DB56B524E15FE400AD669F /* Video */,
				32DB56BC24E1601E00AD669F /* Search */,
				32DB56C024E1603B00AD669F /* Living */,
				32DB56C424E1605400AD669F /* Shopping */,
				32644D1A24ECEF1D002078D2 /* Huaban */,
				32DB56C824E1607200AD669F /* Music */,
				32DB56CC24E166E400AD669F /* Mine */,
				32DB56D924E2417D00AD669F /* Resume */,
			);
			name = Demo;
			path = "../Example-OC/Example-OC/Demo";
			sourceTree = "<group>";
		};
		32DB565C24DFA7E800AD669F /* Ease */ = {
			isa = PBXGroup;
			children = (
				32DB565E24DFA82800AD669F /* EaseRefreshProxy.h */,
				32DB565D24DFA82800AD669F /* EaseRefreshProxy.m */,
				32DB566024DFA91B00AD669F /* EaseAlertController.h */,
				32DB566124DFA91B00AD669F /* EaseAlertController.m */,
				32DB566924DFA98A00AD669F /* Category */,
			);
			name = Ease;
			path = "../Example-OC/Example-OC/Ease";
			sourceTree = "<group>";
		};
		32DB566924DFA98A00AD669F /* Category */ = {
			isa = PBXGroup;
			children = (
				32DB566624DFA98300AD669F /* NSObject+EaseRuntime.h */,
				32DB566724DFA98300AD669F /* NSObject+EaseRuntime.m */,
				32DB56CD24E171B700AD669F /* UIColor+Common.h */,
				32DB56CE24E171B700AD669F /* UIColor+Common.m */,
				3210652E24EE4D2900C8FCB1 /* UIImage+Common.h */,
				3210652F24EE4D2900C8FCB1 /* UIImage+Common.m */,
				32DB566424DFA95900AD669F /* NSArray+Sugar.h */,
				32DB566324DFA95900AD669F /* NSArray+Sugar.m */,
				32DB56D024E1727800AD669F /* NSString+Common.h */,
				32DB56D124E1727800AD669F /* NSString+Common.m */,
			);
			path = Category;
			sourceTree = "<group>";
		};
		32DB566A24DFA9E700AD669F /* List */ = {
			isa = PBXGroup;
			children = (
				32DB565524DFA78F00AD669F /* DemoListViewController.h */,
				32DB565624DFA78F00AD669F /* DemoListViewController.m */,
				32DB565924DFA7D200AD669F /* DemoCompositeListViewController.h */,
				32DB565A24DFA7D200AD669F /* DemoCompositeListViewController.m */,
				32DB56D324E1762500AD669F /* DemoContentCCell.h */,
				32DB56D424E1762500AD669F /* DemoContentCCell.m */,
			);
			path = List;
			sourceTree = "<group>";
		};
		32DB568424E1495600AD669F /* Public */ = {
			isa = PBXGroup;
			children = (
				32DB568C24E1495600AD669F /* Module */,
				32DB568524E1495600AD669F /* Datasource */,
				32DB568F24E1495600AD669F /* Component */,
				32DB568924E1495600AD669F /* Layout */,
			);
			path = Public;
			sourceTree = "<group>";
		};
		32DB568524E1495600AD669F /* Datasource */ = {
			isa = PBXGroup;
			children = (
				32DB568724E1495600AD669F /* QLLiveModuleDataSourceAble.h */,
				32DB568824E1495600AD669F /* QLLiveModuleDataSource.h */,
				32DB568624E1495600AD669F /* QLLiveModuleDataSource.m */,
			);
			path = Datasource;
			sourceTree = "<group>";
		};
		32DB568924E1495600AD669F /* Layout */ = {
			isa = PBXGroup;
			children = (
				3290922324E3CD66006D60AB /* QLLiveBaseLayout.h */,
				3290922424E3CD66006D60AB /* QLLiveBaseLayout.m */,
				3290922224E3CD0E006D60AB /* Layouts */,
			);
			path = Layout;
			sourceTree = "<group>";
		};
		32DB568C24E1495600AD669F /* Module */ = {
			isa = PBXGroup;
			children = (
				32DB568D24E1495600AD669F /* QLLiveModule.h */,
				32DB568E24E1495600AD669F /* QLLiveModule.m */,
			);
			path = Module;
			sourceTree = "<group>";
		};
		32DB568F24E1495600AD669F /* Component */ = {
			isa = PBXGroup;
			children = (
				32DB569024E1495600AD669F /* QLLiveComponent.h */,
				32DB569124E1495600AD669F /* QLLiveComponent.m */,
				3248BB6A24ED252E00027973 /* QLLiveComponentDecorateContents.h */,
				3248BB6B24ED252E00027973 /* QLLiveComponentDecorateContents.m */,
			);
			path = Component;
			sourceTree = "<group>";
		};
		32DB569224E1495600AD669F /* Privaate */ = {
			isa = PBXGroup;
			children = (
				32DB569324E1495600AD669F /* QLLiveModuleFlowLayoutWrapper */,
				32DB569824E1495600AD669F /* QLLiveModuleAdapterProxy */,
				32DB569B24E1495600AD669F /* OrthogonalScroll */,
				32DB569E24E1495600AD669F /* Private */,
				32DB56A224E1495600AD669F /* Environment */,
			);
			path = Privaate;
			sourceTree = "<group>";
		};
		32DB569324E1495600AD669F /* QLLiveModuleFlowLayoutWrapper */ = {
			isa = PBXGroup;
			children = (
				32DB569624E1495600AD669F /* QLLiveModuleFlowLayout.h */,
				32DB569424E1495600AD669F /* QLLiveModuleFlowLayout.m */,
				32644D1224EBC77A002078D2 /* QLLiveDecorateSectionLayoutAttributes.h */,
				32644D1324EBC77A002078D2 /* QLLiveDecorateSectionLayoutAttributes.m */,
			);
			path = QLLiveModuleFlowLayoutWrapper;
			sourceTree = "<group>";
		};
		32DB569824E1495600AD669F /* QLLiveModuleAdapterProxy */ = {
			isa = PBXGroup;
			children = (
				32DB569924E1495600AD669F /* QLLiveModuleAdapterProxy.m */,
				32DB569A24E1495600AD669F /* QLLiveModuleAdapterProxy.h */,
			);
			path = QLLiveModuleAdapterProxy;
			sourceTree = "<group>";
		};
		32DB569B24E1495600AD669F /* OrthogonalScroll */ = {
			isa = PBXGroup;
			children = (
				32DB569C24E1495600AD669F /* QLOrthogonalScrollerEmbeddedScrollView.h */,
				32DB569D24E1495600AD669F /* QLOrthogonalScrollerEmbeddedScrollView.m */,
			);
			path = OrthogonalScroll;
			sourceTree = "<group>";
		};
		32DB569E24E1495600AD669F /* Private */ = {
			isa = PBXGroup;
			children = (
				32644D1124EB719F002078D2 /* QLLiveBaseLayout_Private.h */,
				32DB56A024E1495600AD669F /* QLLiveComponent_Private.h */,
				32DB56A124E1495600AD669F /* QLLiveModuleDataSource_Private.h */,
			);
			path = Private;
			sourceTree = "<group>";
		};
		32DB56A224E1495600AD669F /* Environment */ = {
			isa = PBXGroup;
			children = (
				32DB56A324E1495600AD669F /* QLLiveModelEnvironment.h */,
				32DB56A424E1495600AD669F /* QLLiveModelEnvironment_Protocol.h */,
				32DB56A524E1495600AD669F /* QLLiveModelEnvironment.m */,
			);
			path = Environment;
			sourceTree = "<group>";
		};
		32DB56B524E15FE400AD669F /* Video */ = {
			isa = PBXGroup;
			children = (
				32DB56B624E15FFF00AD669F /* DemoVideoModule.h */,
				32DB56B724E15FFF00AD669F /* DemoVideoModule.m */,
				32644D0B24EB6A80002078D2 /* DemoVideoComponent.h */,
				32644D0C24EB6A80002078D2 /* DemoVideoComponent.m */,
				32644D0E24EB6EEC002078D2 /* DemoVideoCCell.h */,
				32644D0F24EB6EEC002078D2 /* DemoVideoCCell.m */,
			);
			path = Video;
			sourceTree = "<group>";
		};
		32DB56BC24E1601E00AD669F /* Search */ = {
			isa = PBXGroup;
			children = (
				32DB56B924E1601200AD669F /* DemoSearchModule.h */,
				32DB56BA24E1601200AD669F /* DemoSearchModule.m */,
				32644D1524ECE9DC002078D2 /* DemoSearchComponent.h */,
				32644D1624ECE9DC002078D2 /* DemoSearchComponent.m */,
				323220A824F6560F00B1EDB3 /* DemoSearchCCell.h */,
				323220A924F6560F00B1EDB3 /* DemoSearchCCell.m */,
			);
			path = Search;
			sourceTree = "<group>";
		};
		32DB56C024E1603B00AD669F /* Living */ = {
			isa = PBXGroup;
			children = (
				32DB56BD24E1603000AD669F /* DemoLivingModule.h */,
				32DB56BE24E1603000AD669F /* DemoLivingModule.m */,
			);
			path = Living;
			sourceTree = "<group>";
		};
		32DB56C424E1605400AD669F /* Shopping */ = {
			isa = PBXGroup;
			children = (
				32DB56C124E1604B00AD669F /* DemoShoppingModule.h */,
				32DB56C224E1604B00AD669F /* DemoShoppingModule.m */,
				32EC35E524F4E2CD00D6D297 /* DemoShoppingComponent.h */,
				32EC35E624F4E2CD00D6D297 /* DemoShoppingComponent.m */,
			);
			path = Shopping;
			sourceTree = "<group>";
		};
		32DB56C824E1607200AD669F /* Music */ = {
			isa = PBXGroup;
			children = (
				32DB56C524E1606500AD669F /* DemoMusicModule.h */,
				32DB56C624E1606500AD669F /* DemoMusicModule.m */,
				32EC35EA24F4FC8E00D6D297 /* DemoMusicComponent.h */,
				32EC35EB24F4FC8E00D6D297 /* DemoMusicComponent.m */,
				32EC35ED24F4FCA400D6D297 /* DemoMusicCCell.h */,
				32EC35EE24F4FCA400D6D297 /* DemoMusicCCell.m */,
			);
			path = Music;
			sourceTree = "<group>";
		};
		32DB56CC24E166E400AD669F /* Mine */ = {
			isa = PBXGroup;
			children = (
				32DB56C924E166DF00AD669F /* DemoMineModule.h */,
				32DB56CA24E166DF00AD669F /* DemoMineModule.m */,
				324C362124F3DE7A0037DB8F /* DemoMineComponent.h */,
				324C362224F3DE7A0037DB8F /* DemoMineComponent.m */,
				324C362424F3E5570037DB8F /* DemoMineCCell.h */,
				324C362524F3E5570037DB8F /* DemoMineCCell.m */,
			);
			path = Mine;
			sourceTree = "<group>";
		};
		32DB56D924E2417D00AD669F /* Resume */ = {
			isa = PBXGroup;
			children = (
				32DB56D624E2417700AD669F /* DemoResumeModule.h */,
				32DB56D724E2417700AD669F /* DemoResumeModule.m */,
			);
			path = Resume;
			sourceTree = "<group>";
		};
		32EC35CE24F4DC9200D6D297 /* SDCycleScrollView */ = {
			isa = PBXGroup;
			children = (
				32EC35D524F4DC9200D6D297 /* PageControl */,
				32EC35D124F4DC9200D6D297 /* SDCollectionViewCell.h */,
				32EC35D424F4DC9200D6D297 /* SDCollectionViewCell.m */,
				32EC35D024F4DC9200D6D297 /* SDCycleScrollView.h */,
				32EC35D224F4DC9200D6D297 /* SDCycleScrollView.m */,
				32EC35CF24F4DC9200D6D297 /* UIView+SDExtension.h */,
				32EC35D324F4DC9200D6D297 /* UIView+SDExtension.m */,
			);
			name = SDCycleScrollView;
			path = "../Example-OC/Example-OC/SDCycleScrollView";
			sourceTree = "<group>";
		};
		32EC35D524F4DC9200D6D297 /* PageControl */ = {
			isa = PBXGroup;
			children = (
				32EC35D624F4DC9200D6D297 /* TAAbstractDotView.h */,
				32EC35DA24F4DC9200D6D297 /* TAAbstractDotView.m */,
				32EC35DC24F4DC9200D6D297 /* TAAnimatedDotView.h */,
				32EC35D924F4DC9200D6D297 /* TAAnimatedDotView.m */,
				32EC35DB24F4DC9200D6D297 /* TADotView.h */,
				32EC35D724F4DC9200D6D297 /* TADotView.m */,
				32EC35DD24F4DC9200D6D297 /* TAPageControl.h */,
				32EC35D824F4DC9200D6D297 /* TAPageControl.m */,
			);
			path = PageControl;
			sourceTree = "<group>";
		};
		C8C3E5F001457B4DBB3EF2A3 /* Frameworks */ = {
			isa = PBXGroup;
			children = (
				925B7A0C52CAD1C3858066C5 /* Pods_QILievModule.framework */,
			);
			name = Frameworks;
			sourceTree = "<group>";
		};
/* End PBXGroup section */

/* Begin PBXHeadersBuildPhase section */
		32A86D162505D0E0001B0D95 /* Headers */ = {
			isa = PBXHeadersBuildPhase;
			buildActionMask = 2147483647;
			files = (
				32A86D1F2505D0E0001B0D95 /* QLLiveModuler.h in Headers */,
				32A86D282505D10C001B0D95 /* QLLiveModule.h in Headers */,
				32A86D292505D10C001B0D95 /* QLLiveModuleDataSourceAble.h in Headers */,
				32A86D2A2505D10C001B0D95 /* QLLiveModuleDataSource.h in Headers */,
				32A86D2B2505D10C001B0D95 /* QLLiveComponent.h in Headers */,
				32A86D2C2505D10C001B0D95 /* QLLiveComponentDecorateContents.h in Headers */,
				32A86D2D2505D10C001B0D95 /* QLLiveBaseLayout.h in Headers */,
				32A86D2E2505D10C001B0D95 /* QLLiveListLayout.h in Headers */,
				32A86D2F2505D10C001B0D95 /* QLLiveWaterfallLayout.h in Headers */,
				32A86D302505D10C001B0D95 /* QLLiveFlexLayout.h in Headers */,
				32A86D312505D10C001B0D95 /* QLLiveGridLayout.h in Headers */,
				32A86D322505D10C001B0D95 /* QLLiveModuleFlowLayout.h in Headers */,
				32A86D332505D10C001B0D95 /* QLLiveDecorateSectionLayoutAttributes.h in Headers */,
				32A86D342505D10C001B0D95 /* QLLiveModuleAdapterProxy.h in Headers */,
				32A86D352505D10C001B0D95 /* QLLiveBaseLayout_Private.h in Headers */,
				32A86D362505D10C001B0D95 /* QLLiveComponent_Private.h in Headers */,
				32A86D372505D10C001B0D95 /* QLLiveModuleDataSource_Private.h in Headers */,
				32A86D382505D10C001B0D95 /* QLLiveModelEnvironment.h in Headers */,
				32A86D392505D10C001B0D95 /* QLLiveModelEnvironment_Protocol.h in Headers */,
			);
			runOnlyForDeploymentPostprocessing = 0;
		};
/* End PBXHeadersBuildPhase section */

/* Begin PBXNativeTarget section */
		32A86D1A2505D0E0001B0D95 /* QLLiveModuler */ = {
			isa = PBXNativeTarget;
			buildConfigurationList = 32A86D272505D0E0001B0D95 /* Build configuration list for PBXNativeTarget "QLLiveModuler" */;
			buildPhases = (
				32A86D162505D0E0001B0D95 /* Headers */,
				32A86D172505D0E0001B0D95 /* Sources */,
				32A86D182505D0E0001B0D95 /* Frameworks */,
				32A86D192505D0E0001B0D95 /* Resources */,
			);
			buildRules = (
			);
			dependencies = (
			);
			name = QLLiveModuler;
			productName = QLLiveModuler;
			productReference = 32A86D1B2505D0E0001B0D95 /* QLLiveModuler.framework */;
			productType = "com.apple.product-type.framework";
		};
		32DB563824DFA63900AD669F /* QILievModule */ = {
			isa = PBXNativeTarget;
			buildConfigurationList = 32DB565224DFA63D00AD669F /* Build configuration list for PBXNativeTarget "QILievModule" */;
			buildPhases = (
				C7F36BE5963C38E8B9236FA3 /* [CP] Check Pods Manifest.lock */,
				32DB563524DFA63900AD669F /* Sources */,
				32DB563624DFA63900AD669F /* Frameworks */,
				32DB563724DFA63900AD669F /* Resources */,
				AB8250BB09C99A50F4D25802 /* [CP] Embed Pods Frameworks */,
				32A86D232505D0E0001B0D95 /* Embed Frameworks */,
			);
			buildRules = (
			);
			dependencies = (
				32A86D212505D0E0001B0D95 /* PBXTargetDependency */,
			);
			name = QILievModule;
			productName = QILievModule;
			productReference = 32DB563924DFA63900AD669F /* QILievModule.app */;
			productType = "com.apple.product-type.application";
		};
/* End PBXNativeTarget section */

/* Begin PBXProject section */
		32DB563124DFA63900AD669F /* Project object */ = {
			isa = PBXProject;
			attributes = {
				LastUpgradeCheck = 1150;
				ORGANIZATIONNAME = Rocky;
				TargetAttributes = {
					32A86D1A2505D0E0001B0D95 = {
						CreatedOnToolsVersion = 11.5;
					};
					32DB563824DFA63900AD669F = {
						CreatedOnToolsVersion = 11.5;
					};
				};
			};
			buildConfigurationList = 32DB563424DFA63900AD669F /* Build configuration list for PBXProject "QILievModule" */;
			compatibilityVersion = "Xcode 9.3";
			developmentRegion = en;
			hasScannedForEncodings = 0;
			knownRegions = (
				en,
				Base,
			);
			mainGroup = 32DB563024DFA63900AD669F;
			productRefGroup = 32DB563A24DFA63900AD669F /* Products */;
			projectDirPath = "";
			projectRoot = "";
			targets = (
				32DB563824DFA63900AD669F /* QILievModule */,
				32A86D1A2505D0E0001B0D95 /* QLLiveModuler */,
			);
		};
/* End PBXProject section */

/* Begin PBXResourcesBuildPhase section */
		32A86D192505D0E0001B0D95 /* Resources */ = {
			isa = PBXResourcesBuildPhase;
			buildActionMask = 2147483647;
			files = (
			);
			runOnlyForDeploymentPostprocessing = 0;
		};
		32DB563724DFA63900AD669F /* Resources */ = {
			isa = PBXResourcesBuildPhase;
			buildActionMask = 2147483647;
			files = (
				32DB564C24DFA63D00AD669F /* LaunchScreen.storyboard in Resources */,
				32DB564924DFA63D00AD669F /* Assets.xcassets in Resources */,
				32644D1924ECEEF3002078D2 /* huaban.json in Resources */,
				32EC35E924F4F96200D6D297 /* music.json in Resources */,
			);
			runOnlyForDeploymentPostprocessing = 0;
		};
/* End PBXResourcesBuildPhase section */

/* Begin PBXShellScriptBuildPhase section */
		AB8250BB09C99A50F4D25802 /* [CP] Embed Pods Frameworks */ = {
			isa = PBXShellScriptBuildPhase;
			buildActionMask = 2147483647;
			files = (
			);
			inputFileListPaths = (
				"${PODS_ROOT}/Target Support Files/Pods-QILievModule/Pods-QILievModule-frameworks-${CONFIGURATION}-input-files.xcfilelist",
			);
			name = "[CP] Embed Pods Frameworks";
			outputFileListPaths = (
				"${PODS_ROOT}/Target Support Files/Pods-QILievModule/Pods-QILievModule-frameworks-${CONFIGURATION}-output-files.xcfilelist",
			);
			runOnlyForDeploymentPostprocessing = 0;
			shellPath = /bin/sh;
			shellScript = "\"${PODS_ROOT}/Target Support Files/Pods-QILievModule/Pods-QILievModule-frameworks.sh\"\n";
			showEnvVarsInLog = 0;
		};
		C7F36BE5963C38E8B9236FA3 /* [CP] Check Pods Manifest.lock */ = {
			isa = PBXShellScriptBuildPhase;
			buildActionMask = 2147483647;
			files = (
			);
			inputFileListPaths = (
			);
			inputPaths = (
				"${PODS_PODFILE_DIR_PATH}/Podfile.lock",
				"${PODS_ROOT}/Manifest.lock",
			);
			name = "[CP] Check Pods Manifest.lock";
			outputFileListPaths = (
			);
			outputPaths = (
				"$(DERIVED_FILE_DIR)/Pods-QILievModule-checkManifestLockResult.txt",
			);
			runOnlyForDeploymentPostprocessing = 0;
			shellPath = /bin/sh;
			shellScript = "diff \"${PODS_PODFILE_DIR_PATH}/Podfile.lock\" \"${PODS_ROOT}/Manifest.lock\" > /dev/null\nif [ $? != 0 ] ; then\n    # print error to STDERR\n    echo \"error: The sandbox is not in sync with the Podfile.lock. Run 'pod install' or update your CocoaPods installation.\" >&2\n    exit 1\nfi\n# This output is used by Xcode 'outputs' to avoid re-running this script phase.\necho \"SUCCESS\" > \"${SCRIPT_OUTPUT_FILE_0}\"\n";
			showEnvVarsInLog = 0;
		};
/* End PBXShellScriptBuildPhase section */

/* Begin PBXSourcesBuildPhase section */
		32A86D172505D0E0001B0D95 /* Sources */ = {
			isa = PBXSourcesBuildPhase;
			buildActionMask = 2147483647;
			files = (
				32A86D7E2505D56E001B0D95 /* QLOrthogonalScrollerEmbeddedScrollView.m in Sources */,
				32A86D7D2505D477001B0D95 /* UIImage+Common.m in Sources */,
				32A86D6F2505D420001B0D95 /* QLLiveModule.m in Sources */,
				32A86D702505D420001B0D95 /* QLLiveModuleDataSource.m in Sources */,
				32A86D712505D420001B0D95 /* QLLiveComponent.m in Sources */,
				32A86D722505D420001B0D95 /* QLLiveComponentDecorateContents.m in Sources */,
				32A86D732505D420001B0D95 /* QLLiveBaseLayout.m in Sources */,
				32A86D742505D420001B0D95 /* QLLiveListLayout.m in Sources */,
				32A86D752505D420001B0D95 /* QLLiveWaterfallLayout.m in Sources */,
				32A86D762505D420001B0D95 /* QLLiveFlexLayout.m in Sources */,
				32A86D772505D420001B0D95 /* QLLiveGridLayout.m in Sources */,
				32A86D782505D420001B0D95 /* QLLiveModuleFlowLayout.m in Sources */,
				32A86D792505D420001B0D95 /* QLLiveDecorateSectionLayoutAttributes.m in Sources */,
				32A86D7A2505D420001B0D95 /* QLLiveModuleAdapterProxy.m in Sources */,
				32A86D7B2505D420001B0D95 /* QLLiveModelEnvironment.m in Sources */,
			);
			runOnlyForDeploymentPostprocessing = 0;
		};
		32DB563524DFA63900AD669F /* Sources */ = {
			isa = PBXSourcesBuildPhase;
			buildActionMask = 2147483647;
			files = (
				32DB56A624E1495600AD669F /* QLLiveModuleDataSource.m in Sources */,
				32EC35E324F4DC9200D6D297 /* TAAnimatedDotView.m in Sources */,
				32EC35DE24F4DC9200D6D297 /* SDCycleScrollView.m in Sources */,
				32DB566824DFA98300AD669F /* NSObject+EaseRuntime.m in Sources */,
				32644D1024EB6EEC002078D2 /* DemoVideoCCell.m in Sources */,
				324C362624F3E5570037DB8F /* DemoMineCCell.m in Sources */,
				32DB56C324E1604B00AD669F /* DemoShoppingModule.m in Sources */,
				32DB565724DFA78F00AD669F /* DemoListViewController.m in Sources */,
				32DB564424DFA63900AD669F /* ViewController.m in Sources */,
				32DB56D524E1762500AD669F /* DemoContentCCell.m in Sources */,
				32DB56D224E1727800AD669F /* NSString+Common.m in Sources */,
				32DB56AE24E1495600AD669F /* QLLiveModelEnvironment.m in Sources */,
				32EC35E224F4DC9200D6D297 /* TAPageControl.m in Sources */,
				32EC35E024F4DC9200D6D297 /* SDCollectionViewCell.m in Sources */,
				323220AA24F6560F00B1EDB3 /* DemoSearchCCell.m in Sources */,
				32DB56D824E2417700AD669F /* DemoResumeModule.m in Sources */,
				32DB566224DFA91B00AD669F /* EaseAlertController.m in Sources */,
				32DB563E24DFA63900AD669F /* AppDelegate.m in Sources */,
				3248BB6C24ED252E00027973 /* QLLiveComponentDecorateContents.m in Sources */,
				32DB565F24DFA82800AD669F /* EaseRefreshProxy.m in Sources */,
				32644D0D24EB6A81002078D2 /* DemoVideoComponent.m in Sources */,
				32DB56BF24E1603000AD669F /* DemoLivingModule.m in Sources */,
				32EC35E124F4DC9200D6D297 /* TADotView.m in Sources */,
				32644D1D24ECEF47002078D2 /* DemoHuabanModule.m in Sources */,
				32644D1724ECE9DC002078D2 /* DemoSearchComponent.m in Sources */,
				324C362324F3DE7B0037DB8F /* DemoMineComponent.m in Sources */,
				32EC35E424F4DC9200D6D297 /* TAAbstractDotView.m in Sources */,
				32DB564F24DFA63D00AD669F /* main.m in Sources */,
				32DB56AA24E1495600AD669F /* QLLiveModuleFlowLayout.m in Sources */,
				3290921824E3C7E3006D60AB /* QLLiveWaterfallLayout.m in Sources */,
				32DB56CF24E171B700AD669F /* UIColor+Common.m in Sources */,
				32644D1424EBC77A002078D2 /* QLLiveDecorateSectionLayoutAttributes.m in Sources */,
				32DB56BB24E1601200AD669F /* DemoSearchModule.m in Sources */,
				3290921524E3C7C1006D60AB /* QLLiveFlexLayout.m in Sources */,
				32EC35EC24F4FC8E00D6D297 /* DemoMusicComponent.m in Sources */,
				3210653024EE4D2900C8FCB1 /* UIImage+Common.m in Sources */,
				32EC35DF24F4DC9200D6D297 /* UIView+SDExtension.m in Sources */,
				32DB56A924E1495600AD669F /* QLLiveComponent.m in Sources */,
				32DB56C724E1606500AD669F /* DemoMusicModule.m in Sources */,
				3290922524E3CD66006D60AB /* QLLiveBaseLayout.m in Sources */,
				32DB56AC24E1495600AD669F /* QLLiveModuleAdapterProxy.m in Sources */,
				32DB56A824E1495600AD669F /* QLLiveModule.m in Sources */,
				32DB566524DFA95900AD669F /* NSArray+Sugar.m in Sources */,
				32DB565B24DFA7D200AD669F /* DemoCompositeListViewController.m in Sources */,
				32DB56AD24E1495600AD669F /* QLOrthogonalScrollerEmbeddedScrollView.m in Sources */,
				32EC35EF24F4FCA400D6D297 /* DemoMusicCCell.m in Sources */,
				3290921B24E3C7F5006D60AB /* QLLiveListLayout.m in Sources */,
				32DB56B824E15FFF00AD669F /* DemoVideoModule.m in Sources */,
				3290921E24E3C805006D60AB /* QLLiveGridLayout.m in Sources */,
				32DB56CB24E166DF00AD669F /* DemoMineModule.m in Sources */,
				32EC35E724F4E2CD00D6D297 /* DemoShoppingComponent.m in Sources */,
			);
			runOnlyForDeploymentPostprocessing = 0;
		};
/* End PBXSourcesBuildPhase section */

/* Begin PBXTargetDependency section */
		32A86D212505D0E0001B0D95 /* PBXTargetDependency */ = {
			isa = PBXTargetDependency;
			target = 32A86D1A2505D0E0001B0D95 /* QLLiveModuler */;
			targetProxy = 32A86D202505D0E0001B0D95 /* PBXContainerItemProxy */;
		};
/* End PBXTargetDependency section */

/* Begin PBXVariantGroup section */
		32DB564A24DFA63D00AD669F /* LaunchScreen.storyboard */ = {
			isa = PBXVariantGroup;
			children = (
				32DB564B24DFA63D00AD669F /* Base */,
			);
			name = LaunchScreen.storyboard;
			sourceTree = "<group>";
		};
/* End PBXVariantGroup section */

/* Begin XCBuildConfiguration section */
		32A86D252505D0E0001B0D95 /* Debug */ = {
			isa = XCBuildConfiguration;
			buildSettings = {
				CODE_SIGN_STYLE = Automatic;
				CURRENT_PROJECT_VERSION = 1;
				DEFINES_MODULE = YES;
				DEVELOPMENT_TEAM = PF3BSY7RH3;
				DYLIB_COMPATIBILITY_VERSION = 1;
				DYLIB_CURRENT_VERSION = 1;
				DYLIB_INSTALL_NAME_BASE = "@rpath";
				ENABLE_BITCODE = NO;
				INFOPLIST_FILE = QLLiveModuler/Info.plist;
				INSTALL_PATH = "$(LOCAL_LIBRARY_DIR)/Frameworks";
				IPHONEOS_DEPLOYMENT_TARGET = 11.0;
				LD_RUNPATH_SEARCH_PATHS = (
					"$(inherited)",
					"@executable_path/Frameworks",
					"@loader_path/Frameworks",
				);
				PRODUCT_BUNDLE_IDENTIFIER = com.rocky.QLLiveModuler;
				PRODUCT_NAME = "$(TARGET_NAME:c99extidentifier)";
				SKIP_INSTALL = YES;
				TARGETED_DEVICE_FAMILY = "1,2";
				VERSIONING_SYSTEM = "apple-generic";
				VERSION_INFO_PREFIX = "";
			};
			name = Debug;
		};
		32A86D262505D0E0001B0D95 /* Release */ = {
			isa = XCBuildConfiguration;
			buildSettings = {
				CODE_SIGN_STYLE = Automatic;
				CURRENT_PROJECT_VERSION = 1;
				DEFINES_MODULE = YES;
				DEVELOPMENT_TEAM = PF3BSY7RH3;
				DYLIB_COMPATIBILITY_VERSION = 1;
				DYLIB_CURRENT_VERSION = 1;
				DYLIB_INSTALL_NAME_BASE = "@rpath";
				ENABLE_BITCODE = NO;
				INFOPLIST_FILE = QLLiveModuler/Info.plist;
				INSTALL_PATH = "$(LOCAL_LIBRARY_DIR)/Frameworks";
				IPHONEOS_DEPLOYMENT_TARGET = 11.0;
				LD_RUNPATH_SEARCH_PATHS = (
					"$(inherited)",
					"@executable_path/Frameworks",
					"@loader_path/Frameworks",
				);
				PRODUCT_BUNDLE_IDENTIFIER = com.rocky.QLLiveModuler;
				PRODUCT_NAME = "$(TARGET_NAME:c99extidentifier)";
				SKIP_INSTALL = YES;
				TARGETED_DEVICE_FAMILY = "1,2";
				VERSIONING_SYSTEM = "apple-generic";
				VERSION_INFO_PREFIX = "";
			};
			name = Release;
		};
		32DB565024DFA63D00AD669F /* Debug */ = {
			isa = XCBuildConfiguration;
			buildSettings = {
				ALWAYS_SEARCH_USER_PATHS = NO;
				CLANG_ANALYZER_NONNULL = YES;
				CLANG_ANALYZER_NUMBER_OBJECT_CONVERSION = YES_AGGRESSIVE;
				CLANG_CXX_LANGUAGE_STANDARD = "gnu++14";
				CLANG_CXX_LIBRARY = "libc++";
				CLANG_ENABLE_MODULES = YES;
				CLANG_ENABLE_OBJC_ARC = YES;
				CLANG_ENABLE_OBJC_WEAK = YES;
				CLANG_WARN_BLOCK_CAPTURE_AUTORELEASING = YES;
				CLANG_WARN_BOOL_CONVERSION = YES;
				CLANG_WARN_COMMA = YES;
				CLANG_WARN_CONSTANT_CONVERSION = YES;
				CLANG_WARN_DEPRECATED_OBJC_IMPLEMENTATIONS = YES;
				CLANG_WARN_DIRECT_OBJC_ISA_USAGE = YES_ERROR;
				CLANG_WARN_DOCUMENTATION_COMMENTS = YES;
				CLANG_WARN_EMPTY_BODY = YES;
				CLANG_WARN_ENUM_CONVERSION = YES;
				CLANG_WARN_INFINITE_RECURSION = YES;
				CLANG_WARN_INT_CONVERSION = YES;
				CLANG_WARN_NON_LITERAL_NULL_CONVERSION = YES;
				CLANG_WARN_OBJC_IMPLICIT_RETAIN_SELF = YES;
				CLANG_WARN_OBJC_LITERAL_CONVERSION = YES;
				CLANG_WARN_OBJC_ROOT_CLASS = YES_ERROR;
				CLANG_WARN_RANGE_LOOP_ANALYSIS = YES;
				CLANG_WARN_STRICT_PROTOTYPES = YES;
				CLANG_WARN_SUSPICIOUS_MOVE = YES;
				CLANG_WARN_UNGUARDED_AVAILABILITY = YES_AGGRESSIVE;
				CLANG_WARN_UNREACHABLE_CODE = YES;
				CLANG_WARN__DUPLICATE_METHOD_MATCH = YES;
				COPY_PHASE_STRIP = NO;
				DEBUG_INFORMATION_FORMAT = dwarf;
				ENABLE_STRICT_OBJC_MSGSEND = YES;
				ENABLE_TESTABILITY = YES;
				GCC_C_LANGUAGE_STANDARD = gnu11;
				GCC_DYNAMIC_NO_PIC = NO;
				GCC_NO_COMMON_BLOCKS = YES;
				GCC_OPTIMIZATION_LEVEL = 0;
				GCC_PREPROCESSOR_DEFINITIONS = (
					"DEBUG=1",
					"$(inherited)",
				);
				GCC_WARN_64_TO_32_BIT_CONVERSION = YES;
				GCC_WARN_ABOUT_RETURN_TYPE = YES_ERROR;
				GCC_WARN_UNDECLARED_SELECTOR = YES;
				GCC_WARN_UNINITIALIZED_AUTOS = YES_AGGRESSIVE;
				GCC_WARN_UNUSED_FUNCTION = YES;
				GCC_WARN_UNUSED_VARIABLE = YES;
				IPHONEOS_DEPLOYMENT_TARGET = 13.5;
				MTL_ENABLE_DEBUG_INFO = INCLUDE_SOURCE;
				MTL_FAST_MATH = YES;
				ONLY_ACTIVE_ARCH = YES;
				SDKROOT = iphoneos;
			};
			name = Debug;
		};
		32DB565124DFA63D00AD669F /* Release */ = {
			isa = XCBuildConfiguration;
			buildSettings = {
				ALWAYS_SEARCH_USER_PATHS = NO;
				CLANG_ANALYZER_NONNULL = YES;
				CLANG_ANALYZER_NUMBER_OBJECT_CONVERSION = YES_AGGRESSIVE;
				CLANG_CXX_LANGUAGE_STANDARD = "gnu++14";
				CLANG_CXX_LIBRARY = "libc++";
				CLANG_ENABLE_MODULES = YES;
				CLANG_ENABLE_OBJC_ARC = YES;
				CLANG_ENABLE_OBJC_WEAK = YES;
				CLANG_WARN_BLOCK_CAPTURE_AUTORELEASING = YES;
				CLANG_WARN_BOOL_CONVERSION = YES;
				CLANG_WARN_COMMA = YES;
				CLANG_WARN_CONSTANT_CONVERSION = YES;
				CLANG_WARN_DEPRECATED_OBJC_IMPLEMENTATIONS = YES;
				CLANG_WARN_DIRECT_OBJC_ISA_USAGE = YES_ERROR;
				CLANG_WARN_DOCUMENTATION_COMMENTS = YES;
				CLANG_WARN_EMPTY_BODY = YES;
				CLANG_WARN_ENUM_CONVERSION = YES;
				CLANG_WARN_INFINITE_RECURSION = YES;
				CLANG_WARN_INT_CONVERSION = YES;
				CLANG_WARN_NON_LITERAL_NULL_CONVERSION = YES;
				CLANG_WARN_OBJC_IMPLICIT_RETAIN_SELF = YES;
				CLANG_WARN_OBJC_LITERAL_CONVERSION = YES;
				CLANG_WARN_OBJC_ROOT_CLASS = YES_ERROR;
				CLANG_WARN_RANGE_LOOP_ANALYSIS = YES;
				CLANG_WARN_STRICT_PROTOTYPES = YES;
				CLANG_WARN_SUSPICIOUS_MOVE = YES;
				CLANG_WARN_UNGUARDED_AVAILABILITY = YES_AGGRESSIVE;
				CLANG_WARN_UNREACHABLE_CODE = YES;
				CLANG_WARN__DUPLICATE_METHOD_MATCH = YES;
				COPY_PHASE_STRIP = NO;
				DEBUG_INFORMATION_FORMAT = "dwarf-with-dsym";
				ENABLE_NS_ASSERTIONS = NO;
				ENABLE_STRICT_OBJC_MSGSEND = YES;
				GCC_C_LANGUAGE_STANDARD = gnu11;
				GCC_NO_COMMON_BLOCKS = YES;
				GCC_WARN_64_TO_32_BIT_CONVERSION = YES;
				GCC_WARN_ABOUT_RETURN_TYPE = YES_ERROR;
				GCC_WARN_UNDECLARED_SELECTOR = YES;
				GCC_WARN_UNINITIALIZED_AUTOS = YES_AGGRESSIVE;
				GCC_WARN_UNUSED_FUNCTION = YES;
				GCC_WARN_UNUSED_VARIABLE = YES;
				IPHONEOS_DEPLOYMENT_TARGET = 13.5;
				MTL_ENABLE_DEBUG_INFO = NO;
				MTL_FAST_MATH = YES;
				SDKROOT = iphoneos;
				VALIDATE_PRODUCT = YES;
			};
			name = Release;
		};
		32DB565324DFA63D00AD669F /* Debug */ = {
			isa = XCBuildConfiguration;
			baseConfigurationReference = F2D365873B42315CDB568B76 /* Pods-QILievModule.debug.xcconfig */;
			buildSettings = {
				ASSETCATALOG_COMPILER_APPICON_NAME = AppIcon;
				CODE_SIGN_STYLE = Automatic;
				DEVELOPMENT_TEAM = PF3BSY7RH3;
				GCC_PRECOMPILE_PREFIX_HEADER = YES;
				GCC_PREFIX_HEADER = "$(SRCROOT)/QILievModule/PrefixHeader.pch";
				INFOPLIST_FILE = QILievModule/Info.plist;
				IPHONEOS_DEPLOYMENT_TARGET = 11.0;
				LD_RUNPATH_SEARCH_PATHS = (
					"$(inherited)",
					"@executable_path/Frameworks",
				);
				PRODUCT_BUNDLE_IDENTIFIER = com.rocky.QILievModule;
				PRODUCT_NAME = "$(TARGET_NAME)";
				TARGETED_DEVICE_FAMILY = 1;
			};
			name = Debug;
		};
		32DB565424DFA63D00AD669F /* Release */ = {
			isa = XCBuildConfiguration;
			baseConfigurationReference = 1AA14438CEA24C750502FBCD /* Pods-QILievModule.release.xcconfig */;
			buildSettings = {
				ASSETCATALOG_COMPILER_APPICON_NAME = AppIcon;
				CODE_SIGN_STYLE = Automatic;
				DEVELOPMENT_TEAM = PF3BSY7RH3;
				GCC_PRECOMPILE_PREFIX_HEADER = YES;
				GCC_PREFIX_HEADER = "$(SRCROOT)/QILievModule/PrefixHeader.pch";
				INFOPLIST_FILE = QILievModule/Info.plist;
				IPHONEOS_DEPLOYMENT_TARGET = 11.0;
				LD_RUNPATH_SEARCH_PATHS = (
					"$(inherited)",
					"@executable_path/Frameworks",
				);
				PRODUCT_BUNDLE_IDENTIFIER = com.rocky.QILievModule;
				PRODUCT_NAME = "$(TARGET_NAME)";
				TARGETED_DEVICE_FAMILY = 1;
			};
			name = Release;
		};
/* End XCBuildConfiguration section */

/* Begin XCConfigurationList section */
		32A86D272505D0E0001B0D95 /* Build configuration list for PBXNativeTarget "QLLiveModuler" */ = {
			isa = XCConfigurationList;
			buildConfigurations = (
				32A86D252505D0E0001B0D95 /* Debug */,
				32A86D262505D0E0001B0D95 /* Release */,
			);
			defaultConfigurationIsVisible = 0;
			defaultConfigurationName = Release;
		};
		32DB563424DFA63900AD669F /* Build configuration list for PBXProject "QILievModule" */ = {
			isa = XCConfigurationList;
			buildConfigurations = (
				32DB565024DFA63D00AD669F /* Debug */,
				32DB565124DFA63D00AD669F /* Release */,
			);
			defaultConfigurationIsVisible = 0;
			defaultConfigurationName = Release;
		};
		32DB565224DFA63D00AD669F /* Build configuration list for PBXNativeTarget "QILievModule" */ = {
			isa = XCConfigurationList;
			buildConfigurations = (
				32DB565324DFA63D00AD669F /* Debug */,
				32DB565424DFA63D00AD669F /* Release */,
			);
			defaultConfigurationIsVisible = 0;
			defaultConfigurationName = Release;
		};
/* End XCConfigurationList section */
	};
	rootObject = 32DB563124DFA63900AD669F /* Project object */;
}
